
Microsoft Visual Studio Solution File, Format Version 12.00
# Visual Studio 15
VisualStudioVersion = 15.0.26730.16
MinimumVisualStudioVersion = 10.0.40219.1
Project("{9A19103F-16F7-4668-BE54-9A1E7A4F7556}") = "LagoVista.Client.Core", "src\LagoVista.Client.Core\LagoVista.Client.Core.csproj", "{786A2D0B-C3E4-4D7A-89C5-86EBC94E1B45}"
EndProject
Project("{2150E333-8FDC-42A3-9474-1A3956D46DE8}") = "XPlat", "XPlat", "{DE9500B4-4EE9-4E14-9EC8-FF7AF17B0776}"
EndProject
Project("{2150E333-8FDC-42A3-9474-1A3956D46DE8}") = "LagoVista.Client", "LagoVista.Client", "{28B2F139-DEC4-4A0D-91D0-09BE58A02F90}"
EndProject
Project("{FAE04EC0-301F-11D3-BF4B-00C04F79EFBC}") = "LagoVista.XPlat.Core", "src\LagoVista.XPlat.Core\LagoVista.XPlat.Core.csproj", "{D5DD4CA3-3B5C-4A0E-AA82-4CEBB9A7160D}"
EndProject
Project("{FAE04EC0-301F-11D3-BF4B-00C04F79EFBC}") = "LagoVista.XPlat.Droid", "src\LagoVista.XPlat.Droid\LagoVista.XPlat.Droid.csproj", "{8BA8D05D-8C47-429A-ABF0-A0467DE1600D}"
EndProject
Project("{9A19103F-16F7-4668-BE54-9A1E7A4F7556}") = "LagoVista.MQTT.Core", "src\LagoVista.MQTT.Core\LagoVista.MQTT.Core.csproj", "{076B08B6-234F-4AE3-8815-7E36A47F9475}"
EndProject
Project("{2150E333-8FDC-42A3-9474-1A3956D46DE8}") = "Device Manager", "Device Manager", "{8D6A3DC8-3217-4DC4-A3F8-E65FFE2C28D4}"
EndProject
Project("{2150E333-8FDC-42A3-9474-1A3956D46DE8}") = "Apps", "Apps", "{8A0FA414-785F-47E8-9425-C982122BB4B8}"
EndProject
Project("{2150E333-8FDC-42A3-9474-1A3956D46DE8}") = "Common", "Common", "{8EF3F454-C08B-4562-AB26-176C27E01288}"
EndProject
Project("{9A19103F-16F7-4668-BE54-9A1E7A4F7556}") = "LagoVista.DeviceManager.Core", "src\LagoVista.DeviceManager.Core\LagoVista.DeviceManager.Core.csproj", "{13BC3985-C830-4176-A1BB-E3253E503B45}"
EndProject
Project("{FAE04EC0-301F-11D3-BF4B-00C04F79EFBC}") = "LagoVista.DeviceManager.Android", "src\LagoVista.DeviceManager\LagoVista.DeviceManager.Android\LagoVista.DeviceManager.Android.csproj", "{E90DEDAC-C212-4872-9A2E-7A57C8701940}"
EndProject
Project("{FAE04EC0-301F-11D3-BF4B-00C04F79EFBC}") = "LagoVista.DeviceManager", "src\LagoVista.DeviceManager\LagoVista.DeviceManager\LagoVista.DeviceManager.csproj", "{4C041024-5803-456F-B635-2542ADC1BBA4}"
EndProject
Global
	GlobalSection(SolutionConfigurationPlatforms) = preSolution
		Ad-Hoc|Any CPU = Ad-Hoc|Any CPU
		Ad-Hoc|ARM = Ad-Hoc|ARM
		Ad-Hoc|iPhone = Ad-Hoc|iPhone
		Ad-Hoc|iPhoneSimulator = Ad-Hoc|iPhoneSimulator
		Ad-Hoc|x64 = Ad-Hoc|x64
		Ad-Hoc|x86 = Ad-Hoc|x86
		AppStore|Any CPU = AppStore|Any CPU
		AppStore|ARM = AppStore|ARM
		AppStore|iPhone = AppStore|iPhone
		AppStore|iPhoneSimulator = AppStore|iPhoneSimulator
		AppStore|x64 = AppStore|x64
		AppStore|x86 = AppStore|x86
		Debug|Any CPU = Debug|Any CPU
		Debug|ARM = Debug|ARM
		Debug|iPhone = Debug|iPhone
		Debug|iPhoneSimulator = Debug|iPhoneSimulator
		Debug|x64 = Debug|x64
		Debug|x86 = Debug|x86
		iOS Build|Any CPU = iOS Build|Any CPU
		iOS Build|ARM = iOS Build|ARM
		iOS Build|iPhone = iOS Build|iPhone
		iOS Build|iPhoneSimulator = iOS Build|iPhoneSimulator
		iOS Build|x64 = iOS Build|x64
		iOS Build|x86 = iOS Build|x86
		Release|Any CPU = Release|Any CPU
		Release|ARM = Release|ARM
		Release|iPhone = Release|iPhone
		Release|iPhoneSimulator = Release|iPhoneSimulator
		Release|x64 = Release|x64
		Release|x86 = Release|x86
	EndGlobalSection
	GlobalSection(ProjectConfigurationPlatforms) = postSolution
		{786A2D0B-C3E4-4D7A-89C5-86EBC94E1B45}.Ad-Hoc|Any CPU.ActiveCfg = Debug|Any CPU
		{786A2D0B-C3E4-4D7A-89C5-86EBC94E1B45}.Ad-Hoc|Any CPU.Build.0 = Debug|Any CPU
		{786A2D0B-C3E4-4D7A-89C5-86EBC94E1B45}.Ad-Hoc|ARM.ActiveCfg = Debug|Any CPU
		{786A2D0B-C3E4-4D7A-89C5-86EBC94E1B45}.Ad-Hoc|ARM.Build.0 = Debug|Any CPU
		{786A2D0B-C3E4-4D7A-89C5-86EBC94E1B45}.Ad-Hoc|iPhone.ActiveCfg = Debug|Any CPU
		{786A2D0B-C3E4-4D7A-89C5-86EBC94E1B45}.Ad-Hoc|iPhone.Build.0 = Debug|Any CPU
		{786A2D0B-C3E4-4D7A-89C5-86EBC94E1B45}.Ad-Hoc|iPhoneSimulator.ActiveCfg = Debug|Any CPU
		{786A2D0B-C3E4-4D7A-89C5-86EBC94E1B45}.Ad-Hoc|iPhoneSimulator.Build.0 = Debug|Any CPU
		{786A2D0B-C3E4-4D7A-89C5-86EBC94E1B45}.Ad-Hoc|x64.ActiveCfg = Debug|Any CPU
		{786A2D0B-C3E4-4D7A-89C5-86EBC94E1B45}.Ad-Hoc|x64.Build.0 = Debug|Any CPU
		{786A2D0B-C3E4-4D7A-89C5-86EBC94E1B45}.Ad-Hoc|x86.ActiveCfg = Debug|Any CPU
		{786A2D0B-C3E4-4D7A-89C5-86EBC94E1B45}.Ad-Hoc|x86.Build.0 = Debug|Any CPU
		{786A2D0B-C3E4-4D7A-89C5-86EBC94E1B45}.AppStore|Any CPU.ActiveCfg = Debug|Any CPU
		{786A2D0B-C3E4-4D7A-89C5-86EBC94E1B45}.AppStore|Any CPU.Build.0 = Debug|Any CPU
		{786A2D0B-C3E4-4D7A-89C5-86EBC94E1B45}.AppStore|ARM.ActiveCfg = Debug|Any CPU
		{786A2D0B-C3E4-4D7A-89C5-86EBC94E1B45}.AppStore|ARM.Build.0 = Debug|Any CPU
		{786A2D0B-C3E4-4D7A-89C5-86EBC94E1B45}.AppStore|iPhone.ActiveCfg = Debug|Any CPU
		{786A2D0B-C3E4-4D7A-89C5-86EBC94E1B45}.AppStore|iPhone.Build.0 = Debug|Any CPU
		{786A2D0B-C3E4-4D7A-89C5-86EBC94E1B45}.AppStore|iPhoneSimulator.ActiveCfg = Debug|Any CPU
		{786A2D0B-C3E4-4D7A-89C5-86EBC94E1B45}.AppStore|iPhoneSimulator.Build.0 = Debug|Any CPU
		{786A2D0B-C3E4-4D7A-89C5-86EBC94E1B45}.AppStore|x64.ActiveCfg = Debug|Any CPU
		{786A2D0B-C3E4-4D7A-89C5-86EBC94E1B45}.AppStore|x64.Build.0 = Debug|Any CPU
		{786A2D0B-C3E4-4D7A-89C5-86EBC94E1B45}.AppStore|x86.ActiveCfg = Debug|Any CPU
		{786A2D0B-C3E4-4D7A-89C5-86EBC94E1B45}.AppStore|x86.Build.0 = Debug|Any CPU
		{786A2D0B-C3E4-4D7A-89C5-86EBC94E1B45}.Debug|Any CPU.ActiveCfg = Debug|Any CPU
		{786A2D0B-C3E4-4D7A-89C5-86EBC94E1B45}.Debug|Any CPU.Build.0 = Debug|Any CPU
		{786A2D0B-C3E4-4D7A-89C5-86EBC94E1B45}.Debug|ARM.ActiveCfg = Debug|Any CPU
		{786A2D0B-C3E4-4D7A-89C5-86EBC94E1B45}.Debug|ARM.Build.0 = Debug|Any CPU
		{786A2D0B-C3E4-4D7A-89C5-86EBC94E1B45}.Debug|iPhone.ActiveCfg = Debug|Any CPU
		{786A2D0B-C3E4-4D7A-89C5-86EBC94E1B45}.Debug|iPhone.Build.0 = Debug|Any CPU
		{786A2D0B-C3E4-4D7A-89C5-86EBC94E1B45}.Debug|iPhoneSimulator.ActiveCfg = Debug|Any CPU
		{786A2D0B-C3E4-4D7A-89C5-86EBC94E1B45}.Debug|iPhoneSimulator.Build.0 = Debug|Any CPU
		{786A2D0B-C3E4-4D7A-89C5-86EBC94E1B45}.Debug|x64.ActiveCfg = Debug|Any CPU
		{786A2D0B-C3E4-4D7A-89C5-86EBC94E1B45}.Debug|x64.Build.0 = Debug|Any CPU
		{786A2D0B-C3E4-4D7A-89C5-86EBC94E1B45}.Debug|x86.ActiveCfg = Debug|Any CPU
		{786A2D0B-C3E4-4D7A-89C5-86EBC94E1B45}.Debug|x86.Build.0 = Debug|Any CPU
		{786A2D0B-C3E4-4D7A-89C5-86EBC94E1B45}.iOS Build|Any CPU.ActiveCfg = Release|Any CPU
		{786A2D0B-C3E4-4D7A-89C5-86EBC94E1B45}.iOS Build|Any CPU.Build.0 = Release|Any CPU
		{786A2D0B-C3E4-4D7A-89C5-86EBC94E1B45}.iOS Build|ARM.ActiveCfg = Release|Any CPU
		{786A2D0B-C3E4-4D7A-89C5-86EBC94E1B45}.iOS Build|ARM.Build.0 = Release|Any CPU
		{786A2D0B-C3E4-4D7A-89C5-86EBC94E1B45}.iOS Build|iPhone.ActiveCfg = Release|Any CPU
		{786A2D0B-C3E4-4D7A-89C5-86EBC94E1B45}.iOS Build|iPhone.Build.0 = Release|Any CPU
		{786A2D0B-C3E4-4D7A-89C5-86EBC94E1B45}.iOS Build|iPhoneSimulator.ActiveCfg = Release|Any CPU
		{786A2D0B-C3E4-4D7A-89C5-86EBC94E1B45}.iOS Build|iPhoneSimulator.Build.0 = Release|Any CPU
		{786A2D0B-C3E4-4D7A-89C5-86EBC94E1B45}.iOS Build|x64.ActiveCfg = Release|Any CPU
		{786A2D0B-C3E4-4D7A-89C5-86EBC94E1B45}.iOS Build|x64.Build.0 = Release|Any CPU
		{786A2D0B-C3E4-4D7A-89C5-86EBC94E1B45}.iOS Build|x86.ActiveCfg = Release|Any CPU
		{786A2D0B-C3E4-4D7A-89C5-86EBC94E1B45}.iOS Build|x86.Build.0 = Release|Any CPU
		{786A2D0B-C3E4-4D7A-89C5-86EBC94E1B45}.Release|Any CPU.ActiveCfg = Release|Any CPU
		{786A2D0B-C3E4-4D7A-89C5-86EBC94E1B45}.Release|Any CPU.Build.0 = Release|Any CPU
		{786A2D0B-C3E4-4D7A-89C5-86EBC94E1B45}.Release|ARM.ActiveCfg = Release|Any CPU
		{786A2D0B-C3E4-4D7A-89C5-86EBC94E1B45}.Release|ARM.Build.0 = Release|Any CPU
		{786A2D0B-C3E4-4D7A-89C5-86EBC94E1B45}.Release|iPhone.ActiveCfg = Release|Any CPU
		{786A2D0B-C3E4-4D7A-89C5-86EBC94E1B45}.Release|iPhone.Build.0 = Release|Any CPU
		{786A2D0B-C3E4-4D7A-89C5-86EBC94E1B45}.Release|iPhoneSimulator.ActiveCfg = Release|Any CPU
		{786A2D0B-C3E4-4D7A-89C5-86EBC94E1B45}.Release|iPhoneSimulator.Build.0 = Release|Any CPU
		{786A2D0B-C3E4-4D7A-89C5-86EBC94E1B45}.Release|x64.ActiveCfg = Release|Any CPU
		{786A2D0B-C3E4-4D7A-89C5-86EBC94E1B45}.Release|x64.Build.0 = Release|Any CPU
		{786A2D0B-C3E4-4D7A-89C5-86EBC94E1B45}.Release|x86.ActiveCfg = Release|Any CPU
		{786A2D0B-C3E4-4D7A-89C5-86EBC94E1B45}.Release|x86.Build.0 = Release|Any CPU
		{D5DD4CA3-3B5C-4A0E-AA82-4CEBB9A7160D}.Ad-Hoc|Any CPU.ActiveCfg = Release|Any CPU
		{D5DD4CA3-3B5C-4A0E-AA82-4CEBB9A7160D}.Ad-Hoc|Any CPU.Build.0 = Release|Any CPU
		{D5DD4CA3-3B5C-4A0E-AA82-4CEBB9A7160D}.Ad-Hoc|ARM.ActiveCfg = Release|Any CPU
		{D5DD4CA3-3B5C-4A0E-AA82-4CEBB9A7160D}.Ad-Hoc|ARM.Build.0 = Release|Any CPU
		{D5DD4CA3-3B5C-4A0E-AA82-4CEBB9A7160D}.Ad-Hoc|iPhone.ActiveCfg = Release|Any CPU
		{D5DD4CA3-3B5C-4A0E-AA82-4CEBB9A7160D}.Ad-Hoc|iPhone.Build.0 = Release|Any CPU
		{D5DD4CA3-3B5C-4A0E-AA82-4CEBB9A7160D}.Ad-Hoc|iPhoneSimulator.ActiveCfg = Release|Any CPU
		{D5DD4CA3-3B5C-4A0E-AA82-4CEBB9A7160D}.Ad-Hoc|iPhoneSimulator.Build.0 = Release|Any CPU
		{D5DD4CA3-3B5C-4A0E-AA82-4CEBB9A7160D}.Ad-Hoc|x64.ActiveCfg = Release|Any CPU
		{D5DD4CA3-3B5C-4A0E-AA82-4CEBB9A7160D}.Ad-Hoc|x64.Build.0 = Release|Any CPU
		{D5DD4CA3-3B5C-4A0E-AA82-4CEBB9A7160D}.Ad-Hoc|x86.ActiveCfg = Release|Any CPU
		{D5DD4CA3-3B5C-4A0E-AA82-4CEBB9A7160D}.Ad-Hoc|x86.Build.0 = Release|Any CPU
		{D5DD4CA3-3B5C-4A0E-AA82-4CEBB9A7160D}.AppStore|Any CPU.ActiveCfg = Release|Any CPU
		{D5DD4CA3-3B5C-4A0E-AA82-4CEBB9A7160D}.AppStore|Any CPU.Build.0 = Release|Any CPU
		{D5DD4CA3-3B5C-4A0E-AA82-4CEBB9A7160D}.AppStore|ARM.ActiveCfg = Release|Any CPU
		{D5DD4CA3-3B5C-4A0E-AA82-4CEBB9A7160D}.AppStore|ARM.Build.0 = Release|Any CPU
		{D5DD4CA3-3B5C-4A0E-AA82-4CEBB9A7160D}.AppStore|iPhone.ActiveCfg = Release|Any CPU
		{D5DD4CA3-3B5C-4A0E-AA82-4CEBB9A7160D}.AppStore|iPhone.Build.0 = Release|Any CPU
		{D5DD4CA3-3B5C-4A0E-AA82-4CEBB9A7160D}.AppStore|iPhoneSimulator.ActiveCfg = Release|Any CPU
		{D5DD4CA3-3B5C-4A0E-AA82-4CEBB9A7160D}.AppStore|iPhoneSimulator.Build.0 = Release|Any CPU
		{D5DD4CA3-3B5C-4A0E-AA82-4CEBB9A7160D}.AppStore|x64.ActiveCfg = Release|Any CPU
		{D5DD4CA3-3B5C-4A0E-AA82-4CEBB9A7160D}.AppStore|x64.Build.0 = Release|Any CPU
		{D5DD4CA3-3B5C-4A0E-AA82-4CEBB9A7160D}.AppStore|x86.ActiveCfg = Release|Any CPU
		{D5DD4CA3-3B5C-4A0E-AA82-4CEBB9A7160D}.AppStore|x86.Build.0 = Release|Any CPU
		{D5DD4CA3-3B5C-4A0E-AA82-4CEBB9A7160D}.Debug|Any CPU.ActiveCfg = Debug|Any CPU
		{D5DD4CA3-3B5C-4A0E-AA82-4CEBB9A7160D}.Debug|Any CPU.Build.0 = Debug|Any CPU
		{D5DD4CA3-3B5C-4A0E-AA82-4CEBB9A7160D}.Debug|ARM.ActiveCfg = Debug|Any CPU
		{D5DD4CA3-3B5C-4A0E-AA82-4CEBB9A7160D}.Debug|ARM.Build.0 = Debug|Any CPU
		{D5DD4CA3-3B5C-4A0E-AA82-4CEBB9A7160D}.Debug|iPhone.ActiveCfg = Debug|Any CPU
		{D5DD4CA3-3B5C-4A0E-AA82-4CEBB9A7160D}.Debug|iPhone.Build.0 = Debug|Any CPU
		{D5DD4CA3-3B5C-4A0E-AA82-4CEBB9A7160D}.Debug|iPhoneSimulator.ActiveCfg = Debug|Any CPU
		{D5DD4CA3-3B5C-4A0E-AA82-4CEBB9A7160D}.Debug|iPhoneSimulator.Build.0 = Debug|Any CPU
		{D5DD4CA3-3B5C-4A0E-AA82-4CEBB9A7160D}.Debug|x64.ActiveCfg = Debug|Any CPU
		{D5DD4CA3-3B5C-4A0E-AA82-4CEBB9A7160D}.Debug|x64.Build.0 = Debug|Any CPU
		{D5DD4CA3-3B5C-4A0E-AA82-4CEBB9A7160D}.Debug|x86.ActiveCfg = Debug|Any CPU
		{D5DD4CA3-3B5C-4A0E-AA82-4CEBB9A7160D}.Debug|x86.Build.0 = Debug|Any CPU
		{D5DD4CA3-3B5C-4A0E-AA82-4CEBB9A7160D}.iOS Build|Any CPU.ActiveCfg = iOS Build|Any CPU
		{D5DD4CA3-3B5C-4A0E-AA82-4CEBB9A7160D}.iOS Build|Any CPU.Build.0 = iOS Build|Any CPU
		{D5DD4CA3-3B5C-4A0E-AA82-4CEBB9A7160D}.iOS Build|ARM.ActiveCfg = iOS Build|Any CPU
		{D5DD4CA3-3B5C-4A0E-AA82-4CEBB9A7160D}.iOS Build|ARM.Build.0 = iOS Build|Any CPU
		{D5DD4CA3-3B5C-4A0E-AA82-4CEBB9A7160D}.iOS Build|iPhone.ActiveCfg = iOS Build|Any CPU
		{D5DD4CA3-3B5C-4A0E-AA82-4CEBB9A7160D}.iOS Build|iPhone.Build.0 = iOS Build|Any CPU
		{D5DD4CA3-3B5C-4A0E-AA82-4CEBB9A7160D}.iOS Build|iPhoneSimulator.ActiveCfg = iOS Build|Any CPU
		{D5DD4CA3-3B5C-4A0E-AA82-4CEBB9A7160D}.iOS Build|iPhoneSimulator.Build.0 = iOS Build|Any CPU
		{D5DD4CA3-3B5C-4A0E-AA82-4CEBB9A7160D}.iOS Build|x64.ActiveCfg = iOS Build|Any CPU
		{D5DD4CA3-3B5C-4A0E-AA82-4CEBB9A7160D}.iOS Build|x64.Build.0 = iOS Build|Any CPU
		{D5DD4CA3-3B5C-4A0E-AA82-4CEBB9A7160D}.iOS Build|x86.ActiveCfg = iOS Build|Any CPU
		{D5DD4CA3-3B5C-4A0E-AA82-4CEBB9A7160D}.iOS Build|x86.Build.0 = iOS Build|Any CPU
		{D5DD4CA3-3B5C-4A0E-AA82-4CEBB9A7160D}.Release|Any CPU.ActiveCfg = Release|Any CPU
		{D5DD4CA3-3B5C-4A0E-AA82-4CEBB9A7160D}.Release|Any CPU.Build.0 = Release|Any CPU
		{D5DD4CA3-3B5C-4A0E-AA82-4CEBB9A7160D}.Release|ARM.ActiveCfg = Release|Any CPU
		{D5DD4CA3-3B5C-4A0E-AA82-4CEBB9A7160D}.Release|ARM.Build.0 = Release|Any CPU
		{D5DD4CA3-3B5C-4A0E-AA82-4CEBB9A7160D}.Release|iPhone.ActiveCfg = Release|Any CPU
		{D5DD4CA3-3B5C-4A0E-AA82-4CEBB9A7160D}.Release|iPhone.Build.0 = Release|Any CPU
		{D5DD4CA3-3B5C-4A0E-AA82-4CEBB9A7160D}.Release|iPhoneSimulator.ActiveCfg = Release|Any CPU
		{D5DD4CA3-3B5C-4A0E-AA82-4CEBB9A7160D}.Release|iPhoneSimulator.Build.0 = Release|Any CPU
		{D5DD4CA3-3B5C-4A0E-AA82-4CEBB9A7160D}.Release|x64.ActiveCfg = Release|Any CPU
		{D5DD4CA3-3B5C-4A0E-AA82-4CEBB9A7160D}.Release|x64.Build.0 = Release|Any CPU
		{D5DD4CA3-3B5C-4A0E-AA82-4CEBB9A7160D}.Release|x86.ActiveCfg = Release|Any CPU
		{D5DD4CA3-3B5C-4A0E-AA82-4CEBB9A7160D}.Release|x86.Build.0 = Release|Any CPU
		{8BA8D05D-8C47-429A-ABF0-A0467DE1600D}.Ad-Hoc|Any CPU.ActiveCfg = Release|Any CPU
		{8BA8D05D-8C47-429A-ABF0-A0467DE1600D}.Ad-Hoc|Any CPU.Build.0 = Release|Any CPU
		{8BA8D05D-8C47-429A-ABF0-A0467DE1600D}.Ad-Hoc|ARM.ActiveCfg = Release|Any CPU
		{8BA8D05D-8C47-429A-ABF0-A0467DE1600D}.Ad-Hoc|ARM.Build.0 = Release|Any CPU
		{8BA8D05D-8C47-429A-ABF0-A0467DE1600D}.Ad-Hoc|iPhone.ActiveCfg = Release|Any CPU
		{8BA8D05D-8C47-429A-ABF0-A0467DE1600D}.Ad-Hoc|iPhone.Build.0 = Release|Any CPU
		{8BA8D05D-8C47-429A-ABF0-A0467DE1600D}.Ad-Hoc|iPhoneSimulator.ActiveCfg = Release|Any CPU
		{8BA8D05D-8C47-429A-ABF0-A0467DE1600D}.Ad-Hoc|iPhoneSimulator.Build.0 = Release|Any CPU
		{8BA8D05D-8C47-429A-ABF0-A0467DE1600D}.Ad-Hoc|x64.ActiveCfg = Release|Any CPU
		{8BA8D05D-8C47-429A-ABF0-A0467DE1600D}.Ad-Hoc|x64.Build.0 = Release|Any CPU
		{8BA8D05D-8C47-429A-ABF0-A0467DE1600D}.Ad-Hoc|x86.ActiveCfg = Release|Any CPU
		{8BA8D05D-8C47-429A-ABF0-A0467DE1600D}.Ad-Hoc|x86.Build.0 = Release|Any CPU
		{8BA8D05D-8C47-429A-ABF0-A0467DE1600D}.AppStore|Any CPU.ActiveCfg = Release|Any CPU
		{8BA8D05D-8C47-429A-ABF0-A0467DE1600D}.AppStore|Any CPU.Build.0 = Release|Any CPU
		{8BA8D05D-8C47-429A-ABF0-A0467DE1600D}.AppStore|ARM.ActiveCfg = Release|Any CPU
		{8BA8D05D-8C47-429A-ABF0-A0467DE1600D}.AppStore|ARM.Build.0 = Release|Any CPU
		{8BA8D05D-8C47-429A-ABF0-A0467DE1600D}.AppStore|iPhone.ActiveCfg = Release|Any CPU
		{8BA8D05D-8C47-429A-ABF0-A0467DE1600D}.AppStore|iPhone.Build.0 = Release|Any CPU
		{8BA8D05D-8C47-429A-ABF0-A0467DE1600D}.AppStore|iPhoneSimulator.ActiveCfg = Release|Any CPU
		{8BA8D05D-8C47-429A-ABF0-A0467DE1600D}.AppStore|iPhoneSimulator.Build.0 = Release|Any CPU
		{8BA8D05D-8C47-429A-ABF0-A0467DE1600D}.AppStore|x64.ActiveCfg = Release|Any CPU
		{8BA8D05D-8C47-429A-ABF0-A0467DE1600D}.AppStore|x64.Build.0 = Release|Any CPU
		{8BA8D05D-8C47-429A-ABF0-A0467DE1600D}.AppStore|x86.ActiveCfg = Release|Any CPU
		{8BA8D05D-8C47-429A-ABF0-A0467DE1600D}.AppStore|x86.Build.0 = Release|Any CPU
		{8BA8D05D-8C47-429A-ABF0-A0467DE1600D}.Debug|Any CPU.ActiveCfg = Debug|Any CPU
		{8BA8D05D-8C47-429A-ABF0-A0467DE1600D}.Debug|Any CPU.Build.0 = Debug|Any CPU
		{8BA8D05D-8C47-429A-ABF0-A0467DE1600D}.Debug|ARM.ActiveCfg = Debug|Any CPU
		{8BA8D05D-8C47-429A-ABF0-A0467DE1600D}.Debug|ARM.Build.0 = Debug|Any CPU
		{8BA8D05D-8C47-429A-ABF0-A0467DE1600D}.Debug|iPhone.ActiveCfg = Debug|Any CPU
		{8BA8D05D-8C47-429A-ABF0-A0467DE1600D}.Debug|iPhone.Build.0 = Debug|Any CPU
		{8BA8D05D-8C47-429A-ABF0-A0467DE1600D}.Debug|iPhoneSimulator.ActiveCfg = Debug|Any CPU
		{8BA8D05D-8C47-429A-ABF0-A0467DE1600D}.Debug|iPhoneSimulator.Build.0 = Debug|Any CPU
		{8BA8D05D-8C47-429A-ABF0-A0467DE1600D}.Debug|x64.ActiveCfg = Debug|Any CPU
		{8BA8D05D-8C47-429A-ABF0-A0467DE1600D}.Debug|x86.ActiveCfg = Debug|Any CPU
		{8BA8D05D-8C47-429A-ABF0-A0467DE1600D}.Debug|x86.Build.0 = Debug|Any CPU
		{8BA8D05D-8C47-429A-ABF0-A0467DE1600D}.iOS Build|Any CPU.ActiveCfg = iOS Build|Any CPU
		{8BA8D05D-8C47-429A-ABF0-A0467DE1600D}.iOS Build|ARM.ActiveCfg = iOS Build|Any CPU
		{8BA8D05D-8C47-429A-ABF0-A0467DE1600D}.iOS Build|ARM.Build.0 = iOS Build|Any CPU
		{8BA8D05D-8C47-429A-ABF0-A0467DE1600D}.iOS Build|iPhone.ActiveCfg = iOS Build|Any CPU
		{8BA8D05D-8C47-429A-ABF0-A0467DE1600D}.iOS Build|iPhone.Build.0 = iOS Build|Any CPU
		{8BA8D05D-8C47-429A-ABF0-A0467DE1600D}.iOS Build|iPhoneSimulator.ActiveCfg = iOS Build|Any CPU
		{8BA8D05D-8C47-429A-ABF0-A0467DE1600D}.iOS Build|iPhoneSimulator.Build.0 = iOS Build|Any CPU
		{8BA8D05D-8C47-429A-ABF0-A0467DE1600D}.iOS Build|x64.ActiveCfg = iOS Build|Any CPU
		{8BA8D05D-8C47-429A-ABF0-A0467DE1600D}.iOS Build|x64.Build.0 = iOS Build|Any CPU
		{8BA8D05D-8C47-429A-ABF0-A0467DE1600D}.iOS Build|x86.ActiveCfg = iOS Build|Any CPU
		{8BA8D05D-8C47-429A-ABF0-A0467DE1600D}.iOS Build|x86.Build.0 = iOS Build|Any CPU
		{8BA8D05D-8C47-429A-ABF0-A0467DE1600D}.Release|Any CPU.ActiveCfg = Release|Any CPU
		{8BA8D05D-8C47-429A-ABF0-A0467DE1600D}.Release|Any CPU.Build.0 = Release|Any CPU
		{8BA8D05D-8C47-429A-ABF0-A0467DE1600D}.Release|ARM.ActiveCfg = Release|Any CPU
		{8BA8D05D-8C47-429A-ABF0-A0467DE1600D}.Release|ARM.Build.0 = Release|Any CPU
		{8BA8D05D-8C47-429A-ABF0-A0467DE1600D}.Release|iPhone.ActiveCfg = Release|Any CPU
		{8BA8D05D-8C47-429A-ABF0-A0467DE1600D}.Release|iPhone.Build.0 = Release|Any CPU
		{8BA8D05D-8C47-429A-ABF0-A0467DE1600D}.Release|iPhoneSimulator.ActiveCfg = Release|Any CPU
		{8BA8D05D-8C47-429A-ABF0-A0467DE1600D}.Release|iPhoneSimulator.Build.0 = Release|Any CPU
		{8BA8D05D-8C47-429A-ABF0-A0467DE1600D}.Release|x64.ActiveCfg = Release|Any CPU
		{8BA8D05D-8C47-429A-ABF0-A0467DE1600D}.Release|x64.Build.0 = Release|Any CPU
		{8BA8D05D-8C47-429A-ABF0-A0467DE1600D}.Release|x86.ActiveCfg = Release|Any CPU
		{8BA8D05D-8C47-429A-ABF0-A0467DE1600D}.Release|x86.Build.0 = Release|Any CPU
		{076B08B6-234F-4AE3-8815-7E36A47F9475}.Ad-Hoc|Any CPU.ActiveCfg = Debug|Any CPU
		{076B08B6-234F-4AE3-8815-7E36A47F9475}.Ad-Hoc|Any CPU.Build.0 = Debug|Any CPU
		{076B08B6-234F-4AE3-8815-7E36A47F9475}.Ad-Hoc|ARM.ActiveCfg = Debug|Any CPU
		{076B08B6-234F-4AE3-8815-7E36A47F9475}.Ad-Hoc|ARM.Build.0 = Debug|Any CPU
		{076B08B6-234F-4AE3-8815-7E36A47F9475}.Ad-Hoc|iPhone.ActiveCfg = Debug|Any CPU
		{076B08B6-234F-4AE3-8815-7E36A47F9475}.Ad-Hoc|iPhone.Build.0 = Debug|Any CPU
		{076B08B6-234F-4AE3-8815-7E36A47F9475}.Ad-Hoc|iPhoneSimulator.ActiveCfg = Debug|Any CPU
		{076B08B6-234F-4AE3-8815-7E36A47F9475}.Ad-Hoc|iPhoneSimulator.Build.0 = Debug|Any CPU
		{076B08B6-234F-4AE3-8815-7E36A47F9475}.Ad-Hoc|x64.ActiveCfg = Debug|Any CPU
		{076B08B6-234F-4AE3-8815-7E36A47F9475}.Ad-Hoc|x64.Build.0 = Debug|Any CPU
		{076B08B6-234F-4AE3-8815-7E36A47F9475}.Ad-Hoc|x86.ActiveCfg = Debug|Any CPU
		{076B08B6-234F-4AE3-8815-7E36A47F9475}.Ad-Hoc|x86.Build.0 = Debug|Any CPU
		{076B08B6-234F-4AE3-8815-7E36A47F9475}.AppStore|Any CPU.ActiveCfg = Debug|Any CPU
		{076B08B6-234F-4AE3-8815-7E36A47F9475}.AppStore|Any CPU.Build.0 = Debug|Any CPU
		{076B08B6-234F-4AE3-8815-7E36A47F9475}.AppStore|ARM.ActiveCfg = Debug|Any CPU
		{076B08B6-234F-4AE3-8815-7E36A47F9475}.AppStore|ARM.Build.0 = Debug|Any CPU
		{076B08B6-234F-4AE3-8815-7E36A47F9475}.AppStore|iPhone.ActiveCfg = Debug|Any CPU
		{076B08B6-234F-4AE3-8815-7E36A47F9475}.AppStore|iPhone.Build.0 = Debug|Any CPU
		{076B08B6-234F-4AE3-8815-7E36A47F9475}.AppStore|iPhoneSimulator.ActiveCfg = Debug|Any CPU
		{076B08B6-234F-4AE3-8815-7E36A47F9475}.AppStore|iPhoneSimulator.Build.0 = Debug|Any CPU
		{076B08B6-234F-4AE3-8815-7E36A47F9475}.AppStore|x64.ActiveCfg = Debug|Any CPU
		{076B08B6-234F-4AE3-8815-7E36A47F9475}.AppStore|x64.Build.0 = Debug|Any CPU
		{076B08B6-234F-4AE3-8815-7E36A47F9475}.AppStore|x86.ActiveCfg = Debug|Any CPU
		{076B08B6-234F-4AE3-8815-7E36A47F9475}.AppStore|x86.Build.0 = Debug|Any CPU
		{076B08B6-234F-4AE3-8815-7E36A47F9475}.Debug|Any CPU.ActiveCfg = Debug|Any CPU
		{076B08B6-234F-4AE3-8815-7E36A47F9475}.Debug|Any CPU.Build.0 = Debug|Any CPU
		{076B08B6-234F-4AE3-8815-7E36A47F9475}.Debug|ARM.ActiveCfg = Debug|Any CPU
		{076B08B6-234F-4AE3-8815-7E36A47F9475}.Debug|ARM.Build.0 = Debug|Any CPU
		{076B08B6-234F-4AE3-8815-7E36A47F9475}.Debug|iPhone.ActiveCfg = Debug|Any CPU
		{076B08B6-234F-4AE3-8815-7E36A47F9475}.Debug|iPhone.Build.0 = Debug|Any CPU
		{076B08B6-234F-4AE3-8815-7E36A47F9475}.Debug|iPhoneSimulator.ActiveCfg = Debug|Any CPU
		{076B08B6-234F-4AE3-8815-7E36A47F9475}.Debug|iPhoneSimulator.Build.0 = Debug|Any CPU
		{076B08B6-234F-4AE3-8815-7E36A47F9475}.Debug|x64.ActiveCfg = Debug|Any CPU
		{076B08B6-234F-4AE3-8815-7E36A47F9475}.Debug|x64.Build.0 = Debug|Any CPU
		{076B08B6-234F-4AE3-8815-7E36A47F9475}.Debug|x86.ActiveCfg = Debug|Any CPU
		{076B08B6-234F-4AE3-8815-7E36A47F9475}.Debug|x86.Build.0 = Debug|Any CPU
		{076B08B6-234F-4AE3-8815-7E36A47F9475}.iOS Build|Any CPU.ActiveCfg = Release|Any CPU
		{076B08B6-234F-4AE3-8815-7E36A47F9475}.iOS Build|Any CPU.Build.0 = Release|Any CPU
		{076B08B6-234F-4AE3-8815-7E36A47F9475}.iOS Build|ARM.ActiveCfg = Release|Any CPU
		{076B08B6-234F-4AE3-8815-7E36A47F9475}.iOS Build|ARM.Build.0 = Release|Any CPU
		{076B08B6-234F-4AE3-8815-7E36A47F9475}.iOS Build|iPhone.ActiveCfg = Release|Any CPU
		{076B08B6-234F-4AE3-8815-7E36A47F9475}.iOS Build|iPhone.Build.0 = Release|Any CPU
		{076B08B6-234F-4AE3-8815-7E36A47F9475}.iOS Build|iPhoneSimulator.ActiveCfg = Release|Any CPU
		{076B08B6-234F-4AE3-8815-7E36A47F9475}.iOS Build|iPhoneSimulator.Build.0 = Release|Any CPU
		{076B08B6-234F-4AE3-8815-7E36A47F9475}.iOS Build|x64.ActiveCfg = Release|Any CPU
		{076B08B6-234F-4AE3-8815-7E36A47F9475}.iOS Build|x64.Build.0 = Release|Any CPU
		{076B08B6-234F-4AE3-8815-7E36A47F9475}.iOS Build|x86.ActiveCfg = Release|Any CPU
		{076B08B6-234F-4AE3-8815-7E36A47F9475}.iOS Build|x86.Build.0 = Release|Any CPU
		{076B08B6-234F-4AE3-8815-7E36A47F9475}.Release|Any CPU.ActiveCfg = Release|Any CPU
		{076B08B6-234F-4AE3-8815-7E36A47F9475}.Release|Any CPU.Build.0 = Release|Any CPU
		{076B08B6-234F-4AE3-8815-7E36A47F9475}.Release|ARM.ActiveCfg = Release|Any CPU
		{076B08B6-234F-4AE3-8815-7E36A47F9475}.Release|ARM.Build.0 = Release|Any CPU
		{076B08B6-234F-4AE3-8815-7E36A47F9475}.Release|iPhone.ActiveCfg = Release|Any CPU
		{076B08B6-234F-4AE3-8815-7E36A47F9475}.Release|iPhone.Build.0 = Release|Any CPU
		{076B08B6-234F-4AE3-8815-7E36A47F9475}.Release|iPhoneSimulator.ActiveCfg = Release|Any CPU
		{076B08B6-234F-4AE3-8815-7E36A47F9475}.Release|iPhoneSimulator.Build.0 = Release|Any CPU
		{076B08B6-234F-4AE3-8815-7E36A47F9475}.Release|x64.ActiveCfg = Release|Any CPU
		{076B08B6-234F-4AE3-8815-7E36A47F9475}.Release|x64.Build.0 = Release|Any CPU
		{076B08B6-234F-4AE3-8815-7E36A47F9475}.Release|x86.ActiveCfg = Release|Any CPU
		{076B08B6-234F-4AE3-8815-7E36A47F9475}.Release|x86.Build.0 = Release|Any CPU
		{13BC3985-C830-4176-A1BB-E3253E503B45}.Ad-Hoc|Any CPU.ActiveCfg = Debug|Any CPU
		{13BC3985-C830-4176-A1BB-E3253E503B45}.Ad-Hoc|Any CPU.Build.0 = Debug|Any CPU
		{13BC3985-C830-4176-A1BB-E3253E503B45}.Ad-Hoc|ARM.ActiveCfg = Debug|Any CPU
		{13BC3985-C830-4176-A1BB-E3253E503B45}.Ad-Hoc|ARM.Build.0 = Debug|Any CPU
		{13BC3985-C830-4176-A1BB-E3253E503B45}.Ad-Hoc|iPhone.ActiveCfg = Debug|Any CPU
		{13BC3985-C830-4176-A1BB-E3253E503B45}.Ad-Hoc|iPhone.Build.0 = Debug|Any CPU
		{13BC3985-C830-4176-A1BB-E3253E503B45}.Ad-Hoc|iPhoneSimulator.ActiveCfg = Debug|Any CPU
		{13BC3985-C830-4176-A1BB-E3253E503B45}.Ad-Hoc|iPhoneSimulator.Build.0 = Debug|Any CPU
		{13BC3985-C830-4176-A1BB-E3253E503B45}.Ad-Hoc|x64.ActiveCfg = Debug|Any CPU
		{13BC3985-C830-4176-A1BB-E3253E503B45}.Ad-Hoc|x64.Build.0 = Debug|Any CPU
		{13BC3985-C830-4176-A1BB-E3253E503B45}.Ad-Hoc|x86.ActiveCfg = Debug|Any CPU
		{13BC3985-C830-4176-A1BB-E3253E503B45}.Ad-Hoc|x86.Build.0 = Debug|Any CPU
		{13BC3985-C830-4176-A1BB-E3253E503B45}.AppStore|Any CPU.ActiveCfg = Debug|Any CPU
		{13BC3985-C830-4176-A1BB-E3253E503B45}.AppStore|Any CPU.Build.0 = Debug|Any CPU
		{13BC3985-C830-4176-A1BB-E3253E503B45}.AppStore|ARM.ActiveCfg = Debug|Any CPU
		{13BC3985-C830-4176-A1BB-E3253E503B45}.AppStore|ARM.Build.0 = Debug|Any CPU
		{13BC3985-C830-4176-A1BB-E3253E503B45}.AppStore|iPhone.ActiveCfg = Debug|Any CPU
		{13BC3985-C830-4176-A1BB-E3253E503B45}.AppStore|iPhone.Build.0 = Debug|Any CPU
		{13BC3985-C830-4176-A1BB-E3253E503B45}.AppStore|iPhoneSimulator.ActiveCfg = Debug|Any CPU
		{13BC3985-C830-4176-A1BB-E3253E503B45}.AppStore|iPhoneSimulator.Build.0 = Debug|Any CPU
		{13BC3985-C830-4176-A1BB-E3253E503B45}.AppStore|x64.ActiveCfg = Debug|Any CPU
		{13BC3985-C830-4176-A1BB-E3253E503B45}.AppStore|x64.Build.0 = Debug|Any CPU
		{13BC3985-C830-4176-A1BB-E3253E503B45}.AppStore|x86.ActiveCfg = Debug|Any CPU
		{13BC3985-C830-4176-A1BB-E3253E503B45}.AppStore|x86.Build.0 = Debug|Any CPU
		{13BC3985-C830-4176-A1BB-E3253E503B45}.Debug|Any CPU.ActiveCfg = Debug|Any CPU
		{13BC3985-C830-4176-A1BB-E3253E503B45}.Debug|Any CPU.Build.0 = Debug|Any CPU
		{13BC3985-C830-4176-A1BB-E3253E503B45}.Debug|ARM.ActiveCfg = Debug|Any CPU
		{13BC3985-C830-4176-A1BB-E3253E503B45}.Debug|ARM.Build.0 = Debug|Any CPU
		{13BC3985-C830-4176-A1BB-E3253E503B45}.Debug|iPhone.ActiveCfg = Debug|Any CPU
		{13BC3985-C830-4176-A1BB-E3253E503B45}.Debug|iPhone.Build.0 = Debug|Any CPU
		{13BC3985-C830-4176-A1BB-E3253E503B45}.Debug|iPhoneSimulator.ActiveCfg = Debug|Any CPU
		{13BC3985-C830-4176-A1BB-E3253E503B45}.Debug|iPhoneSimulator.Build.0 = Debug|Any CPU
		{13BC3985-C830-4176-A1BB-E3253E503B45}.Debug|x64.ActiveCfg = Debug|Any CPU
		{13BC3985-C830-4176-A1BB-E3253E503B45}.Debug|x64.Build.0 = Debug|Any CPU
		{13BC3985-C830-4176-A1BB-E3253E503B45}.Debug|x86.ActiveCfg = Debug|Any CPU
		{13BC3985-C830-4176-A1BB-E3253E503B45}.Debug|x86.Build.0 = Debug|Any CPU
		{13BC3985-C830-4176-A1BB-E3253E503B45}.iOS Build|Any CPU.ActiveCfg = Debug|Any CPU
		{13BC3985-C830-4176-A1BB-E3253E503B45}.iOS Build|Any CPU.Build.0 = Debug|Any CPU
		{13BC3985-C830-4176-A1BB-E3253E503B45}.iOS Build|ARM.ActiveCfg = Debug|Any CPU
		{13BC3985-C830-4176-A1BB-E3253E503B45}.iOS Build|ARM.Build.0 = Debug|Any CPU
		{13BC3985-C830-4176-A1BB-E3253E503B45}.iOS Build|iPhone.ActiveCfg = Debug|Any CPU
		{13BC3985-C830-4176-A1BB-E3253E503B45}.iOS Build|iPhone.Build.0 = Debug|Any CPU
		{13BC3985-C830-4176-A1BB-E3253E503B45}.iOS Build|iPhoneSimulator.ActiveCfg = Debug|Any CPU
		{13BC3985-C830-4176-A1BB-E3253E503B45}.iOS Build|iPhoneSimulator.Build.0 = Debug|Any CPU
		{13BC3985-C830-4176-A1BB-E3253E503B45}.iOS Build|x64.ActiveCfg = Debug|Any CPU
		{13BC3985-C830-4176-A1BB-E3253E503B45}.iOS Build|x64.Build.0 = Debug|Any CPU
		{13BC3985-C830-4176-A1BB-E3253E503B45}.iOS Build|x86.ActiveCfg = Debug|Any CPU
		{13BC3985-C830-4176-A1BB-E3253E503B45}.iOS Build|x86.Build.0 = Debug|Any CPU
		{13BC3985-C830-4176-A1BB-E3253E503B45}.Release|Any CPU.ActiveCfg = Release|Any CPU
		{13BC3985-C830-4176-A1BB-E3253E503B45}.Release|Any CPU.Build.0 = Release|Any CPU
		{13BC3985-C830-4176-A1BB-E3253E503B45}.Release|ARM.ActiveCfg = Release|Any CPU
		{13BC3985-C830-4176-A1BB-E3253E503B45}.Release|ARM.Build.0 = Release|Any CPU
		{13BC3985-C830-4176-A1BB-E3253E503B45}.Release|iPhone.ActiveCfg = Release|Any CPU
		{13BC3985-C830-4176-A1BB-E3253E503B45}.Release|iPhone.Build.0 = Release|Any CPU
		{13BC3985-C830-4176-A1BB-E3253E503B45}.Release|iPhoneSimulator.ActiveCfg = Release|Any CPU
		{13BC3985-C830-4176-A1BB-E3253E503B45}.Release|iPhoneSimulator.Build.0 = Release|Any CPU
		{13BC3985-C830-4176-A1BB-E3253E503B45}.Release|x64.ActiveCfg = Release|Any CPU
		{13BC3985-C830-4176-A1BB-E3253E503B45}.Release|x64.Build.0 = Release|Any CPU
		{13BC3985-C830-4176-A1BB-E3253E503B45}.Release|x86.ActiveCfg = Release|Any CPU
		{13BC3985-C830-4176-A1BB-E3253E503B45}.Release|x86.Build.0 = Release|Any CPU
		{E90DEDAC-C212-4872-9A2E-7A57C8701940}.Ad-Hoc|Any CPU.ActiveCfg = Release|Any CPU
		{E90DEDAC-C212-4872-9A2E-7A57C8701940}.Ad-Hoc|Any CPU.Build.0 = Release|Any CPU
		{E90DEDAC-C212-4872-9A2E-7A57C8701940}.Ad-Hoc|Any CPU.Deploy.0 = Release|Any CPU
		{E90DEDAC-C212-4872-9A2E-7A57C8701940}.Ad-Hoc|ARM.ActiveCfg = Release|Any CPU
		{E90DEDAC-C212-4872-9A2E-7A57C8701940}.Ad-Hoc|ARM.Build.0 = Release|Any CPU
		{E90DEDAC-C212-4872-9A2E-7A57C8701940}.Ad-Hoc|ARM.Deploy.0 = Release|Any CPU
		{E90DEDAC-C212-4872-9A2E-7A57C8701940}.Ad-Hoc|iPhone.ActiveCfg = Release|Any CPU
		{E90DEDAC-C212-4872-9A2E-7A57C8701940}.Ad-Hoc|iPhone.Build.0 = Release|Any CPU
		{E90DEDAC-C212-4872-9A2E-7A57C8701940}.Ad-Hoc|iPhone.Deploy.0 = Release|Any CPU
		{E90DEDAC-C212-4872-9A2E-7A57C8701940}.Ad-Hoc|iPhoneSimulator.ActiveCfg = Release|Any CPU
		{E90DEDAC-C212-4872-9A2E-7A57C8701940}.Ad-Hoc|iPhoneSimulator.Build.0 = Release|Any CPU
		{E90DEDAC-C212-4872-9A2E-7A57C8701940}.Ad-Hoc|iPhoneSimulator.Deploy.0 = Release|Any CPU
		{E90DEDAC-C212-4872-9A2E-7A57C8701940}.Ad-Hoc|x64.ActiveCfg = Release|Any CPU
		{E90DEDAC-C212-4872-9A2E-7A57C8701940}.Ad-Hoc|x64.Build.0 = Release|Any CPU
		{E90DEDAC-C212-4872-9A2E-7A57C8701940}.Ad-Hoc|x64.Deploy.0 = Release|Any CPU
		{E90DEDAC-C212-4872-9A2E-7A57C8701940}.Ad-Hoc|x86.ActiveCfg = Release|Any CPU
		{E90DEDAC-C212-4872-9A2E-7A57C8701940}.Ad-Hoc|x86.Build.0 = Release|Any CPU
		{E90DEDAC-C212-4872-9A2E-7A57C8701940}.Ad-Hoc|x86.Deploy.0 = Release|Any CPU
		{E90DEDAC-C212-4872-9A2E-7A57C8701940}.AppStore|Any CPU.ActiveCfg = Release|Any CPU
		{E90DEDAC-C212-4872-9A2E-7A57C8701940}.AppStore|Any CPU.Build.0 = Release|Any CPU
		{E90DEDAC-C212-4872-9A2E-7A57C8701940}.AppStore|Any CPU.Deploy.0 = Release|Any CPU
		{E90DEDAC-C212-4872-9A2E-7A57C8701940}.AppStore|ARM.ActiveCfg = Release|Any CPU
		{E90DEDAC-C212-4872-9A2E-7A57C8701940}.AppStore|ARM.Build.0 = Release|Any CPU
		{E90DEDAC-C212-4872-9A2E-7A57C8701940}.AppStore|ARM.Deploy.0 = Release|Any CPU
		{E90DEDAC-C212-4872-9A2E-7A57C8701940}.AppStore|iPhone.ActiveCfg = Release|Any CPU
		{E90DEDAC-C212-4872-9A2E-7A57C8701940}.AppStore|iPhone.Build.0 = Release|Any CPU
		{E90DEDAC-C212-4872-9A2E-7A57C8701940}.AppStore|iPhone.Deploy.0 = Release|Any CPU
		{E90DEDAC-C212-4872-9A2E-7A57C8701940}.AppStore|iPhoneSimulator.ActiveCfg = Release|Any CPU
		{E90DEDAC-C212-4872-9A2E-7A57C8701940}.AppStore|iPhoneSimulator.Build.0 = Release|Any CPU
		{E90DEDAC-C212-4872-9A2E-7A57C8701940}.AppStore|iPhoneSimulator.Deploy.0 = Release|Any CPU
		{E90DEDAC-C212-4872-9A2E-7A57C8701940}.AppStore|x64.ActiveCfg = Release|Any CPU
		{E90DEDAC-C212-4872-9A2E-7A57C8701940}.AppStore|x64.Build.0 = Release|Any CPU
		{E90DEDAC-C212-4872-9A2E-7A57C8701940}.AppStore|x64.Deploy.0 = Release|Any CPU
		{E90DEDAC-C212-4872-9A2E-7A57C8701940}.AppStore|x86.ActiveCfg = Release|Any CPU
		{E90DEDAC-C212-4872-9A2E-7A57C8701940}.AppStore|x86.Build.0 = Release|Any CPU
		{E90DEDAC-C212-4872-9A2E-7A57C8701940}.AppStore|x86.Deploy.0 = Release|Any CPU
		{E90DEDAC-C212-4872-9A2E-7A57C8701940}.Debug|Any CPU.ActiveCfg = Debug|Any CPU
		{E90DEDAC-C212-4872-9A2E-7A57C8701940}.Debug|Any CPU.Build.0 = Debug|Any CPU
		{E90DEDAC-C212-4872-9A2E-7A57C8701940}.Debug|Any CPU.Deploy.0 = Debug|Any CPU
		{E90DEDAC-C212-4872-9A2E-7A57C8701940}.Debug|ARM.ActiveCfg = Debug|Any CPU
		{E90DEDAC-C212-4872-9A2E-7A57C8701940}.Debug|ARM.Build.0 = Debug|Any CPU
		{E90DEDAC-C212-4872-9A2E-7A57C8701940}.Debug|ARM.Deploy.0 = Debug|Any CPU
		{E90DEDAC-C212-4872-9A2E-7A57C8701940}.Debug|iPhone.ActiveCfg = Debug|Any CPU
		{E90DEDAC-C212-4872-9A2E-7A57C8701940}.Debug|iPhone.Build.0 = Debug|Any CPU
		{E90DEDAC-C212-4872-9A2E-7A57C8701940}.Debug|iPhone.Deploy.0 = Debug|Any CPU
		{E90DEDAC-C212-4872-9A2E-7A57C8701940}.Debug|iPhoneSimulator.ActiveCfg = Debug|Any CPU
		{E90DEDAC-C212-4872-9A2E-7A57C8701940}.Debug|iPhoneSimulator.Build.0 = Debug|Any CPU
		{E90DEDAC-C212-4872-9A2E-7A57C8701940}.Debug|iPhoneSimulator.Deploy.0 = Debug|Any CPU
		{E90DEDAC-C212-4872-9A2E-7A57C8701940}.Debug|x64.ActiveCfg = Debug|Any CPU
		{E90DEDAC-C212-4872-9A2E-7A57C8701940}.Debug|x64.Build.0 = Debug|Any CPU
		{E90DEDAC-C212-4872-9A2E-7A57C8701940}.Debug|x64.Deploy.0 = Debug|Any CPU
		{E90DEDAC-C212-4872-9A2E-7A57C8701940}.Debug|x86.ActiveCfg = Debug|Any CPU
		{E90DEDAC-C212-4872-9A2E-7A57C8701940}.Debug|x86.Build.0 = Debug|Any CPU
		{E90DEDAC-C212-4872-9A2E-7A57C8701940}.Debug|x86.Deploy.0 = Debug|Any CPU
		{E90DEDAC-C212-4872-9A2E-7A57C8701940}.iOS Build|Any CPU.ActiveCfg = Release|Any CPU
		{E90DEDAC-C212-4872-9A2E-7A57C8701940}.iOS Build|Any CPU.Build.0 = Release|Any CPU
		{E90DEDAC-C212-4872-9A2E-7A57C8701940}.iOS Build|Any CPU.Deploy.0 = Release|Any CPU
		{E90DEDAC-C212-4872-9A2E-7A57C8701940}.iOS Build|ARM.ActiveCfg = Release|Any CPU
		{E90DEDAC-C212-4872-9A2E-7A57C8701940}.iOS Build|ARM.Build.0 = Release|Any CPU
		{E90DEDAC-C212-4872-9A2E-7A57C8701940}.iOS Build|ARM.Deploy.0 = Release|Any CPU
		{E90DEDAC-C212-4872-9A2E-7A57C8701940}.iOS Build|iPhone.ActiveCfg = Release|Any CPU
		{E90DEDAC-C212-4872-9A2E-7A57C8701940}.iOS Build|iPhone.Build.0 = Release|Any CPU
		{E90DEDAC-C212-4872-9A2E-7A57C8701940}.iOS Build|iPhone.Deploy.0 = Release|Any CPU
		{E90DEDAC-C212-4872-9A2E-7A57C8701940}.iOS Build|iPhoneSimulator.ActiveCfg = Release|Any CPU
		{E90DEDAC-C212-4872-9A2E-7A57C8701940}.iOS Build|iPhoneSimulator.Build.0 = Release|Any CPU
		{E90DEDAC-C212-4872-9A2E-7A57C8701940}.iOS Build|iPhoneSimulator.Deploy.0 = Release|Any CPU
		{E90DEDAC-C212-4872-9A2E-7A57C8701940}.iOS Build|x64.ActiveCfg = Release|Any CPU
		{E90DEDAC-C212-4872-9A2E-7A57C8701940}.iOS Build|x64.Build.0 = Release|Any CPU
		{E90DEDAC-C212-4872-9A2E-7A57C8701940}.iOS Build|x64.Deploy.0 = Release|Any CPU
		{E90DEDAC-C212-4872-9A2E-7A57C8701940}.iOS Build|x86.ActiveCfg = Release|Any CPU
		{E90DEDAC-C212-4872-9A2E-7A57C8701940}.iOS Build|x86.Build.0 = Release|Any CPU
		{E90DEDAC-C212-4872-9A2E-7A57C8701940}.iOS Build|x86.Deploy.0 = Release|Any CPU
		{E90DEDAC-C212-4872-9A2E-7A57C8701940}.Release|Any CPU.ActiveCfg = Release|Any CPU
		{E90DEDAC-C212-4872-9A2E-7A57C8701940}.Release|Any CPU.Build.0 = Release|Any CPU
		{E90DEDAC-C212-4872-9A2E-7A57C8701940}.Release|Any CPU.Deploy.0 = Release|Any CPU
		{E90DEDAC-C212-4872-9A2E-7A57C8701940}.Release|ARM.ActiveCfg = Release|Any CPU
		{E90DEDAC-C212-4872-9A2E-7A57C8701940}.Release|ARM.Build.0 = Release|Any CPU
		{E90DEDAC-C212-4872-9A2E-7A57C8701940}.Release|ARM.Deploy.0 = Release|Any CPU
		{E90DEDAC-C212-4872-9A2E-7A57C8701940}.Release|iPhone.ActiveCfg = Release|Any CPU
		{E90DEDAC-C212-4872-9A2E-7A57C8701940}.Release|iPhone.Build.0 = Release|Any CPU
		{E90DEDAC-C212-4872-9A2E-7A57C8701940}.Release|iPhone.Deploy.0 = Release|Any CPU
		{E90DEDAC-C212-4872-9A2E-7A57C8701940}.Release|iPhoneSimulator.ActiveCfg = Release|Any CPU
		{E90DEDAC-C212-4872-9A2E-7A57C8701940}.Release|iPhoneSimulator.Build.0 = Release|Any CPU
		{E90DEDAC-C212-4872-9A2E-7A57C8701940}.Release|iPhoneSimulator.Deploy.0 = Release|Any CPU
		{E90DEDAC-C212-4872-9A2E-7A57C8701940}.Release|x64.ActiveCfg = Release|Any CPU
		{E90DEDAC-C212-4872-9A2E-7A57C8701940}.Release|x64.Build.0 = Release|Any CPU
		{E90DEDAC-C212-4872-9A2E-7A57C8701940}.Release|x64.Deploy.0 = Release|Any CPU
		{E90DEDAC-C212-4872-9A2E-7A57C8701940}.Release|x86.ActiveCfg = Release|Any CPU
		{E90DEDAC-C212-4872-9A2E-7A57C8701940}.Release|x86.Build.0 = Release|Any CPU
		{E90DEDAC-C212-4872-9A2E-7A57C8701940}.Release|x86.Deploy.0 = Release|Any CPU
		{4C041024-5803-456F-B635-2542ADC1BBA4}.Ad-Hoc|Any CPU.ActiveCfg = Release|Any CPU
		{4C041024-5803-456F-B635-2542ADC1BBA4}.Ad-Hoc|Any CPU.Build.0 = Release|Any CPU
		{4C041024-5803-456F-B635-2542ADC1BBA4}.Ad-Hoc|ARM.ActiveCfg = Release|Any CPU
		{4C041024-5803-456F-B635-2542ADC1BBA4}.Ad-Hoc|ARM.Build.0 = Release|Any CPU
		{4C041024-5803-456F-B635-2542ADC1BBA4}.Ad-Hoc|iPhone.ActiveCfg = Release|Any CPU
		{4C041024-5803-456F-B635-2542ADC1BBA4}.Ad-Hoc|iPhone.Build.0 = Release|Any CPU
		{4C041024-5803-456F-B635-2542ADC1BBA4}.Ad-Hoc|iPhoneSimulator.ActiveCfg = Release|Any CPU
		{4C041024-5803-456F-B635-2542ADC1BBA4}.Ad-Hoc|iPhoneSimulator.Build.0 = Release|Any CPU
		{4C041024-5803-456F-B635-2542ADC1BBA4}.Ad-Hoc|x64.ActiveCfg = Release|Any CPU
		{4C041024-5803-456F-B635-2542ADC1BBA4}.Ad-Hoc|x64.Build.0 = Release|Any CPU
		{4C041024-5803-456F-B635-2542ADC1BBA4}.Ad-Hoc|x86.ActiveCfg = Release|Any CPU
		{4C041024-5803-456F-B635-2542ADC1BBA4}.Ad-Hoc|x86.Build.0 = Release|Any CPU
		{4C041024-5803-456F-B635-2542ADC1BBA4}.AppStore|Any CPU.ActiveCfg = Release|Any CPU
		{4C041024-5803-456F-B635-2542ADC1BBA4}.AppStore|Any CPU.Build.0 = Release|Any CPU
		{4C041024-5803-456F-B635-2542ADC1BBA4}.AppStore|ARM.ActiveCfg = Release|Any CPU
		{4C041024-5803-456F-B635-2542ADC1BBA4}.AppStore|ARM.Build.0 = Release|Any CPU
		{4C041024-5803-456F-B635-2542ADC1BBA4}.AppStore|iPhone.ActiveCfg = Release|Any CPU
		{4C041024-5803-456F-B635-2542ADC1BBA4}.AppStore|iPhone.Build.0 = Release|Any CPU
		{4C041024-5803-456F-B635-2542ADC1BBA4}.AppStore|iPhoneSimulator.ActiveCfg = Release|Any CPU
		{4C041024-5803-456F-B635-2542ADC1BBA4}.AppStore|iPhoneSimulator.Build.0 = Release|Any CPU
		{4C041024-5803-456F-B635-2542ADC1BBA4}.AppStore|x64.ActiveCfg = Release|Any CPU
		{4C041024-5803-456F-B635-2542ADC1BBA4}.AppStore|x64.Build.0 = Release|Any CPU
		{4C041024-5803-456F-B635-2542ADC1BBA4}.AppStore|x86.ActiveCfg = Release|Any CPU
		{4C041024-5803-456F-B635-2542ADC1BBA4}.AppStore|x86.Build.0 = Release|Any CPU
		{4C041024-5803-456F-B635-2542ADC1BBA4}.Debug|Any CPU.ActiveCfg = Debug|Any CPU
		{4C041024-5803-456F-B635-2542ADC1BBA4}.Debug|Any CPU.Build.0 = Debug|Any CPU
		{4C041024-5803-456F-B635-2542ADC1BBA4}.Debug|ARM.ActiveCfg = Debug|Any CPU
		{4C041024-5803-456F-B635-2542ADC1BBA4}.Debug|ARM.Build.0 = Debug|Any CPU
		{4C041024-5803-456F-B635-2542ADC1BBA4}.Debug|iPhone.ActiveCfg = Debug|Any CPU
		{4C041024-5803-456F-B635-2542ADC1BBA4}.Debug|iPhone.Build.0 = Debug|Any CPU
		{4C041024-5803-456F-B635-2542ADC1BBA4}.Debug|iPhoneSimulator.ActiveCfg = Debug|Any CPU
		{4C041024-5803-456F-B635-2542ADC1BBA4}.Debug|iPhoneSimulator.Build.0 = Debug|Any CPU
		{4C041024-5803-456F-B635-2542ADC1BBA4}.Debug|x64.ActiveCfg = Debug|Any CPU
		{4C041024-5803-456F-B635-2542ADC1BBA4}.Debug|x64.Build.0 = Debug|Any CPU
		{4C041024-5803-456F-B635-2542ADC1BBA4}.Debug|x86.ActiveCfg = Debug|Any CPU
		{4C041024-5803-456F-B635-2542ADC1BBA4}.Debug|x86.Build.0 = Debug|Any CPU
		{4C041024-5803-456F-B635-2542ADC1BBA4}.iOS Build|Any CPU.ActiveCfg = Release|Any CPU
		{4C041024-5803-456F-B635-2542ADC1BBA4}.iOS Build|Any CPU.Build.0 = Release|Any CPU
		{4C041024-5803-456F-B635-2542ADC1BBA4}.iOS Build|ARM.ActiveCfg = Release|Any CPU
		{4C041024-5803-456F-B635-2542ADC1BBA4}.iOS Build|ARM.Build.0 = Release|Any CPU
		{4C041024-5803-456F-B635-2542ADC1BBA4}.iOS Build|iPhone.ActiveCfg = Release|Any CPU
		{4C041024-5803-456F-B635-2542ADC1BBA4}.iOS Build|iPhone.Build.0 = Release|Any CPU
		{4C041024-5803-456F-B635-2542ADC1BBA4}.iOS Build|iPhoneSimulator.ActiveCfg = Release|Any CPU
		{4C041024-5803-456F-B635-2542ADC1BBA4}.iOS Build|iPhoneSimulator.Build.0 = Release|Any CPU
		{4C041024-5803-456F-B635-2542ADC1BBA4}.iOS Build|x64.ActiveCfg = Release|Any CPU
		{4C041024-5803-456F-B635-2542ADC1BBA4}.iOS Build|x64.Build.0 = Release|Any CPU
		{4C041024-5803-456F-B635-2542ADC1BBA4}.iOS Build|x86.ActiveCfg = Release|Any CPU
		{4C041024-5803-456F-B635-2542ADC1BBA4}.iOS Build|x86.Build.0 = Release|Any CPU
		{4C041024-5803-456F-B635-2542ADC1BBA4}.Release|Any CPU.ActiveCfg = Release|Any CPU
		{4C041024-5803-456F-B635-2542ADC1BBA4}.Release|Any CPU.Build.0 = Release|Any CPU
		{4C041024-5803-456F-B635-2542ADC1BBA4}.Release|ARM.ActiveCfg = Release|Any CPU
		{4C041024-5803-456F-B635-2542ADC1BBA4}.Release|ARM.Build.0 = Release|Any CPU
		{4C041024-5803-456F-B635-2542ADC1BBA4}.Release|iPhone.ActiveCfg = Release|Any CPU
		{4C041024-5803-456F-B635-2542ADC1BBA4}.Release|iPhone.Build.0 = Release|Any CPU
		{4C041024-5803-456F-B635-2542ADC1BBA4}.Release|iPhoneSimulator.ActiveCfg = Release|Any CPU
		{4C041024-5803-456F-B635-2542ADC1BBA4}.Release|iPhoneSimulator.Build.0 = Release|Any CPU
		{4C041024-5803-456F-B635-2542ADC1BBA4}.Release|x64.ActiveCfg = Release|Any CPU
		{4C041024-5803-456F-B635-2542ADC1BBA4}.Release|x64.Build.0 = Release|Any CPU
		{4C041024-5803-456F-B635-2542ADC1BBA4}.Release|x86.ActiveCfg = Release|Any CPU
		{4C041024-5803-456F-B635-2542ADC1BBA4}.Release|x86.Build.0 = Release|Any CPU
	EndGlobalSection
	GlobalSection(SolutionProperties) = preSolution
		HideSolutionNode = FALSE
	EndGlobalSection
	GlobalSection(NestedProjects) = preSolution
		{786A2D0B-C3E4-4D7A-89C5-86EBC94E1B45} = {28B2F139-DEC4-4A0D-91D0-09BE58A02F90}
		{D5DD4CA3-3B5C-4A0E-AA82-4CEBB9A7160D} = {DE9500B4-4EE9-4E14-9EC8-FF7AF17B0776}
		{8BA8D05D-8C47-429A-ABF0-A0467DE1600D} = {DE9500B4-4EE9-4E14-9EC8-FF7AF17B0776}
		{076B08B6-234F-4AE3-8815-7E36A47F9475} = {28B2F139-DEC4-4A0D-91D0-09BE58A02F90}
		{8A0FA414-785F-47E8-9425-C982122BB4B8} = {8D6A3DC8-3217-4DC4-A3F8-E65FFE2C28D4}
		{8EF3F454-C08B-4562-AB26-176C27E01288} = {8D6A3DC8-3217-4DC4-A3F8-E65FFE2C28D4}
		{13BC3985-C830-4176-A1BB-E3253E503B45} = {8EF3F454-C08B-4562-AB26-176C27E01288}
		{E90DEDAC-C212-4872-9A2E-7A57C8701940} = {8A0FA414-785F-47E8-9425-C982122BB4B8}
		{4C041024-5803-456F-B635-2542ADC1BBA4} = {8EF3F454-C08B-4562-AB26-176C27E01288}
	EndGlobalSection
	GlobalSection(ExtensibilityGlobals) = postSolution
		SolutionGuid = {01C76FB7-192D-40BD-A195-BD9F91485AAD}
	EndGlobalSection
EndGlobal
