
Microsoft Visual Studio Solution File, Format Version 12.00
# Visual Studio 15
VisualStudioVersion = 15.0.26730.16
MinimumVisualStudioVersion = 10.0.40219.1
Project("{9A19103F-16F7-4668-BE54-9A1E7A4F7556}") = "LagoVista.Client.Core", "src\LagoVista.Client.Core\LagoVista.Client.Core.csproj", "{786A2D0B-C3E4-4D7A-89C5-86EBC94E1B45}"
EndProject
Project("{2150E333-8FDC-42A3-9474-1A3956D46DE8}") = "XPlat", "XPlat", "{DE9500B4-4EE9-4E14-9EC8-FF7AF17B0776}"
EndProject
Project("{2150E333-8FDC-42A3-9474-1A3956D46DE8}") = "LagoVista.Client", "LagoVista.Client", "{28B2F139-DEC4-4A0D-91D0-09BE58A02F90}"
EndProject
Project("{FAE04EC0-301F-11D3-BF4B-00C04F79EFBC}") = "LagoVista.XPlat.Core", "src\LagoVista.XPlat.Core\LagoVista.XPlat.Core.csproj", "{D5DD4CA3-3B5C-4A0E-AA82-4CEBB9A7160D}"
EndProject
Project("{FAE04EC0-301F-11D3-BF4B-00C04F79EFBC}") = "LagoVista.XPlat.UWP", "src\LagoVista.XPlat.UWP\LagoVista.XPlat.UWP.csproj", "{9ED662B0-40C9-4899-B11E-F10C3C9D6AEB}"
EndProject
Project("{2150E333-8FDC-42A3-9474-1A3956D46DE8}") = "Platform Manager", "Platform Manager", "{FBF2FEFF-0074-4AC5-A86E-457BF2D098A1}"
EndProject
Project("{2150E333-8FDC-42A3-9474-1A3956D46DE8}") = "Apps", "Apps", "{1204FEFC-4C99-4363-946E-8796753EF4D4}"
EndProject
Project("{2150E333-8FDC-42A3-9474-1A3956D46DE8}") = "Common", "Common", "{7E1A780C-C7AA-415B-993F-48FA3C1FB8F0}"
EndProject
Project("{FAE04EC0-301F-11D3-BF4B-00C04F79EFBC}") = "LagoVista.PlatformManager.UWP", "src\LagoVista.PlatformManager\LagoVista.PlatformManager.UWP\LagoVista.PlatformManager.UWP.csproj", "{09DE2840-53F9-4802-9E04-BB75862B8445}"
EndProject
Project("{9A19103F-16F7-4668-BE54-9A1E7A4F7556}") = "LagoVista.PlatformManager.Core", "src\LagoVista.PlatformManager.Core\LagoVista.PlatformManager.Core.csproj", "{B8746AB5-0C2B-45DB-8483-3276DD5F7083}"
EndProject
Project("{FAE04EC0-301F-11D3-BF4B-00C04F79EFBC}") = "LagoVista.PlatformManager", "src\LagoVista.PlatformManager\LagoVista.PlatformManager\LagoVista.PlatformManager.csproj", "{B6E22604-C84F-488E-86E5-0FE8B30AB6B0}"
EndProject
Project("{FAE04EC0-301F-11D3-BF4B-00C04F79EFBC}") = "Core UWP", "src\LagoVista.Core.UWP\Core UWP.csproj", "{12F1D893-A53B-44D6-9A9A-2922D9E7E38A}"
EndProject
Project("{9A19103F-16F7-4668-BE54-9A1E7A4F7556}") = "LagoVista.MQTT.Core", "src\LagoVista.MQTT.Core\LagoVista.MQTT.Core.csproj", "{D3BBE2F1-36E7-4EF3-B31C-E3B2B5250621}"
EndProject
Global
	GlobalSection(SolutionConfigurationPlatforms) = preSolution
		Ad-Hoc|Any CPU = Ad-Hoc|Any CPU
		Ad-Hoc|ARM = Ad-Hoc|ARM
		Ad-Hoc|iPhone = Ad-Hoc|iPhone
		Ad-Hoc|iPhoneSimulator = Ad-Hoc|iPhoneSimulator
		Ad-Hoc|x64 = Ad-Hoc|x64
		Ad-Hoc|x86 = Ad-Hoc|x86
		AppStore|Any CPU = AppStore|Any CPU
		AppStore|ARM = AppStore|ARM
		AppStore|iPhone = AppStore|iPhone
		AppStore|iPhoneSimulator = AppStore|iPhoneSimulator
		AppStore|x64 = AppStore|x64
		AppStore|x86 = AppStore|x86
		Debug|Any CPU = Debug|Any CPU
		Debug|ARM = Debug|ARM
		Debug|iPhone = Debug|iPhone
		Debug|iPhoneSimulator = Debug|iPhoneSimulator
		Debug|x64 = Debug|x64
		Debug|x86 = Debug|x86
		iOS Build|Any CPU = iOS Build|Any CPU
		iOS Build|ARM = iOS Build|ARM
		iOS Build|iPhone = iOS Build|iPhone
		iOS Build|iPhoneSimulator = iOS Build|iPhoneSimulator
		iOS Build|x64 = iOS Build|x64
		iOS Build|x86 = iOS Build|x86
		Release|Any CPU = Release|Any CPU
		Release|ARM = Release|ARM
		Release|iPhone = Release|iPhone
		Release|iPhoneSimulator = Release|iPhoneSimulator
		Release|x64 = Release|x64
		Release|x86 = Release|x86
	EndGlobalSection
	GlobalSection(ProjectConfigurationPlatforms) = postSolution
		{786A2D0B-C3E4-4D7A-89C5-86EBC94E1B45}.Ad-Hoc|Any CPU.ActiveCfg = Debug|Any CPU
		{786A2D0B-C3E4-4D7A-89C5-86EBC94E1B45}.Ad-Hoc|Any CPU.Build.0 = Debug|Any CPU
		{786A2D0B-C3E4-4D7A-89C5-86EBC94E1B45}.Ad-Hoc|ARM.ActiveCfg = Debug|Any CPU
		{786A2D0B-C3E4-4D7A-89C5-86EBC94E1B45}.Ad-Hoc|ARM.Build.0 = Debug|Any CPU
		{786A2D0B-C3E4-4D7A-89C5-86EBC94E1B45}.Ad-Hoc|iPhone.ActiveCfg = Debug|Any CPU
		{786A2D0B-C3E4-4D7A-89C5-86EBC94E1B45}.Ad-Hoc|iPhone.Build.0 = Debug|Any CPU
		{786A2D0B-C3E4-4D7A-89C5-86EBC94E1B45}.Ad-Hoc|iPhoneSimulator.ActiveCfg = Debug|Any CPU
		{786A2D0B-C3E4-4D7A-89C5-86EBC94E1B45}.Ad-Hoc|iPhoneSimulator.Build.0 = Debug|Any CPU
		{786A2D0B-C3E4-4D7A-89C5-86EBC94E1B45}.Ad-Hoc|x64.ActiveCfg = Debug|Any CPU
		{786A2D0B-C3E4-4D7A-89C5-86EBC94E1B45}.Ad-Hoc|x64.Build.0 = Debug|Any CPU
		{786A2D0B-C3E4-4D7A-89C5-86EBC94E1B45}.Ad-Hoc|x86.ActiveCfg = Debug|Any CPU
		{786A2D0B-C3E4-4D7A-89C5-86EBC94E1B45}.Ad-Hoc|x86.Build.0 = Debug|Any CPU
		{786A2D0B-C3E4-4D7A-89C5-86EBC94E1B45}.AppStore|Any CPU.ActiveCfg = Debug|Any CPU
		{786A2D0B-C3E4-4D7A-89C5-86EBC94E1B45}.AppStore|Any CPU.Build.0 = Debug|Any CPU
		{786A2D0B-C3E4-4D7A-89C5-86EBC94E1B45}.AppStore|ARM.ActiveCfg = Debug|Any CPU
		{786A2D0B-C3E4-4D7A-89C5-86EBC94E1B45}.AppStore|ARM.Build.0 = Debug|Any CPU
		{786A2D0B-C3E4-4D7A-89C5-86EBC94E1B45}.AppStore|iPhone.ActiveCfg = Debug|Any CPU
		{786A2D0B-C3E4-4D7A-89C5-86EBC94E1B45}.AppStore|iPhone.Build.0 = Debug|Any CPU
		{786A2D0B-C3E4-4D7A-89C5-86EBC94E1B45}.AppStore|iPhoneSimulator.ActiveCfg = Debug|Any CPU
		{786A2D0B-C3E4-4D7A-89C5-86EBC94E1B45}.AppStore|iPhoneSimulator.Build.0 = Debug|Any CPU
		{786A2D0B-C3E4-4D7A-89C5-86EBC94E1B45}.AppStore|x64.ActiveCfg = Debug|Any CPU
		{786A2D0B-C3E4-4D7A-89C5-86EBC94E1B45}.AppStore|x64.Build.0 = Debug|Any CPU
		{786A2D0B-C3E4-4D7A-89C5-86EBC94E1B45}.AppStore|x86.ActiveCfg = Debug|Any CPU
		{786A2D0B-C3E4-4D7A-89C5-86EBC94E1B45}.AppStore|x86.Build.0 = Debug|Any CPU
		{786A2D0B-C3E4-4D7A-89C5-86EBC94E1B45}.Debug|Any CPU.ActiveCfg = Debug|Any CPU
		{786A2D0B-C3E4-4D7A-89C5-86EBC94E1B45}.Debug|Any CPU.Build.0 = Debug|Any CPU
		{786A2D0B-C3E4-4D7A-89C5-86EBC94E1B45}.Debug|ARM.ActiveCfg = Debug|Any CPU
		{786A2D0B-C3E4-4D7A-89C5-86EBC94E1B45}.Debug|ARM.Build.0 = Debug|Any CPU
		{786A2D0B-C3E4-4D7A-89C5-86EBC94E1B45}.Debug|iPhone.ActiveCfg = Debug|Any CPU
		{786A2D0B-C3E4-4D7A-89C5-86EBC94E1B45}.Debug|iPhone.Build.0 = Debug|Any CPU
		{786A2D0B-C3E4-4D7A-89C5-86EBC94E1B45}.Debug|iPhoneSimulator.ActiveCfg = Debug|Any CPU
		{786A2D0B-C3E4-4D7A-89C5-86EBC94E1B45}.Debug|iPhoneSimulator.Build.0 = Debug|Any CPU
		{786A2D0B-C3E4-4D7A-89C5-86EBC94E1B45}.Debug|x64.ActiveCfg = Debug|Any CPU
		{786A2D0B-C3E4-4D7A-89C5-86EBC94E1B45}.Debug|x64.Build.0 = Debug|Any CPU
		{786A2D0B-C3E4-4D7A-89C5-86EBC94E1B45}.Debug|x86.ActiveCfg = Debug|Any CPU
		{786A2D0B-C3E4-4D7A-89C5-86EBC94E1B45}.Debug|x86.Build.0 = Debug|Any CPU
		{786A2D0B-C3E4-4D7A-89C5-86EBC94E1B45}.iOS Build|Any CPU.ActiveCfg = Release|Any CPU
		{786A2D0B-C3E4-4D7A-89C5-86EBC94E1B45}.iOS Build|Any CPU.Build.0 = Release|Any CPU
		{786A2D0B-C3E4-4D7A-89C5-86EBC94E1B45}.iOS Build|ARM.ActiveCfg = Release|Any CPU
		{786A2D0B-C3E4-4D7A-89C5-86EBC94E1B45}.iOS Build|ARM.Build.0 = Release|Any CPU
		{786A2D0B-C3E4-4D7A-89C5-86EBC94E1B45}.iOS Build|iPhone.ActiveCfg = Release|Any CPU
		{786A2D0B-C3E4-4D7A-89C5-86EBC94E1B45}.iOS Build|iPhone.Build.0 = Release|Any CPU
		{786A2D0B-C3E4-4D7A-89C5-86EBC94E1B45}.iOS Build|iPhoneSimulator.ActiveCfg = Release|Any CPU
		{786A2D0B-C3E4-4D7A-89C5-86EBC94E1B45}.iOS Build|iPhoneSimulator.Build.0 = Release|Any CPU
		{786A2D0B-C3E4-4D7A-89C5-86EBC94E1B45}.iOS Build|x64.ActiveCfg = Release|Any CPU
		{786A2D0B-C3E4-4D7A-89C5-86EBC94E1B45}.iOS Build|x64.Build.0 = Release|Any CPU
		{786A2D0B-C3E4-4D7A-89C5-86EBC94E1B45}.iOS Build|x86.ActiveCfg = Release|Any CPU
		{786A2D0B-C3E4-4D7A-89C5-86EBC94E1B45}.iOS Build|x86.Build.0 = Release|Any CPU
		{786A2D0B-C3E4-4D7A-89C5-86EBC94E1B45}.Release|Any CPU.ActiveCfg = Release|Any CPU
		{786A2D0B-C3E4-4D7A-89C5-86EBC94E1B45}.Release|Any CPU.Build.0 = Release|Any CPU
		{786A2D0B-C3E4-4D7A-89C5-86EBC94E1B45}.Release|ARM.ActiveCfg = Release|Any CPU
		{786A2D0B-C3E4-4D7A-89C5-86EBC94E1B45}.Release|ARM.Build.0 = Release|Any CPU
		{786A2D0B-C3E4-4D7A-89C5-86EBC94E1B45}.Release|iPhone.ActiveCfg = Release|Any CPU
		{786A2D0B-C3E4-4D7A-89C5-86EBC94E1B45}.Release|iPhone.Build.0 = Release|Any CPU
		{786A2D0B-C3E4-4D7A-89C5-86EBC94E1B45}.Release|iPhoneSimulator.ActiveCfg = Release|Any CPU
		{786A2D0B-C3E4-4D7A-89C5-86EBC94E1B45}.Release|iPhoneSimulator.Build.0 = Release|Any CPU
		{786A2D0B-C3E4-4D7A-89C5-86EBC94E1B45}.Release|x64.ActiveCfg = Release|Any CPU
		{786A2D0B-C3E4-4D7A-89C5-86EBC94E1B45}.Release|x64.Build.0 = Release|Any CPU
		{786A2D0B-C3E4-4D7A-89C5-86EBC94E1B45}.Release|x86.ActiveCfg = Release|Any CPU
		{786A2D0B-C3E4-4D7A-89C5-86EBC94E1B45}.Release|x86.Build.0 = Release|Any CPU
		{D5DD4CA3-3B5C-4A0E-AA82-4CEBB9A7160D}.Ad-Hoc|Any CPU.ActiveCfg = Release|Any CPU
		{D5DD4CA3-3B5C-4A0E-AA82-4CEBB9A7160D}.Ad-Hoc|Any CPU.Build.0 = Release|Any CPU
		{D5DD4CA3-3B5C-4A0E-AA82-4CEBB9A7160D}.Ad-Hoc|ARM.ActiveCfg = Release|Any CPU
		{D5DD4CA3-3B5C-4A0E-AA82-4CEBB9A7160D}.Ad-Hoc|ARM.Build.0 = Release|Any CPU
		{D5DD4CA3-3B5C-4A0E-AA82-4CEBB9A7160D}.Ad-Hoc|iPhone.ActiveCfg = Release|Any CPU
		{D5DD4CA3-3B5C-4A0E-AA82-4CEBB9A7160D}.Ad-Hoc|iPhone.Build.0 = Release|Any CPU
		{D5DD4CA3-3B5C-4A0E-AA82-4CEBB9A7160D}.Ad-Hoc|iPhoneSimulator.ActiveCfg = Release|Any CPU
		{D5DD4CA3-3B5C-4A0E-AA82-4CEBB9A7160D}.Ad-Hoc|iPhoneSimulator.Build.0 = Release|Any CPU
		{D5DD4CA3-3B5C-4A0E-AA82-4CEBB9A7160D}.Ad-Hoc|x64.ActiveCfg = Release|Any CPU
		{D5DD4CA3-3B5C-4A0E-AA82-4CEBB9A7160D}.Ad-Hoc|x64.Build.0 = Release|Any CPU
		{D5DD4CA3-3B5C-4A0E-AA82-4CEBB9A7160D}.Ad-Hoc|x86.ActiveCfg = Release|Any CPU
		{D5DD4CA3-3B5C-4A0E-AA82-4CEBB9A7160D}.Ad-Hoc|x86.Build.0 = Release|Any CPU
		{D5DD4CA3-3B5C-4A0E-AA82-4CEBB9A7160D}.AppStore|Any CPU.ActiveCfg = Release|Any CPU
		{D5DD4CA3-3B5C-4A0E-AA82-4CEBB9A7160D}.AppStore|Any CPU.Build.0 = Release|Any CPU
		{D5DD4CA3-3B5C-4A0E-AA82-4CEBB9A7160D}.AppStore|ARM.ActiveCfg = Release|Any CPU
		{D5DD4CA3-3B5C-4A0E-AA82-4CEBB9A7160D}.AppStore|ARM.Build.0 = Release|Any CPU
		{D5DD4CA3-3B5C-4A0E-AA82-4CEBB9A7160D}.AppStore|iPhone.ActiveCfg = Release|Any CPU
		{D5DD4CA3-3B5C-4A0E-AA82-4CEBB9A7160D}.AppStore|iPhone.Build.0 = Release|Any CPU
		{D5DD4CA3-3B5C-4A0E-AA82-4CEBB9A7160D}.AppStore|iPhoneSimulator.ActiveCfg = Release|Any CPU
		{D5DD4CA3-3B5C-4A0E-AA82-4CEBB9A7160D}.AppStore|iPhoneSimulator.Build.0 = Release|Any CPU
		{D5DD4CA3-3B5C-4A0E-AA82-4CEBB9A7160D}.AppStore|x64.ActiveCfg = Release|Any CPU
		{D5DD4CA3-3B5C-4A0E-AA82-4CEBB9A7160D}.AppStore|x64.Build.0 = Release|Any CPU
		{D5DD4CA3-3B5C-4A0E-AA82-4CEBB9A7160D}.AppStore|x86.ActiveCfg = Release|Any CPU
		{D5DD4CA3-3B5C-4A0E-AA82-4CEBB9A7160D}.AppStore|x86.Build.0 = Release|Any CPU
		{D5DD4CA3-3B5C-4A0E-AA82-4CEBB9A7160D}.Debug|Any CPU.ActiveCfg = Debug|Any CPU
		{D5DD4CA3-3B5C-4A0E-AA82-4CEBB9A7160D}.Debug|Any CPU.Build.0 = Debug|Any CPU
		{D5DD4CA3-3B5C-4A0E-AA82-4CEBB9A7160D}.Debug|ARM.ActiveCfg = Debug|Any CPU
		{D5DD4CA3-3B5C-4A0E-AA82-4CEBB9A7160D}.Debug|ARM.Build.0 = Debug|Any CPU
		{D5DD4CA3-3B5C-4A0E-AA82-4CEBB9A7160D}.Debug|iPhone.ActiveCfg = Debug|Any CPU
		{D5DD4CA3-3B5C-4A0E-AA82-4CEBB9A7160D}.Debug|iPhone.Build.0 = Debug|Any CPU
		{D5DD4CA3-3B5C-4A0E-AA82-4CEBB9A7160D}.Debug|iPhoneSimulator.ActiveCfg = Debug|Any CPU
		{D5DD4CA3-3B5C-4A0E-AA82-4CEBB9A7160D}.Debug|iPhoneSimulator.Build.0 = Debug|Any CPU
		{D5DD4CA3-3B5C-4A0E-AA82-4CEBB9A7160D}.Debug|x64.ActiveCfg = Debug|Any CPU
		{D5DD4CA3-3B5C-4A0E-AA82-4CEBB9A7160D}.Debug|x64.Build.0 = Debug|Any CPU
		{D5DD4CA3-3B5C-4A0E-AA82-4CEBB9A7160D}.Debug|x86.ActiveCfg = Debug|Any CPU
		{D5DD4CA3-3B5C-4A0E-AA82-4CEBB9A7160D}.Debug|x86.Build.0 = Debug|Any CPU
		{D5DD4CA3-3B5C-4A0E-AA82-4CEBB9A7160D}.iOS Build|Any CPU.ActiveCfg = iOS Build|Any CPU
		{D5DD4CA3-3B5C-4A0E-AA82-4CEBB9A7160D}.iOS Build|Any CPU.Build.0 = iOS Build|Any CPU
		{D5DD4CA3-3B5C-4A0E-AA82-4CEBB9A7160D}.iOS Build|ARM.ActiveCfg = iOS Build|Any CPU
		{D5DD4CA3-3B5C-4A0E-AA82-4CEBB9A7160D}.iOS Build|ARM.Build.0 = iOS Build|Any CPU
		{D5DD4CA3-3B5C-4A0E-AA82-4CEBB9A7160D}.iOS Build|iPhone.ActiveCfg = iOS Build|Any CPU
		{D5DD4CA3-3B5C-4A0E-AA82-4CEBB9A7160D}.iOS Build|iPhone.Build.0 = iOS Build|Any CPU
		{D5DD4CA3-3B5C-4A0E-AA82-4CEBB9A7160D}.iOS Build|iPhoneSimulator.ActiveCfg = iOS Build|Any CPU
		{D5DD4CA3-3B5C-4A0E-AA82-4CEBB9A7160D}.iOS Build|iPhoneSimulator.Build.0 = iOS Build|Any CPU
		{D5DD4CA3-3B5C-4A0E-AA82-4CEBB9A7160D}.iOS Build|x64.ActiveCfg = iOS Build|Any CPU
		{D5DD4CA3-3B5C-4A0E-AA82-4CEBB9A7160D}.iOS Build|x64.Build.0 = iOS Build|Any CPU
		{D5DD4CA3-3B5C-4A0E-AA82-4CEBB9A7160D}.iOS Build|x86.ActiveCfg = iOS Build|Any CPU
		{D5DD4CA3-3B5C-4A0E-AA82-4CEBB9A7160D}.iOS Build|x86.Build.0 = iOS Build|Any CPU
		{D5DD4CA3-3B5C-4A0E-AA82-4CEBB9A7160D}.Release|Any CPU.ActiveCfg = Release|Any CPU
		{D5DD4CA3-3B5C-4A0E-AA82-4CEBB9A7160D}.Release|Any CPU.Build.0 = Release|Any CPU
		{D5DD4CA3-3B5C-4A0E-AA82-4CEBB9A7160D}.Release|ARM.ActiveCfg = Release|Any CPU
		{D5DD4CA3-3B5C-4A0E-AA82-4CEBB9A7160D}.Release|ARM.Build.0 = Release|Any CPU
		{D5DD4CA3-3B5C-4A0E-AA82-4CEBB9A7160D}.Release|iPhone.ActiveCfg = Release|Any CPU
		{D5DD4CA3-3B5C-4A0E-AA82-4CEBB9A7160D}.Release|iPhone.Build.0 = Release|Any CPU
		{D5DD4CA3-3B5C-4A0E-AA82-4CEBB9A7160D}.Release|iPhoneSimulator.ActiveCfg = Release|Any CPU
		{D5DD4CA3-3B5C-4A0E-AA82-4CEBB9A7160D}.Release|iPhoneSimulator.Build.0 = Release|Any CPU
		{D5DD4CA3-3B5C-4A0E-AA82-4CEBB9A7160D}.Release|x64.ActiveCfg = Release|Any CPU
		{D5DD4CA3-3B5C-4A0E-AA82-4CEBB9A7160D}.Release|x64.Build.0 = Release|Any CPU
		{D5DD4CA3-3B5C-4A0E-AA82-4CEBB9A7160D}.Release|x86.ActiveCfg = Release|Any CPU
		{D5DD4CA3-3B5C-4A0E-AA82-4CEBB9A7160D}.Release|x86.Build.0 = Release|Any CPU
		{9ED662B0-40C9-4899-B11E-F10C3C9D6AEB}.Ad-Hoc|Any CPU.ActiveCfg = Release|Any CPU
		{9ED662B0-40C9-4899-B11E-F10C3C9D6AEB}.Ad-Hoc|Any CPU.Build.0 = Release|Any CPU
		{9ED662B0-40C9-4899-B11E-F10C3C9D6AEB}.Ad-Hoc|ARM.ActiveCfg = Release|ARM
		{9ED662B0-40C9-4899-B11E-F10C3C9D6AEB}.Ad-Hoc|ARM.Build.0 = Release|ARM
		{9ED662B0-40C9-4899-B11E-F10C3C9D6AEB}.Ad-Hoc|iPhone.ActiveCfg = Release|Any CPU
		{9ED662B0-40C9-4899-B11E-F10C3C9D6AEB}.Ad-Hoc|iPhone.Build.0 = Release|Any CPU
		{9ED662B0-40C9-4899-B11E-F10C3C9D6AEB}.Ad-Hoc|iPhoneSimulator.ActiveCfg = Release|Any CPU
		{9ED662B0-40C9-4899-B11E-F10C3C9D6AEB}.Ad-Hoc|iPhoneSimulator.Build.0 = Release|Any CPU
		{9ED662B0-40C9-4899-B11E-F10C3C9D6AEB}.Ad-Hoc|x64.ActiveCfg = Release|x64
		{9ED662B0-40C9-4899-B11E-F10C3C9D6AEB}.Ad-Hoc|x64.Build.0 = Release|x64
		{9ED662B0-40C9-4899-B11E-F10C3C9D6AEB}.Ad-Hoc|x86.ActiveCfg = Release|x86
		{9ED662B0-40C9-4899-B11E-F10C3C9D6AEB}.Ad-Hoc|x86.Build.0 = Release|x86
		{9ED662B0-40C9-4899-B11E-F10C3C9D6AEB}.AppStore|Any CPU.ActiveCfg = Release|Any CPU
		{9ED662B0-40C9-4899-B11E-F10C3C9D6AEB}.AppStore|Any CPU.Build.0 = Release|Any CPU
		{9ED662B0-40C9-4899-B11E-F10C3C9D6AEB}.AppStore|ARM.ActiveCfg = Release|ARM
		{9ED662B0-40C9-4899-B11E-F10C3C9D6AEB}.AppStore|ARM.Build.0 = Release|ARM
		{9ED662B0-40C9-4899-B11E-F10C3C9D6AEB}.AppStore|iPhone.ActiveCfg = Release|Any CPU
		{9ED662B0-40C9-4899-B11E-F10C3C9D6AEB}.AppStore|iPhone.Build.0 = Release|Any CPU
		{9ED662B0-40C9-4899-B11E-F10C3C9D6AEB}.AppStore|iPhoneSimulator.ActiveCfg = Release|Any CPU
		{9ED662B0-40C9-4899-B11E-F10C3C9D6AEB}.AppStore|iPhoneSimulator.Build.0 = Release|Any CPU
		{9ED662B0-40C9-4899-B11E-F10C3C9D6AEB}.AppStore|x64.ActiveCfg = Release|x64
		{9ED662B0-40C9-4899-B11E-F10C3C9D6AEB}.AppStore|x64.Build.0 = Release|x64
		{9ED662B0-40C9-4899-B11E-F10C3C9D6AEB}.AppStore|x86.ActiveCfg = Release|x86
		{9ED662B0-40C9-4899-B11E-F10C3C9D6AEB}.AppStore|x86.Build.0 = Release|x86
		{9ED662B0-40C9-4899-B11E-F10C3C9D6AEB}.Debug|Any CPU.ActiveCfg = Debug|Any CPU
		{9ED662B0-40C9-4899-B11E-F10C3C9D6AEB}.Debug|Any CPU.Build.0 = Debug|Any CPU
		{9ED662B0-40C9-4899-B11E-F10C3C9D6AEB}.Debug|ARM.ActiveCfg = Debug|ARM
		{9ED662B0-40C9-4899-B11E-F10C3C9D6AEB}.Debug|ARM.Build.0 = Debug|ARM
		{9ED662B0-40C9-4899-B11E-F10C3C9D6AEB}.Debug|iPhone.ActiveCfg = Debug|Any CPU
		{9ED662B0-40C9-4899-B11E-F10C3C9D6AEB}.Debug|iPhone.Build.0 = Debug|Any CPU
		{9ED662B0-40C9-4899-B11E-F10C3C9D6AEB}.Debug|iPhoneSimulator.ActiveCfg = Debug|Any CPU
		{9ED662B0-40C9-4899-B11E-F10C3C9D6AEB}.Debug|iPhoneSimulator.Build.0 = Debug|Any CPU
		{9ED662B0-40C9-4899-B11E-F10C3C9D6AEB}.Debug|x64.ActiveCfg = Debug|x64
		{9ED662B0-40C9-4899-B11E-F10C3C9D6AEB}.Debug|x64.Build.0 = Debug|x64
		{9ED662B0-40C9-4899-B11E-F10C3C9D6AEB}.Debug|x86.ActiveCfg = Debug|x86
		{9ED662B0-40C9-4899-B11E-F10C3C9D6AEB}.Debug|x86.Build.0 = Debug|x86
		{9ED662B0-40C9-4899-B11E-F10C3C9D6AEB}.iOS Build|Any CPU.ActiveCfg = iOS Build|Any CPU
		{9ED662B0-40C9-4899-B11E-F10C3C9D6AEB}.iOS Build|Any CPU.Build.0 = iOS Build|Any CPU
		{9ED662B0-40C9-4899-B11E-F10C3C9D6AEB}.iOS Build|ARM.ActiveCfg = iOS Build|ARM
		{9ED662B0-40C9-4899-B11E-F10C3C9D6AEB}.iOS Build|ARM.Build.0 = iOS Build|ARM
		{9ED662B0-40C9-4899-B11E-F10C3C9D6AEB}.iOS Build|iPhone.ActiveCfg = iOS Build|Any CPU
		{9ED662B0-40C9-4899-B11E-F10C3C9D6AEB}.iOS Build|iPhone.Build.0 = iOS Build|Any CPU
		{9ED662B0-40C9-4899-B11E-F10C3C9D6AEB}.iOS Build|iPhoneSimulator.ActiveCfg = iOS Build|Any CPU
		{9ED662B0-40C9-4899-B11E-F10C3C9D6AEB}.iOS Build|iPhoneSimulator.Build.0 = iOS Build|Any CPU
		{9ED662B0-40C9-4899-B11E-F10C3C9D6AEB}.iOS Build|x64.ActiveCfg = iOS Build|x64
		{9ED662B0-40C9-4899-B11E-F10C3C9D6AEB}.iOS Build|x64.Build.0 = iOS Build|x64
		{9ED662B0-40C9-4899-B11E-F10C3C9D6AEB}.iOS Build|x86.ActiveCfg = iOS Build|x86
		{9ED662B0-40C9-4899-B11E-F10C3C9D6AEB}.iOS Build|x86.Build.0 = iOS Build|x86
		{9ED662B0-40C9-4899-B11E-F10C3C9D6AEB}.Release|Any CPU.ActiveCfg = Release|Any CPU
		{9ED662B0-40C9-4899-B11E-F10C3C9D6AEB}.Release|Any CPU.Build.0 = Release|Any CPU
		{9ED662B0-40C9-4899-B11E-F10C3C9D6AEB}.Release|ARM.ActiveCfg = Release|ARM
		{9ED662B0-40C9-4899-B11E-F10C3C9D6AEB}.Release|ARM.Build.0 = Release|ARM
		{9ED662B0-40C9-4899-B11E-F10C3C9D6AEB}.Release|iPhone.ActiveCfg = Release|Any CPU
		{9ED662B0-40C9-4899-B11E-F10C3C9D6AEB}.Release|iPhone.Build.0 = Release|Any CPU
		{9ED662B0-40C9-4899-B11E-F10C3C9D6AEB}.Release|iPhoneSimulator.ActiveCfg = Release|Any CPU
		{9ED662B0-40C9-4899-B11E-F10C3C9D6AEB}.Release|iPhoneSimulator.Build.0 = Release|Any CPU
		{9ED662B0-40C9-4899-B11E-F10C3C9D6AEB}.Release|x64.ActiveCfg = Release|x64
		{9ED662B0-40C9-4899-B11E-F10C3C9D6AEB}.Release|x64.Build.0 = Release|x64
		{9ED662B0-40C9-4899-B11E-F10C3C9D6AEB}.Release|x86.ActiveCfg = Release|x86
		{9ED662B0-40C9-4899-B11E-F10C3C9D6AEB}.Release|x86.Build.0 = Release|x86
		{09DE2840-53F9-4802-9E04-BB75862B8445}.Ad-Hoc|Any CPU.ActiveCfg = Release|x86
		{09DE2840-53F9-4802-9E04-BB75862B8445}.Ad-Hoc|Any CPU.Build.0 = Release|x86
		{09DE2840-53F9-4802-9E04-BB75862B8445}.Ad-Hoc|Any CPU.Deploy.0 = Release|x86
		{09DE2840-53F9-4802-9E04-BB75862B8445}.Ad-Hoc|ARM.ActiveCfg = Release|ARM
		{09DE2840-53F9-4802-9E04-BB75862B8445}.Ad-Hoc|ARM.Build.0 = Release|ARM
		{09DE2840-53F9-4802-9E04-BB75862B8445}.Ad-Hoc|ARM.Deploy.0 = Release|ARM
		{09DE2840-53F9-4802-9E04-BB75862B8445}.Ad-Hoc|iPhone.ActiveCfg = Release|x86
		{09DE2840-53F9-4802-9E04-BB75862B8445}.Ad-Hoc|iPhone.Build.0 = Release|x86
		{09DE2840-53F9-4802-9E04-BB75862B8445}.Ad-Hoc|iPhone.Deploy.0 = Release|x86
		{09DE2840-53F9-4802-9E04-BB75862B8445}.Ad-Hoc|iPhoneSimulator.ActiveCfg = Release|x86
		{09DE2840-53F9-4802-9E04-BB75862B8445}.Ad-Hoc|iPhoneSimulator.Build.0 = Release|x86
		{09DE2840-53F9-4802-9E04-BB75862B8445}.Ad-Hoc|iPhoneSimulator.Deploy.0 = Release|x86
		{09DE2840-53F9-4802-9E04-BB75862B8445}.Ad-Hoc|x64.ActiveCfg = Release|x64
		{09DE2840-53F9-4802-9E04-BB75862B8445}.Ad-Hoc|x64.Build.0 = Release|x64
		{09DE2840-53F9-4802-9E04-BB75862B8445}.Ad-Hoc|x64.Deploy.0 = Release|x64
		{09DE2840-53F9-4802-9E04-BB75862B8445}.Ad-Hoc|x86.ActiveCfg = Release|x86
		{09DE2840-53F9-4802-9E04-BB75862B8445}.Ad-Hoc|x86.Build.0 = Release|x86
		{09DE2840-53F9-4802-9E04-BB75862B8445}.Ad-Hoc|x86.Deploy.0 = Release|x86
		{09DE2840-53F9-4802-9E04-BB75862B8445}.AppStore|Any CPU.ActiveCfg = Release|x86
		{09DE2840-53F9-4802-9E04-BB75862B8445}.AppStore|Any CPU.Build.0 = Release|x86
		{09DE2840-53F9-4802-9E04-BB75862B8445}.AppStore|Any CPU.Deploy.0 = Release|x86
		{09DE2840-53F9-4802-9E04-BB75862B8445}.AppStore|ARM.ActiveCfg = Release|ARM
		{09DE2840-53F9-4802-9E04-BB75862B8445}.AppStore|ARM.Build.0 = Release|ARM
		{09DE2840-53F9-4802-9E04-BB75862B8445}.AppStore|ARM.Deploy.0 = Release|ARM
		{09DE2840-53F9-4802-9E04-BB75862B8445}.AppStore|iPhone.ActiveCfg = Release|x86
		{09DE2840-53F9-4802-9E04-BB75862B8445}.AppStore|iPhone.Build.0 = Release|x86
		{09DE2840-53F9-4802-9E04-BB75862B8445}.AppStore|iPhone.Deploy.0 = Release|x86
		{09DE2840-53F9-4802-9E04-BB75862B8445}.AppStore|iPhoneSimulator.ActiveCfg = Release|x86
		{09DE2840-53F9-4802-9E04-BB75862B8445}.AppStore|iPhoneSimulator.Build.0 = Release|x86
		{09DE2840-53F9-4802-9E04-BB75862B8445}.AppStore|iPhoneSimulator.Deploy.0 = Release|x86
		{09DE2840-53F9-4802-9E04-BB75862B8445}.AppStore|x64.ActiveCfg = Release|x64
		{09DE2840-53F9-4802-9E04-BB75862B8445}.AppStore|x64.Build.0 = Release|x64
		{09DE2840-53F9-4802-9E04-BB75862B8445}.AppStore|x64.Deploy.0 = Release|x64
		{09DE2840-53F9-4802-9E04-BB75862B8445}.AppStore|x86.ActiveCfg = Release|x86
		{09DE2840-53F9-4802-9E04-BB75862B8445}.AppStore|x86.Build.0 = Release|x86
		{09DE2840-53F9-4802-9E04-BB75862B8445}.AppStore|x86.Deploy.0 = Release|x86
		{09DE2840-53F9-4802-9E04-BB75862B8445}.Debug|Any CPU.ActiveCfg = Debug|x86
		{09DE2840-53F9-4802-9E04-BB75862B8445}.Debug|ARM.ActiveCfg = Debug|ARM
		{09DE2840-53F9-4802-9E04-BB75862B8445}.Debug|ARM.Build.0 = Debug|ARM
		{09DE2840-53F9-4802-9E04-BB75862B8445}.Debug|ARM.Deploy.0 = Debug|ARM
		{09DE2840-53F9-4802-9E04-BB75862B8445}.Debug|iPhone.ActiveCfg = Debug|x86
		{09DE2840-53F9-4802-9E04-BB75862B8445}.Debug|iPhoneSimulator.ActiveCfg = Debug|x86
		{09DE2840-53F9-4802-9E04-BB75862B8445}.Debug|x64.ActiveCfg = Debug|x64
		{09DE2840-53F9-4802-9E04-BB75862B8445}.Debug|x64.Build.0 = Debug|x64
		{09DE2840-53F9-4802-9E04-BB75862B8445}.Debug|x64.Deploy.0 = Debug|x64
		{09DE2840-53F9-4802-9E04-BB75862B8445}.Debug|x86.ActiveCfg = Debug|x86
		{09DE2840-53F9-4802-9E04-BB75862B8445}.Debug|x86.Build.0 = Debug|x86
		{09DE2840-53F9-4802-9E04-BB75862B8445}.Debug|x86.Deploy.0 = Debug|x86
		{09DE2840-53F9-4802-9E04-BB75862B8445}.iOS Build|Any CPU.ActiveCfg = Release|x86
		{09DE2840-53F9-4802-9E04-BB75862B8445}.iOS Build|Any CPU.Build.0 = Release|x86
		{09DE2840-53F9-4802-9E04-BB75862B8445}.iOS Build|Any CPU.Deploy.0 = Release|x86
		{09DE2840-53F9-4802-9E04-BB75862B8445}.iOS Build|ARM.ActiveCfg = Release|ARM
		{09DE2840-53F9-4802-9E04-BB75862B8445}.iOS Build|ARM.Build.0 = Release|ARM
		{09DE2840-53F9-4802-9E04-BB75862B8445}.iOS Build|ARM.Deploy.0 = Release|ARM
		{09DE2840-53F9-4802-9E04-BB75862B8445}.iOS Build|iPhone.ActiveCfg = Release|x86
		{09DE2840-53F9-4802-9E04-BB75862B8445}.iOS Build|iPhone.Build.0 = Release|x86
		{09DE2840-53F9-4802-9E04-BB75862B8445}.iOS Build|iPhone.Deploy.0 = Release|x86
		{09DE2840-53F9-4802-9E04-BB75862B8445}.iOS Build|iPhoneSimulator.ActiveCfg = Release|x86
		{09DE2840-53F9-4802-9E04-BB75862B8445}.iOS Build|iPhoneSimulator.Build.0 = Release|x86
		{09DE2840-53F9-4802-9E04-BB75862B8445}.iOS Build|iPhoneSimulator.Deploy.0 = Release|x86
		{09DE2840-53F9-4802-9E04-BB75862B8445}.iOS Build|x64.ActiveCfg = Release|x64
		{09DE2840-53F9-4802-9E04-BB75862B8445}.iOS Build|x64.Build.0 = Release|x64
		{09DE2840-53F9-4802-9E04-BB75862B8445}.iOS Build|x64.Deploy.0 = Release|x64
		{09DE2840-53F9-4802-9E04-BB75862B8445}.iOS Build|x86.ActiveCfg = Release|x86
		{09DE2840-53F9-4802-9E04-BB75862B8445}.iOS Build|x86.Build.0 = Release|x86
		{09DE2840-53F9-4802-9E04-BB75862B8445}.iOS Build|x86.Deploy.0 = Release|x86
		{09DE2840-53F9-4802-9E04-BB75862B8445}.Release|Any CPU.ActiveCfg = Release|x86
		{09DE2840-53F9-4802-9E04-BB75862B8445}.Release|ARM.ActiveCfg = Release|ARM
		{09DE2840-53F9-4802-9E04-BB75862B8445}.Release|ARM.Build.0 = Release|ARM
		{09DE2840-53F9-4802-9E04-BB75862B8445}.Release|ARM.Deploy.0 = Release|ARM
		{09DE2840-53F9-4802-9E04-BB75862B8445}.Release|iPhone.ActiveCfg = Release|x86
		{09DE2840-53F9-4802-9E04-BB75862B8445}.Release|iPhoneSimulator.ActiveCfg = Release|x86
		{09DE2840-53F9-4802-9E04-BB75862B8445}.Release|x64.ActiveCfg = Release|x64
		{09DE2840-53F9-4802-9E04-BB75862B8445}.Release|x64.Build.0 = Release|x64
		{09DE2840-53F9-4802-9E04-BB75862B8445}.Release|x64.Deploy.0 = Release|x64
		{09DE2840-53F9-4802-9E04-BB75862B8445}.Release|x86.ActiveCfg = Release|x86
		{09DE2840-53F9-4802-9E04-BB75862B8445}.Release|x86.Build.0 = Release|x86
		{09DE2840-53F9-4802-9E04-BB75862B8445}.Release|x86.Deploy.0 = Release|x86
		{B8746AB5-0C2B-45DB-8483-3276DD5F7083}.Ad-Hoc|Any CPU.ActiveCfg = Debug|Any CPU
		{B8746AB5-0C2B-45DB-8483-3276DD5F7083}.Ad-Hoc|Any CPU.Build.0 = Debug|Any CPU
		{B8746AB5-0C2B-45DB-8483-3276DD5F7083}.Ad-Hoc|ARM.ActiveCfg = Debug|Any CPU
		{B8746AB5-0C2B-45DB-8483-3276DD5F7083}.Ad-Hoc|ARM.Build.0 = Debug|Any CPU
		{B8746AB5-0C2B-45DB-8483-3276DD5F7083}.Ad-Hoc|iPhone.ActiveCfg = Debug|Any CPU
		{B8746AB5-0C2B-45DB-8483-3276DD5F7083}.Ad-Hoc|iPhone.Build.0 = Debug|Any CPU
		{B8746AB5-0C2B-45DB-8483-3276DD5F7083}.Ad-Hoc|iPhoneSimulator.ActiveCfg = Debug|Any CPU
		{B8746AB5-0C2B-45DB-8483-3276DD5F7083}.Ad-Hoc|iPhoneSimulator.Build.0 = Debug|Any CPU
		{B8746AB5-0C2B-45DB-8483-3276DD5F7083}.Ad-Hoc|x64.ActiveCfg = Debug|Any CPU
		{B8746AB5-0C2B-45DB-8483-3276DD5F7083}.Ad-Hoc|x64.Build.0 = Debug|Any CPU
		{B8746AB5-0C2B-45DB-8483-3276DD5F7083}.Ad-Hoc|x86.ActiveCfg = Debug|Any CPU
		{B8746AB5-0C2B-45DB-8483-3276DD5F7083}.Ad-Hoc|x86.Build.0 = Debug|Any CPU
		{B8746AB5-0C2B-45DB-8483-3276DD5F7083}.AppStore|Any CPU.ActiveCfg = Debug|Any CPU
		{B8746AB5-0C2B-45DB-8483-3276DD5F7083}.AppStore|Any CPU.Build.0 = Debug|Any CPU
		{B8746AB5-0C2B-45DB-8483-3276DD5F7083}.AppStore|ARM.ActiveCfg = Debug|Any CPU
		{B8746AB5-0C2B-45DB-8483-3276DD5F7083}.AppStore|ARM.Build.0 = Debug|Any CPU
		{B8746AB5-0C2B-45DB-8483-3276DD5F7083}.AppStore|iPhone.ActiveCfg = Debug|Any CPU
		{B8746AB5-0C2B-45DB-8483-3276DD5F7083}.AppStore|iPhone.Build.0 = Debug|Any CPU
		{B8746AB5-0C2B-45DB-8483-3276DD5F7083}.AppStore|iPhoneSimulator.ActiveCfg = Debug|Any CPU
		{B8746AB5-0C2B-45DB-8483-3276DD5F7083}.AppStore|iPhoneSimulator.Build.0 = Debug|Any CPU
		{B8746AB5-0C2B-45DB-8483-3276DD5F7083}.AppStore|x64.ActiveCfg = Debug|Any CPU
		{B8746AB5-0C2B-45DB-8483-3276DD5F7083}.AppStore|x64.Build.0 = Debug|Any CPU
		{B8746AB5-0C2B-45DB-8483-3276DD5F7083}.AppStore|x86.ActiveCfg = Debug|Any CPU
		{B8746AB5-0C2B-45DB-8483-3276DD5F7083}.AppStore|x86.Build.0 = Debug|Any CPU
		{B8746AB5-0C2B-45DB-8483-3276DD5F7083}.Debug|Any CPU.ActiveCfg = Debug|Any CPU
		{B8746AB5-0C2B-45DB-8483-3276DD5F7083}.Debug|Any CPU.Build.0 = Debug|Any CPU
		{B8746AB5-0C2B-45DB-8483-3276DD5F7083}.Debug|ARM.ActiveCfg = Debug|Any CPU
		{B8746AB5-0C2B-45DB-8483-3276DD5F7083}.Debug|ARM.Build.0 = Debug|Any CPU
		{B8746AB5-0C2B-45DB-8483-3276DD5F7083}.Debug|iPhone.ActiveCfg = Debug|Any CPU
		{B8746AB5-0C2B-45DB-8483-3276DD5F7083}.Debug|iPhone.Build.0 = Debug|Any CPU
		{B8746AB5-0C2B-45DB-8483-3276DD5F7083}.Debug|iPhoneSimulator.ActiveCfg = Debug|Any CPU
		{B8746AB5-0C2B-45DB-8483-3276DD5F7083}.Debug|iPhoneSimulator.Build.0 = Debug|Any CPU
		{B8746AB5-0C2B-45DB-8483-3276DD5F7083}.Debug|x64.ActiveCfg = Debug|Any CPU
		{B8746AB5-0C2B-45DB-8483-3276DD5F7083}.Debug|x64.Build.0 = Debug|Any CPU
		{B8746AB5-0C2B-45DB-8483-3276DD5F7083}.Debug|x86.ActiveCfg = Debug|Any CPU
		{B8746AB5-0C2B-45DB-8483-3276DD5F7083}.Debug|x86.Build.0 = Debug|Any CPU
		{B8746AB5-0C2B-45DB-8483-3276DD5F7083}.iOS Build|Any CPU.ActiveCfg = Debug|Any CPU
		{B8746AB5-0C2B-45DB-8483-3276DD5F7083}.iOS Build|Any CPU.Build.0 = Debug|Any CPU
		{B8746AB5-0C2B-45DB-8483-3276DD5F7083}.iOS Build|ARM.ActiveCfg = Debug|Any CPU
		{B8746AB5-0C2B-45DB-8483-3276DD5F7083}.iOS Build|ARM.Build.0 = Debug|Any CPU
		{B8746AB5-0C2B-45DB-8483-3276DD5F7083}.iOS Build|iPhone.ActiveCfg = Debug|Any CPU
		{B8746AB5-0C2B-45DB-8483-3276DD5F7083}.iOS Build|iPhone.Build.0 = Debug|Any CPU
		{B8746AB5-0C2B-45DB-8483-3276DD5F7083}.iOS Build|iPhoneSimulator.ActiveCfg = Debug|Any CPU
		{B8746AB5-0C2B-45DB-8483-3276DD5F7083}.iOS Build|iPhoneSimulator.Build.0 = Debug|Any CPU
		{B8746AB5-0C2B-45DB-8483-3276DD5F7083}.iOS Build|x64.ActiveCfg = Debug|Any CPU
		{B8746AB5-0C2B-45DB-8483-3276DD5F7083}.iOS Build|x64.Build.0 = Debug|Any CPU
		{B8746AB5-0C2B-45DB-8483-3276DD5F7083}.iOS Build|x86.ActiveCfg = Debug|Any CPU
		{B8746AB5-0C2B-45DB-8483-3276DD5F7083}.iOS Build|x86.Build.0 = Debug|Any CPU
		{B8746AB5-0C2B-45DB-8483-3276DD5F7083}.Release|Any CPU.ActiveCfg = Release|Any CPU
		{B8746AB5-0C2B-45DB-8483-3276DD5F7083}.Release|Any CPU.Build.0 = Release|Any CPU
		{B8746AB5-0C2B-45DB-8483-3276DD5F7083}.Release|ARM.ActiveCfg = Release|Any CPU
		{B8746AB5-0C2B-45DB-8483-3276DD5F7083}.Release|ARM.Build.0 = Release|Any CPU
		{B8746AB5-0C2B-45DB-8483-3276DD5F7083}.Release|iPhone.ActiveCfg = Release|Any CPU
		{B8746AB5-0C2B-45DB-8483-3276DD5F7083}.Release|iPhone.Build.0 = Release|Any CPU
		{B8746AB5-0C2B-45DB-8483-3276DD5F7083}.Release|iPhoneSimulator.ActiveCfg = Release|Any CPU
		{B8746AB5-0C2B-45DB-8483-3276DD5F7083}.Release|iPhoneSimulator.Build.0 = Release|Any CPU
		{B8746AB5-0C2B-45DB-8483-3276DD5F7083}.Release|x64.ActiveCfg = Release|Any CPU
		{B8746AB5-0C2B-45DB-8483-3276DD5F7083}.Release|x64.Build.0 = Release|Any CPU
		{B8746AB5-0C2B-45DB-8483-3276DD5F7083}.Release|x86.ActiveCfg = Release|Any CPU
		{B8746AB5-0C2B-45DB-8483-3276DD5F7083}.Release|x86.Build.0 = Release|Any CPU
		{B6E22604-C84F-488E-86E5-0FE8B30AB6B0}.Ad-Hoc|Any CPU.ActiveCfg = Release|Any CPU
		{B6E22604-C84F-488E-86E5-0FE8B30AB6B0}.Ad-Hoc|Any CPU.Build.0 = Release|Any CPU
		{B6E22604-C84F-488E-86E5-0FE8B30AB6B0}.Ad-Hoc|ARM.ActiveCfg = Release|Any CPU
		{B6E22604-C84F-488E-86E5-0FE8B30AB6B0}.Ad-Hoc|ARM.Build.0 = Release|Any CPU
		{B6E22604-C84F-488E-86E5-0FE8B30AB6B0}.Ad-Hoc|iPhone.ActiveCfg = Release|Any CPU
		{B6E22604-C84F-488E-86E5-0FE8B30AB6B0}.Ad-Hoc|iPhone.Build.0 = Release|Any CPU
		{B6E22604-C84F-488E-86E5-0FE8B30AB6B0}.Ad-Hoc|iPhoneSimulator.ActiveCfg = Release|Any CPU
		{B6E22604-C84F-488E-86E5-0FE8B30AB6B0}.Ad-Hoc|iPhoneSimulator.Build.0 = Release|Any CPU
		{B6E22604-C84F-488E-86E5-0FE8B30AB6B0}.Ad-Hoc|x64.ActiveCfg = Release|Any CPU
		{B6E22604-C84F-488E-86E5-0FE8B30AB6B0}.Ad-Hoc|x64.Build.0 = Release|Any CPU
		{B6E22604-C84F-488E-86E5-0FE8B30AB6B0}.Ad-Hoc|x86.ActiveCfg = Release|Any CPU
		{B6E22604-C84F-488E-86E5-0FE8B30AB6B0}.Ad-Hoc|x86.Build.0 = Release|Any CPU
		{B6E22604-C84F-488E-86E5-0FE8B30AB6B0}.AppStore|Any CPU.ActiveCfg = Release|Any CPU
		{B6E22604-C84F-488E-86E5-0FE8B30AB6B0}.AppStore|Any CPU.Build.0 = Release|Any CPU
		{B6E22604-C84F-488E-86E5-0FE8B30AB6B0}.AppStore|ARM.ActiveCfg = Release|Any CPU
		{B6E22604-C84F-488E-86E5-0FE8B30AB6B0}.AppStore|ARM.Build.0 = Release|Any CPU
		{B6E22604-C84F-488E-86E5-0FE8B30AB6B0}.AppStore|iPhone.ActiveCfg = Release|Any CPU
		{B6E22604-C84F-488E-86E5-0FE8B30AB6B0}.AppStore|iPhone.Build.0 = Release|Any CPU
		{B6E22604-C84F-488E-86E5-0FE8B30AB6B0}.AppStore|iPhoneSimulator.ActiveCfg = Release|Any CPU
		{B6E22604-C84F-488E-86E5-0FE8B30AB6B0}.AppStore|iPhoneSimulator.Build.0 = Release|Any CPU
		{B6E22604-C84F-488E-86E5-0FE8B30AB6B0}.AppStore|x64.ActiveCfg = Release|Any CPU
		{B6E22604-C84F-488E-86E5-0FE8B30AB6B0}.AppStore|x64.Build.0 = Release|Any CPU
		{B6E22604-C84F-488E-86E5-0FE8B30AB6B0}.AppStore|x86.ActiveCfg = Release|Any CPU
		{B6E22604-C84F-488E-86E5-0FE8B30AB6B0}.AppStore|x86.Build.0 = Release|Any CPU
		{B6E22604-C84F-488E-86E5-0FE8B30AB6B0}.Debug|Any CPU.ActiveCfg = Debug|Any CPU
		{B6E22604-C84F-488E-86E5-0FE8B30AB6B0}.Debug|Any CPU.Build.0 = Debug|Any CPU
		{B6E22604-C84F-488E-86E5-0FE8B30AB6B0}.Debug|ARM.ActiveCfg = Debug|Any CPU
		{B6E22604-C84F-488E-86E5-0FE8B30AB6B0}.Debug|ARM.Build.0 = Debug|Any CPU
		{B6E22604-C84F-488E-86E5-0FE8B30AB6B0}.Debug|iPhone.ActiveCfg = Debug|Any CPU
		{B6E22604-C84F-488E-86E5-0FE8B30AB6B0}.Debug|iPhone.Build.0 = Debug|Any CPU
		{B6E22604-C84F-488E-86E5-0FE8B30AB6B0}.Debug|iPhoneSimulator.ActiveCfg = Debug|Any CPU
		{B6E22604-C84F-488E-86E5-0FE8B30AB6B0}.Debug|iPhoneSimulator.Build.0 = Debug|Any CPU
		{B6E22604-C84F-488E-86E5-0FE8B30AB6B0}.Debug|x64.ActiveCfg = Debug|Any CPU
		{B6E22604-C84F-488E-86E5-0FE8B30AB6B0}.Debug|x64.Build.0 = Debug|Any CPU
		{B6E22604-C84F-488E-86E5-0FE8B30AB6B0}.Debug|x86.ActiveCfg = Debug|Any CPU
		{B6E22604-C84F-488E-86E5-0FE8B30AB6B0}.Debug|x86.Build.0 = Debug|Any CPU
		{B6E22604-C84F-488E-86E5-0FE8B30AB6B0}.iOS Build|Any CPU.ActiveCfg = Release|Any CPU
		{B6E22604-C84F-488E-86E5-0FE8B30AB6B0}.iOS Build|Any CPU.Build.0 = Release|Any CPU
		{B6E22604-C84F-488E-86E5-0FE8B30AB6B0}.iOS Build|ARM.ActiveCfg = Release|Any CPU
		{B6E22604-C84F-488E-86E5-0FE8B30AB6B0}.iOS Build|ARM.Build.0 = Release|Any CPU
		{B6E22604-C84F-488E-86E5-0FE8B30AB6B0}.iOS Build|iPhone.ActiveCfg = Release|Any CPU
		{B6E22604-C84F-488E-86E5-0FE8B30AB6B0}.iOS Build|iPhone.Build.0 = Release|Any CPU
		{B6E22604-C84F-488E-86E5-0FE8B30AB6B0}.iOS Build|iPhoneSimulator.ActiveCfg = Release|Any CPU
		{B6E22604-C84F-488E-86E5-0FE8B30AB6B0}.iOS Build|iPhoneSimulator.Build.0 = Release|Any CPU
		{B6E22604-C84F-488E-86E5-0FE8B30AB6B0}.iOS Build|x64.ActiveCfg = Release|Any CPU
		{B6E22604-C84F-488E-86E5-0FE8B30AB6B0}.iOS Build|x64.Build.0 = Release|Any CPU
		{B6E22604-C84F-488E-86E5-0FE8B30AB6B0}.iOS Build|x86.ActiveCfg = Release|Any CPU
		{B6E22604-C84F-488E-86E5-0FE8B30AB6B0}.iOS Build|x86.Build.0 = Release|Any CPU
		{B6E22604-C84F-488E-86E5-0FE8B30AB6B0}.Release|Any CPU.ActiveCfg = Release|Any CPU
		{B6E22604-C84F-488E-86E5-0FE8B30AB6B0}.Release|Any CPU.Build.0 = Release|Any CPU
		{B6E22604-C84F-488E-86E5-0FE8B30AB6B0}.Release|ARM.ActiveCfg = Release|Any CPU
		{B6E22604-C84F-488E-86E5-0FE8B30AB6B0}.Release|ARM.Build.0 = Release|Any CPU
		{B6E22604-C84F-488E-86E5-0FE8B30AB6B0}.Release|iPhone.ActiveCfg = Release|Any CPU
		{B6E22604-C84F-488E-86E5-0FE8B30AB6B0}.Release|iPhone.Build.0 = Release|Any CPU
		{B6E22604-C84F-488E-86E5-0FE8B30AB6B0}.Release|iPhoneSimulator.ActiveCfg = Release|Any CPU
		{B6E22604-C84F-488E-86E5-0FE8B30AB6B0}.Release|iPhoneSimulator.Build.0 = Release|Any CPU
		{B6E22604-C84F-488E-86E5-0FE8B30AB6B0}.Release|x64.ActiveCfg = Release|Any CPU
		{B6E22604-C84F-488E-86E5-0FE8B30AB6B0}.Release|x64.Build.0 = Release|Any CPU
		{B6E22604-C84F-488E-86E5-0FE8B30AB6B0}.Release|x86.ActiveCfg = Release|Any CPU
		{B6E22604-C84F-488E-86E5-0FE8B30AB6B0}.Release|x86.Build.0 = Release|Any CPU
		{12F1D893-A53B-44D6-9A9A-2922D9E7E38A}.Ad-Hoc|Any CPU.ActiveCfg = Release|Any CPU
		{12F1D893-A53B-44D6-9A9A-2922D9E7E38A}.Ad-Hoc|Any CPU.Build.0 = Release|Any CPU
		{12F1D893-A53B-44D6-9A9A-2922D9E7E38A}.Ad-Hoc|ARM.ActiveCfg = Release|ARM
		{12F1D893-A53B-44D6-9A9A-2922D9E7E38A}.Ad-Hoc|ARM.Build.0 = Release|ARM
		{12F1D893-A53B-44D6-9A9A-2922D9E7E38A}.Ad-Hoc|iPhone.ActiveCfg = Release|Any CPU
		{12F1D893-A53B-44D6-9A9A-2922D9E7E38A}.Ad-Hoc|iPhone.Build.0 = Release|Any CPU
		{12F1D893-A53B-44D6-9A9A-2922D9E7E38A}.Ad-Hoc|iPhoneSimulator.ActiveCfg = Release|Any CPU
		{12F1D893-A53B-44D6-9A9A-2922D9E7E38A}.Ad-Hoc|iPhoneSimulator.Build.0 = Release|Any CPU
		{12F1D893-A53B-44D6-9A9A-2922D9E7E38A}.Ad-Hoc|x64.ActiveCfg = Release|x64
		{12F1D893-A53B-44D6-9A9A-2922D9E7E38A}.Ad-Hoc|x64.Build.0 = Release|x64
		{12F1D893-A53B-44D6-9A9A-2922D9E7E38A}.Ad-Hoc|x86.ActiveCfg = Release|x86
		{12F1D893-A53B-44D6-9A9A-2922D9E7E38A}.Ad-Hoc|x86.Build.0 = Release|x86
		{12F1D893-A53B-44D6-9A9A-2922D9E7E38A}.AppStore|Any CPU.ActiveCfg = Release|Any CPU
		{12F1D893-A53B-44D6-9A9A-2922D9E7E38A}.AppStore|Any CPU.Build.0 = Release|Any CPU
		{12F1D893-A53B-44D6-9A9A-2922D9E7E38A}.AppStore|ARM.ActiveCfg = Release|ARM
		{12F1D893-A53B-44D6-9A9A-2922D9E7E38A}.AppStore|ARM.Build.0 = Release|ARM
		{12F1D893-A53B-44D6-9A9A-2922D9E7E38A}.AppStore|iPhone.ActiveCfg = Release|Any CPU
		{12F1D893-A53B-44D6-9A9A-2922D9E7E38A}.AppStore|iPhone.Build.0 = Release|Any CPU
		{12F1D893-A53B-44D6-9A9A-2922D9E7E38A}.AppStore|iPhoneSimulator.ActiveCfg = Release|Any CPU
		{12F1D893-A53B-44D6-9A9A-2922D9E7E38A}.AppStore|iPhoneSimulator.Build.0 = Release|Any CPU
		{12F1D893-A53B-44D6-9A9A-2922D9E7E38A}.AppStore|x64.ActiveCfg = Release|x64
		{12F1D893-A53B-44D6-9A9A-2922D9E7E38A}.AppStore|x64.Build.0 = Release|x64
		{12F1D893-A53B-44D6-9A9A-2922D9E7E38A}.AppStore|x86.ActiveCfg = Release|x86
		{12F1D893-A53B-44D6-9A9A-2922D9E7E38A}.AppStore|x86.Build.0 = Release|x86
		{12F1D893-A53B-44D6-9A9A-2922D9E7E38A}.Debug|Any CPU.ActiveCfg = Debug|Any CPU
		{12F1D893-A53B-44D6-9A9A-2922D9E7E38A}.Debug|Any CPU.Build.0 = Debug|Any CPU
		{12F1D893-A53B-44D6-9A9A-2922D9E7E38A}.Debug|ARM.ActiveCfg = Debug|ARM
		{12F1D893-A53B-44D6-9A9A-2922D9E7E38A}.Debug|ARM.Build.0 = Debug|ARM
		{12F1D893-A53B-44D6-9A9A-2922D9E7E38A}.Debug|iPhone.ActiveCfg = Debug|Any CPU
		{12F1D893-A53B-44D6-9A9A-2922D9E7E38A}.Debug|iPhone.Build.0 = Debug|Any CPU
		{12F1D893-A53B-44D6-9A9A-2922D9E7E38A}.Debug|iPhoneSimulator.ActiveCfg = Debug|Any CPU
		{12F1D893-A53B-44D6-9A9A-2922D9E7E38A}.Debug|iPhoneSimulator.Build.0 = Debug|Any CPU
		{12F1D893-A53B-44D6-9A9A-2922D9E7E38A}.Debug|x64.ActiveCfg = Debug|x64
		{12F1D893-A53B-44D6-9A9A-2922D9E7E38A}.Debug|x64.Build.0 = Debug|x64
		{12F1D893-A53B-44D6-9A9A-2922D9E7E38A}.Debug|x86.ActiveCfg = Debug|x86
		{12F1D893-A53B-44D6-9A9A-2922D9E7E38A}.Debug|x86.Build.0 = Debug|x86
		{12F1D893-A53B-44D6-9A9A-2922D9E7E38A}.iOS Build|Any CPU.ActiveCfg = Release|Any CPU
		{12F1D893-A53B-44D6-9A9A-2922D9E7E38A}.iOS Build|Any CPU.Build.0 = Release|Any CPU
		{12F1D893-A53B-44D6-9A9A-2922D9E7E38A}.iOS Build|ARM.ActiveCfg = Release|ARM
		{12F1D893-A53B-44D6-9A9A-2922D9E7E38A}.iOS Build|ARM.Build.0 = Release|ARM
		{12F1D893-A53B-44D6-9A9A-2922D9E7E38A}.iOS Build|iPhone.ActiveCfg = Release|Any CPU
		{12F1D893-A53B-44D6-9A9A-2922D9E7E38A}.iOS Build|iPhone.Build.0 = Release|Any CPU
		{12F1D893-A53B-44D6-9A9A-2922D9E7E38A}.iOS Build|iPhoneSimulator.ActiveCfg = Release|Any CPU
		{12F1D893-A53B-44D6-9A9A-2922D9E7E38A}.iOS Build|iPhoneSimulator.Build.0 = Release|Any CPU
		{12F1D893-A53B-44D6-9A9A-2922D9E7E38A}.iOS Build|x64.ActiveCfg = Release|x64
		{12F1D893-A53B-44D6-9A9A-2922D9E7E38A}.iOS Build|x64.Build.0 = Release|x64
		{12F1D893-A53B-44D6-9A9A-2922D9E7E38A}.iOS Build|x86.ActiveCfg = Release|x86
		{12F1D893-A53B-44D6-9A9A-2922D9E7E38A}.iOS Build|x86.Build.0 = Release|x86
		{12F1D893-A53B-44D6-9A9A-2922D9E7E38A}.Release|Any CPU.ActiveCfg = Release|Any CPU
		{12F1D893-A53B-44D6-9A9A-2922D9E7E38A}.Release|Any CPU.Build.0 = Release|Any CPU
		{12F1D893-A53B-44D6-9A9A-2922D9E7E38A}.Release|ARM.ActiveCfg = Release|ARM
		{12F1D893-A53B-44D6-9A9A-2922D9E7E38A}.Release|ARM.Build.0 = Release|ARM
		{12F1D893-A53B-44D6-9A9A-2922D9E7E38A}.Release|iPhone.ActiveCfg = Release|Any CPU
		{12F1D893-A53B-44D6-9A9A-2922D9E7E38A}.Release|iPhone.Build.0 = Release|Any CPU
		{12F1D893-A53B-44D6-9A9A-2922D9E7E38A}.Release|iPhoneSimulator.ActiveCfg = Release|Any CPU
		{12F1D893-A53B-44D6-9A9A-2922D9E7E38A}.Release|iPhoneSimulator.Build.0 = Release|Any CPU
		{12F1D893-A53B-44D6-9A9A-2922D9E7E38A}.Release|x64.ActiveCfg = Release|x64
		{12F1D893-A53B-44D6-9A9A-2922D9E7E38A}.Release|x64.Build.0 = Release|x64
		{12F1D893-A53B-44D6-9A9A-2922D9E7E38A}.Release|x86.ActiveCfg = Release|x86
		{12F1D893-A53B-44D6-9A9A-2922D9E7E38A}.Release|x86.Build.0 = Release|x86
		{D3BBE2F1-36E7-4EF3-B31C-E3B2B5250621}.Ad-Hoc|Any CPU.ActiveCfg = Release|Any CPU
		{D3BBE2F1-36E7-4EF3-B31C-E3B2B5250621}.Ad-Hoc|Any CPU.Build.0 = Release|Any CPU
		{D3BBE2F1-36E7-4EF3-B31C-E3B2B5250621}.Ad-Hoc|ARM.ActiveCfg = Release|Any CPU
		{D3BBE2F1-36E7-4EF3-B31C-E3B2B5250621}.Ad-Hoc|ARM.Build.0 = Release|Any CPU
		{D3BBE2F1-36E7-4EF3-B31C-E3B2B5250621}.Ad-Hoc|iPhone.ActiveCfg = Release|Any CPU
		{D3BBE2F1-36E7-4EF3-B31C-E3B2B5250621}.Ad-Hoc|iPhone.Build.0 = Release|Any CPU
		{D3BBE2F1-36E7-4EF3-B31C-E3B2B5250621}.Ad-Hoc|iPhoneSimulator.ActiveCfg = Release|Any CPU
		{D3BBE2F1-36E7-4EF3-B31C-E3B2B5250621}.Ad-Hoc|iPhoneSimulator.Build.0 = Release|Any CPU
		{D3BBE2F1-36E7-4EF3-B31C-E3B2B5250621}.Ad-Hoc|x64.ActiveCfg = Release|Any CPU
		{D3BBE2F1-36E7-4EF3-B31C-E3B2B5250621}.Ad-Hoc|x64.Build.0 = Release|Any CPU
		{D3BBE2F1-36E7-4EF3-B31C-E3B2B5250621}.Ad-Hoc|x86.ActiveCfg = Release|Any CPU
		{D3BBE2F1-36E7-4EF3-B31C-E3B2B5250621}.Ad-Hoc|x86.Build.0 = Release|Any CPU
		{D3BBE2F1-36E7-4EF3-B31C-E3B2B5250621}.AppStore|Any CPU.ActiveCfg = Release|Any CPU
		{D3BBE2F1-36E7-4EF3-B31C-E3B2B5250621}.AppStore|Any CPU.Build.0 = Release|Any CPU
		{D3BBE2F1-36E7-4EF3-B31C-E3B2B5250621}.AppStore|ARM.ActiveCfg = Release|Any CPU
		{D3BBE2F1-36E7-4EF3-B31C-E3B2B5250621}.AppStore|ARM.Build.0 = Release|Any CPU
		{D3BBE2F1-36E7-4EF3-B31C-E3B2B5250621}.AppStore|iPhone.ActiveCfg = Release|Any CPU
		{D3BBE2F1-36E7-4EF3-B31C-E3B2B5250621}.AppStore|iPhone.Build.0 = Release|Any CPU
		{D3BBE2F1-36E7-4EF3-B31C-E3B2B5250621}.AppStore|iPhoneSimulator.ActiveCfg = Release|Any CPU
		{D3BBE2F1-36E7-4EF3-B31C-E3B2B5250621}.AppStore|iPhoneSimulator.Build.0 = Release|Any CPU
		{D3BBE2F1-36E7-4EF3-B31C-E3B2B5250621}.AppStore|x64.ActiveCfg = Release|Any CPU
		{D3BBE2F1-36E7-4EF3-B31C-E3B2B5250621}.AppStore|x64.Build.0 = Release|Any CPU
		{D3BBE2F1-36E7-4EF3-B31C-E3B2B5250621}.AppStore|x86.ActiveCfg = Release|Any CPU
		{D3BBE2F1-36E7-4EF3-B31C-E3B2B5250621}.AppStore|x86.Build.0 = Release|Any CPU
		{D3BBE2F1-36E7-4EF3-B31C-E3B2B5250621}.Debug|Any CPU.ActiveCfg = Debug|Any CPU
		{D3BBE2F1-36E7-4EF3-B31C-E3B2B5250621}.Debug|Any CPU.Build.0 = Debug|Any CPU
		{D3BBE2F1-36E7-4EF3-B31C-E3B2B5250621}.Debug|ARM.ActiveCfg = Debug|Any CPU
		{D3BBE2F1-36E7-4EF3-B31C-E3B2B5250621}.Debug|ARM.Build.0 = Debug|Any CPU
		{D3BBE2F1-36E7-4EF3-B31C-E3B2B5250621}.Debug|iPhone.ActiveCfg = Debug|Any CPU
		{D3BBE2F1-36E7-4EF3-B31C-E3B2B5250621}.Debug|iPhone.Build.0 = Debug|Any CPU
		{D3BBE2F1-36E7-4EF3-B31C-E3B2B5250621}.Debug|iPhoneSimulator.ActiveCfg = Debug|Any CPU
		{D3BBE2F1-36E7-4EF3-B31C-E3B2B5250621}.Debug|iPhoneSimulator.Build.0 = Debug|Any CPU
		{D3BBE2F1-36E7-4EF3-B31C-E3B2B5250621}.Debug|x64.ActiveCfg = Debug|Any CPU
		{D3BBE2F1-36E7-4EF3-B31C-E3B2B5250621}.Debug|x64.Build.0 = Debug|Any CPU
		{D3BBE2F1-36E7-4EF3-B31C-E3B2B5250621}.Debug|x86.ActiveCfg = Debug|Any CPU
		{D3BBE2F1-36E7-4EF3-B31C-E3B2B5250621}.Debug|x86.Build.0 = Debug|Any CPU
		{D3BBE2F1-36E7-4EF3-B31C-E3B2B5250621}.iOS Build|Any CPU.ActiveCfg = Release|Any CPU
		{D3BBE2F1-36E7-4EF3-B31C-E3B2B5250621}.iOS Build|Any CPU.Build.0 = Release|Any CPU
		{D3BBE2F1-36E7-4EF3-B31C-E3B2B5250621}.iOS Build|ARM.ActiveCfg = Release|Any CPU
		{D3BBE2F1-36E7-4EF3-B31C-E3B2B5250621}.iOS Build|ARM.Build.0 = Release|Any CPU
		{D3BBE2F1-36E7-4EF3-B31C-E3B2B5250621}.iOS Build|iPhone.ActiveCfg = Release|Any CPU
		{D3BBE2F1-36E7-4EF3-B31C-E3B2B5250621}.iOS Build|iPhone.Build.0 = Release|Any CPU
		{D3BBE2F1-36E7-4EF3-B31C-E3B2B5250621}.iOS Build|iPhoneSimulator.ActiveCfg = Release|Any CPU
		{D3BBE2F1-36E7-4EF3-B31C-E3B2B5250621}.iOS Build|iPhoneSimulator.Build.0 = Release|Any CPU
		{D3BBE2F1-36E7-4EF3-B31C-E3B2B5250621}.iOS Build|x64.ActiveCfg = Release|Any CPU
		{D3BBE2F1-36E7-4EF3-B31C-E3B2B5250621}.iOS Build|x64.Build.0 = Release|Any CPU
		{D3BBE2F1-36E7-4EF3-B31C-E3B2B5250621}.iOS Build|x86.ActiveCfg = Release|Any CPU
		{D3BBE2F1-36E7-4EF3-B31C-E3B2B5250621}.iOS Build|x86.Build.0 = Release|Any CPU
		{D3BBE2F1-36E7-4EF3-B31C-E3B2B5250621}.Release|Any CPU.ActiveCfg = Release|Any CPU
		{D3BBE2F1-36E7-4EF3-B31C-E3B2B5250621}.Release|Any CPU.Build.0 = Release|Any CPU
		{D3BBE2F1-36E7-4EF3-B31C-E3B2B5250621}.Release|ARM.ActiveCfg = Release|Any CPU
		{D3BBE2F1-36E7-4EF3-B31C-E3B2B5250621}.Release|ARM.Build.0 = Release|Any CPU
		{D3BBE2F1-36E7-4EF3-B31C-E3B2B5250621}.Release|iPhone.ActiveCfg = Release|Any CPU
		{D3BBE2F1-36E7-4EF3-B31C-E3B2B5250621}.Release|iPhone.Build.0 = Release|Any CPU
		{D3BBE2F1-36E7-4EF3-B31C-E3B2B5250621}.Release|iPhoneSimulator.ActiveCfg = Release|Any CPU
		{D3BBE2F1-36E7-4EF3-B31C-E3B2B5250621}.Release|iPhoneSimulator.Build.0 = Release|Any CPU
		{D3BBE2F1-36E7-4EF3-B31C-E3B2B5250621}.Release|x64.ActiveCfg = Release|Any CPU
		{D3BBE2F1-36E7-4EF3-B31C-E3B2B5250621}.Release|x64.Build.0 = Release|Any CPU
		{D3BBE2F1-36E7-4EF3-B31C-E3B2B5250621}.Release|x86.ActiveCfg = Release|Any CPU
		{D3BBE2F1-36E7-4EF3-B31C-E3B2B5250621}.Release|x86.Build.0 = Release|Any CPU
	EndGlobalSection
	GlobalSection(SolutionProperties) = preSolution
		HideSolutionNode = FALSE
	EndGlobalSection
	GlobalSection(NestedProjects) = preSolution
		{786A2D0B-C3E4-4D7A-89C5-86EBC94E1B45} = {28B2F139-DEC4-4A0D-91D0-09BE58A02F90}
		{D5DD4CA3-3B5C-4A0E-AA82-4CEBB9A7160D} = {DE9500B4-4EE9-4E14-9EC8-FF7AF17B0776}
		{9ED662B0-40C9-4899-B11E-F10C3C9D6AEB} = {DE9500B4-4EE9-4E14-9EC8-FF7AF17B0776}
		{1204FEFC-4C99-4363-946E-8796753EF4D4} = {FBF2FEFF-0074-4AC5-A86E-457BF2D098A1}
		{7E1A780C-C7AA-415B-993F-48FA3C1FB8F0} = {FBF2FEFF-0074-4AC5-A86E-457BF2D098A1}
		{09DE2840-53F9-4802-9E04-BB75862B8445} = {1204FEFC-4C99-4363-946E-8796753EF4D4}
		{B8746AB5-0C2B-45DB-8483-3276DD5F7083} = {7E1A780C-C7AA-415B-993F-48FA3C1FB8F0}
		{B6E22604-C84F-488E-86E5-0FE8B30AB6B0} = {7E1A780C-C7AA-415B-993F-48FA3C1FB8F0}
		{12F1D893-A53B-44D6-9A9A-2922D9E7E38A} = {DE9500B4-4EE9-4E14-9EC8-FF7AF17B0776}
		{D3BBE2F1-36E7-4EF3-B31C-E3B2B5250621} = {DE9500B4-4EE9-4E14-9EC8-FF7AF17B0776}
	EndGlobalSection
	GlobalSection(ExtensibilityGlobals) = postSolution
		SolutionGuid = {1AF84513-AF8C-449E-A7AA-861EA240B1F3}
	EndGlobalSection
EndGlobal
