
Microsoft Visual Studio Solution File, Format Version 12.00
# Visual Studio 15
VisualStudioVersion = 15.0.26228.9
MinimumVisualStudioVersion = 10.0.40219.1
Project("{FAE04EC0-301F-11D3-BF4B-00C04F79EFBC}") = "LagoVista.Simulator", "Simulator\LagoVista.Simulator\LagoVista.Simulator.csproj", "{B5EC62F1-6739-4055-B6FC-21776E60F98A}"
EndProject
Project("{FAE04EC0-301F-11D3-BF4B-00C04F79EFBC}") = "LagoVista.Simulator.Android", "Simulator\LagoVista.Simulator.Android\LagoVista.Simulator.Android.csproj", "{832182CC-D9E4-4361-A75C-3FBF80BE6D88}"
EndProject
Project("{FAE04EC0-301F-11D3-BF4B-00C04F79EFBC}") = "LagoVista.Simulator.iOS", "Simulator\LagoVista.Simulator.iOS\LagoVista.Simulator.iOS.csproj", "{EC06F587-499C-4247-BA95-0D9703A8D772}"
EndProject
Project("{FAE04EC0-301F-11D3-BF4B-00C04F79EFBC}") = "LagoVista.Simulator.UWP", "Simulator\LagoVista.Simulator.UWP\LagoVista.Simulator.UWP.csproj", "{6777C7CA-C39D-4552-AF26-472A2D0B9821}"
EndProject
Global
	GlobalSection(SolutionConfigurationPlatforms) = preSolution
		Ad-Hoc|Any CPU = Ad-Hoc|Any CPU
		Ad-Hoc|ARM = Ad-Hoc|ARM
		Ad-Hoc|iPhone = Ad-Hoc|iPhone
		Ad-Hoc|iPhoneSimulator = Ad-Hoc|iPhoneSimulator
		Ad-Hoc|x64 = Ad-Hoc|x64
		Ad-Hoc|x86 = Ad-Hoc|x86
		AppStore|Any CPU = AppStore|Any CPU
		AppStore|ARM = AppStore|ARM
		AppStore|iPhone = AppStore|iPhone
		AppStore|iPhoneSimulator = AppStore|iPhoneSimulator
		AppStore|x64 = AppStore|x64
		AppStore|x86 = AppStore|x86
		Debug|Any CPU = Debug|Any CPU
		Debug|ARM = Debug|ARM
		Debug|iPhone = Debug|iPhone
		Debug|iPhoneSimulator = Debug|iPhoneSimulator
		Debug|x64 = Debug|x64
		Debug|x86 = Debug|x86
		Release|Any CPU = Release|Any CPU
		Release|ARM = Release|ARM
		Release|iPhone = Release|iPhone
		Release|iPhoneSimulator = Release|iPhoneSimulator
		Release|x64 = Release|x64
		Release|x86 = Release|x86
	EndGlobalSection
	GlobalSection(ProjectConfigurationPlatforms) = postSolution
		{B5EC62F1-6739-4055-B6FC-21776E60F98A}.Ad-Hoc|Any CPU.ActiveCfg = Release|Any CPU
		{B5EC62F1-6739-4055-B6FC-21776E60F98A}.Ad-Hoc|Any CPU.Build.0 = Release|Any CPU
		{B5EC62F1-6739-4055-B6FC-21776E60F98A}.Ad-Hoc|ARM.ActiveCfg = Release|Any CPU
		{B5EC62F1-6739-4055-B6FC-21776E60F98A}.Ad-Hoc|ARM.Build.0 = Release|Any CPU
		{B5EC62F1-6739-4055-B6FC-21776E60F98A}.Ad-Hoc|iPhone.ActiveCfg = Release|Any CPU
		{B5EC62F1-6739-4055-B6FC-21776E60F98A}.Ad-Hoc|iPhone.Build.0 = Release|Any CPU
		{B5EC62F1-6739-4055-B6FC-21776E60F98A}.Ad-Hoc|iPhoneSimulator.ActiveCfg = Release|Any CPU
		{B5EC62F1-6739-4055-B6FC-21776E60F98A}.Ad-Hoc|iPhoneSimulator.Build.0 = Release|Any CPU
		{B5EC62F1-6739-4055-B6FC-21776E60F98A}.Ad-Hoc|x64.ActiveCfg = Release|Any CPU
		{B5EC62F1-6739-4055-B6FC-21776E60F98A}.Ad-Hoc|x64.Build.0 = Release|Any CPU
		{B5EC62F1-6739-4055-B6FC-21776E60F98A}.Ad-Hoc|x86.ActiveCfg = Release|Any CPU
		{B5EC62F1-6739-4055-B6FC-21776E60F98A}.Ad-Hoc|x86.Build.0 = Release|Any CPU
		{B5EC62F1-6739-4055-B6FC-21776E60F98A}.AppStore|Any CPU.ActiveCfg = Release|Any CPU
		{B5EC62F1-6739-4055-B6FC-21776E60F98A}.AppStore|Any CPU.Build.0 = Release|Any CPU
		{B5EC62F1-6739-4055-B6FC-21776E60F98A}.AppStore|ARM.ActiveCfg = Release|Any CPU
		{B5EC62F1-6739-4055-B6FC-21776E60F98A}.AppStore|ARM.Build.0 = Release|Any CPU
		{B5EC62F1-6739-4055-B6FC-21776E60F98A}.AppStore|iPhone.ActiveCfg = Release|Any CPU
		{B5EC62F1-6739-4055-B6FC-21776E60F98A}.AppStore|iPhone.Build.0 = Release|Any CPU
		{B5EC62F1-6739-4055-B6FC-21776E60F98A}.AppStore|iPhoneSimulator.ActiveCfg = Release|Any CPU
		{B5EC62F1-6739-4055-B6FC-21776E60F98A}.AppStore|iPhoneSimulator.Build.0 = Release|Any CPU
		{B5EC62F1-6739-4055-B6FC-21776E60F98A}.AppStore|x64.ActiveCfg = Release|Any CPU
		{B5EC62F1-6739-4055-B6FC-21776E60F98A}.AppStore|x64.Build.0 = Release|Any CPU
		{B5EC62F1-6739-4055-B6FC-21776E60F98A}.AppStore|x86.ActiveCfg = Release|Any CPU
		{B5EC62F1-6739-4055-B6FC-21776E60F98A}.AppStore|x86.Build.0 = Release|Any CPU
		{B5EC62F1-6739-4055-B6FC-21776E60F98A}.Debug|Any CPU.ActiveCfg = Debug|Any CPU
		{B5EC62F1-6739-4055-B6FC-21776E60F98A}.Debug|Any CPU.Build.0 = Debug|Any CPU
		{B5EC62F1-6739-4055-B6FC-21776E60F98A}.Debug|ARM.ActiveCfg = Debug|Any CPU
		{B5EC62F1-6739-4055-B6FC-21776E60F98A}.Debug|ARM.Build.0 = Debug|Any CPU
		{B5EC62F1-6739-4055-B6FC-21776E60F98A}.Debug|iPhone.ActiveCfg = Debug|Any CPU
		{B5EC62F1-6739-4055-B6FC-21776E60F98A}.Debug|iPhone.Build.0 = Debug|Any CPU
		{B5EC62F1-6739-4055-B6FC-21776E60F98A}.Debug|iPhoneSimulator.ActiveCfg = Debug|Any CPU
		{B5EC62F1-6739-4055-B6FC-21776E60F98A}.Debug|iPhoneSimulator.Build.0 = Debug|Any CPU
		{B5EC62F1-6739-4055-B6FC-21776E60F98A}.Debug|x64.ActiveCfg = Debug|Any CPU
		{B5EC62F1-6739-4055-B6FC-21776E60F98A}.Debug|x64.Build.0 = Debug|Any CPU
		{B5EC62F1-6739-4055-B6FC-21776E60F98A}.Debug|x86.ActiveCfg = Debug|Any CPU
		{B5EC62F1-6739-4055-B6FC-21776E60F98A}.Debug|x86.Build.0 = Debug|Any CPU
		{B5EC62F1-6739-4055-B6FC-21776E60F98A}.Release|Any CPU.ActiveCfg = Release|Any CPU
		{B5EC62F1-6739-4055-B6FC-21776E60F98A}.Release|Any CPU.Build.0 = Release|Any CPU
		{B5EC62F1-6739-4055-B6FC-21776E60F98A}.Release|ARM.ActiveCfg = Release|Any CPU
		{B5EC62F1-6739-4055-B6FC-21776E60F98A}.Release|ARM.Build.0 = Release|Any CPU
		{B5EC62F1-6739-4055-B6FC-21776E60F98A}.Release|iPhone.ActiveCfg = Release|Any CPU
		{B5EC62F1-6739-4055-B6FC-21776E60F98A}.Release|iPhone.Build.0 = Release|Any CPU
		{B5EC62F1-6739-4055-B6FC-21776E60F98A}.Release|iPhoneSimulator.ActiveCfg = Release|Any CPU
		{B5EC62F1-6739-4055-B6FC-21776E60F98A}.Release|iPhoneSimulator.Build.0 = Release|Any CPU
		{B5EC62F1-6739-4055-B6FC-21776E60F98A}.Release|x64.ActiveCfg = Release|Any CPU
		{B5EC62F1-6739-4055-B6FC-21776E60F98A}.Release|x64.Build.0 = Release|Any CPU
		{B5EC62F1-6739-4055-B6FC-21776E60F98A}.Release|x86.ActiveCfg = Release|Any CPU
		{B5EC62F1-6739-4055-B6FC-21776E60F98A}.Release|x86.Build.0 = Release|Any CPU
		{832182CC-D9E4-4361-A75C-3FBF80BE6D88}.Ad-Hoc|Any CPU.ActiveCfg = Release|Any CPU
		{832182CC-D9E4-4361-A75C-3FBF80BE6D88}.Ad-Hoc|Any CPU.Build.0 = Release|Any CPU
		{832182CC-D9E4-4361-A75C-3FBF80BE6D88}.Ad-Hoc|Any CPU.Deploy.0 = Release|Any CPU
		{832182CC-D9E4-4361-A75C-3FBF80BE6D88}.Ad-Hoc|ARM.ActiveCfg = Release|Any CPU
		{832182CC-D9E4-4361-A75C-3FBF80BE6D88}.Ad-Hoc|ARM.Build.0 = Release|Any CPU
		{832182CC-D9E4-4361-A75C-3FBF80BE6D88}.Ad-Hoc|ARM.Deploy.0 = Release|Any CPU
		{832182CC-D9E4-4361-A75C-3FBF80BE6D88}.Ad-Hoc|iPhone.ActiveCfg = Release|Any CPU
		{832182CC-D9E4-4361-A75C-3FBF80BE6D88}.Ad-Hoc|iPhone.Build.0 = Release|Any CPU
		{832182CC-D9E4-4361-A75C-3FBF80BE6D88}.Ad-Hoc|iPhone.Deploy.0 = Release|Any CPU
		{832182CC-D9E4-4361-A75C-3FBF80BE6D88}.Ad-Hoc|iPhoneSimulator.ActiveCfg = Release|Any CPU
		{832182CC-D9E4-4361-A75C-3FBF80BE6D88}.Ad-Hoc|iPhoneSimulator.Build.0 = Release|Any CPU
		{832182CC-D9E4-4361-A75C-3FBF80BE6D88}.Ad-Hoc|iPhoneSimulator.Deploy.0 = Release|Any CPU
		{832182CC-D9E4-4361-A75C-3FBF80BE6D88}.Ad-Hoc|x64.ActiveCfg = Release|Any CPU
		{832182CC-D9E4-4361-A75C-3FBF80BE6D88}.Ad-Hoc|x64.Build.0 = Release|Any CPU
		{832182CC-D9E4-4361-A75C-3FBF80BE6D88}.Ad-Hoc|x64.Deploy.0 = Release|Any CPU
		{832182CC-D9E4-4361-A75C-3FBF80BE6D88}.Ad-Hoc|x86.ActiveCfg = Release|Any CPU
		{832182CC-D9E4-4361-A75C-3FBF80BE6D88}.Ad-Hoc|x86.Build.0 = Release|Any CPU
		{832182CC-D9E4-4361-A75C-3FBF80BE6D88}.Ad-Hoc|x86.Deploy.0 = Release|Any CPU
		{832182CC-D9E4-4361-A75C-3FBF80BE6D88}.AppStore|Any CPU.ActiveCfg = Release|Any CPU
		{832182CC-D9E4-4361-A75C-3FBF80BE6D88}.AppStore|Any CPU.Build.0 = Release|Any CPU
		{832182CC-D9E4-4361-A75C-3FBF80BE6D88}.AppStore|Any CPU.Deploy.0 = Release|Any CPU
		{832182CC-D9E4-4361-A75C-3FBF80BE6D88}.AppStore|ARM.ActiveCfg = Release|Any CPU
		{832182CC-D9E4-4361-A75C-3FBF80BE6D88}.AppStore|ARM.Build.0 = Release|Any CPU
		{832182CC-D9E4-4361-A75C-3FBF80BE6D88}.AppStore|ARM.Deploy.0 = Release|Any CPU
		{832182CC-D9E4-4361-A75C-3FBF80BE6D88}.AppStore|iPhone.ActiveCfg = Release|Any CPU
		{832182CC-D9E4-4361-A75C-3FBF80BE6D88}.AppStore|iPhone.Build.0 = Release|Any CPU
		{832182CC-D9E4-4361-A75C-3FBF80BE6D88}.AppStore|iPhone.Deploy.0 = Release|Any CPU
		{832182CC-D9E4-4361-A75C-3FBF80BE6D88}.AppStore|iPhoneSimulator.ActiveCfg = Release|Any CPU
		{832182CC-D9E4-4361-A75C-3FBF80BE6D88}.AppStore|iPhoneSimulator.Build.0 = Release|Any CPU
		{832182CC-D9E4-4361-A75C-3FBF80BE6D88}.AppStore|iPhoneSimulator.Deploy.0 = Release|Any CPU
		{832182CC-D9E4-4361-A75C-3FBF80BE6D88}.AppStore|x64.ActiveCfg = Release|Any CPU
		{832182CC-D9E4-4361-A75C-3FBF80BE6D88}.AppStore|x64.Build.0 = Release|Any CPU
		{832182CC-D9E4-4361-A75C-3FBF80BE6D88}.AppStore|x64.Deploy.0 = Release|Any CPU
		{832182CC-D9E4-4361-A75C-3FBF80BE6D88}.AppStore|x86.ActiveCfg = Release|Any CPU
		{832182CC-D9E4-4361-A75C-3FBF80BE6D88}.AppStore|x86.Build.0 = Release|Any CPU
		{832182CC-D9E4-4361-A75C-3FBF80BE6D88}.AppStore|x86.Deploy.0 = Release|Any CPU
		{832182CC-D9E4-4361-A75C-3FBF80BE6D88}.Debug|Any CPU.ActiveCfg = Debug|Any CPU
		{832182CC-D9E4-4361-A75C-3FBF80BE6D88}.Debug|Any CPU.Build.0 = Debug|Any CPU
		{832182CC-D9E4-4361-A75C-3FBF80BE6D88}.Debug|Any CPU.Deploy.0 = Debug|Any CPU
		{832182CC-D9E4-4361-A75C-3FBF80BE6D88}.Debug|ARM.ActiveCfg = Debug|Any CPU
		{832182CC-D9E4-4361-A75C-3FBF80BE6D88}.Debug|ARM.Build.0 = Debug|Any CPU
		{832182CC-D9E4-4361-A75C-3FBF80BE6D88}.Debug|ARM.Deploy.0 = Debug|Any CPU
		{832182CC-D9E4-4361-A75C-3FBF80BE6D88}.Debug|iPhone.ActiveCfg = Debug|Any CPU
		{832182CC-D9E4-4361-A75C-3FBF80BE6D88}.Debug|iPhone.Build.0 = Debug|Any CPU
		{832182CC-D9E4-4361-A75C-3FBF80BE6D88}.Debug|iPhone.Deploy.0 = Debug|Any CPU
		{832182CC-D9E4-4361-A75C-3FBF80BE6D88}.Debug|iPhoneSimulator.ActiveCfg = Debug|Any CPU
		{832182CC-D9E4-4361-A75C-3FBF80BE6D88}.Debug|iPhoneSimulator.Build.0 = Debug|Any CPU
		{832182CC-D9E4-4361-A75C-3FBF80BE6D88}.Debug|iPhoneSimulator.Deploy.0 = Debug|Any CPU
		{832182CC-D9E4-4361-A75C-3FBF80BE6D88}.Debug|x64.ActiveCfg = Debug|Any CPU
		{832182CC-D9E4-4361-A75C-3FBF80BE6D88}.Debug|x64.Build.0 = Debug|Any CPU
		{832182CC-D9E4-4361-A75C-3FBF80BE6D88}.Debug|x64.Deploy.0 = Debug|Any CPU
		{832182CC-D9E4-4361-A75C-3FBF80BE6D88}.Debug|x86.ActiveCfg = Debug|Any CPU
		{832182CC-D9E4-4361-A75C-3FBF80BE6D88}.Debug|x86.Build.0 = Debug|Any CPU
		{832182CC-D9E4-4361-A75C-3FBF80BE6D88}.Debug|x86.Deploy.0 = Debug|Any CPU
		{832182CC-D9E4-4361-A75C-3FBF80BE6D88}.Release|Any CPU.ActiveCfg = Release|Any CPU
		{832182CC-D9E4-4361-A75C-3FBF80BE6D88}.Release|Any CPU.Build.0 = Release|Any CPU
		{832182CC-D9E4-4361-A75C-3FBF80BE6D88}.Release|Any CPU.Deploy.0 = Release|Any CPU
		{832182CC-D9E4-4361-A75C-3FBF80BE6D88}.Release|ARM.ActiveCfg = Release|Any CPU
		{832182CC-D9E4-4361-A75C-3FBF80BE6D88}.Release|ARM.Build.0 = Release|Any CPU
		{832182CC-D9E4-4361-A75C-3FBF80BE6D88}.Release|ARM.Deploy.0 = Release|Any CPU
		{832182CC-D9E4-4361-A75C-3FBF80BE6D88}.Release|iPhone.ActiveCfg = Release|Any CPU
		{832182CC-D9E4-4361-A75C-3FBF80BE6D88}.Release|iPhone.Build.0 = Release|Any CPU
		{832182CC-D9E4-4361-A75C-3FBF80BE6D88}.Release|iPhone.Deploy.0 = Release|Any CPU
		{832182CC-D9E4-4361-A75C-3FBF80BE6D88}.Release|iPhoneSimulator.ActiveCfg = Release|Any CPU
		{832182CC-D9E4-4361-A75C-3FBF80BE6D88}.Release|iPhoneSimulator.Build.0 = Release|Any CPU
		{832182CC-D9E4-4361-A75C-3FBF80BE6D88}.Release|iPhoneSimulator.Deploy.0 = Release|Any CPU
		{832182CC-D9E4-4361-A75C-3FBF80BE6D88}.Release|x64.ActiveCfg = Release|Any CPU
		{832182CC-D9E4-4361-A75C-3FBF80BE6D88}.Release|x64.Build.0 = Release|Any CPU
		{832182CC-D9E4-4361-A75C-3FBF80BE6D88}.Release|x64.Deploy.0 = Release|Any CPU
		{832182CC-D9E4-4361-A75C-3FBF80BE6D88}.Release|x86.ActiveCfg = Release|Any CPU
		{832182CC-D9E4-4361-A75C-3FBF80BE6D88}.Release|x86.Build.0 = Release|Any CPU
		{832182CC-D9E4-4361-A75C-3FBF80BE6D88}.Release|x86.Deploy.0 = Release|Any CPU
		{EC06F587-499C-4247-BA95-0D9703A8D772}.Ad-Hoc|Any CPU.ActiveCfg = Ad-Hoc|iPhone
		{EC06F587-499C-4247-BA95-0D9703A8D772}.Ad-Hoc|ARM.ActiveCfg = Ad-Hoc|iPhone
		{EC06F587-499C-4247-BA95-0D9703A8D772}.Ad-Hoc|iPhone.ActiveCfg = Ad-Hoc|iPhone
		{EC06F587-499C-4247-BA95-0D9703A8D772}.Ad-Hoc|iPhone.Build.0 = Ad-Hoc|iPhone
		{EC06F587-499C-4247-BA95-0D9703A8D772}.Ad-Hoc|iPhoneSimulator.ActiveCfg = Ad-Hoc|iPhoneSimulator
		{EC06F587-499C-4247-BA95-0D9703A8D772}.Ad-Hoc|iPhoneSimulator.Build.0 = Ad-Hoc|iPhoneSimulator
		{EC06F587-499C-4247-BA95-0D9703A8D772}.Ad-Hoc|x64.ActiveCfg = Ad-Hoc|iPhone
		{EC06F587-499C-4247-BA95-0D9703A8D772}.Ad-Hoc|x86.ActiveCfg = Ad-Hoc|iPhone
		{EC06F587-499C-4247-BA95-0D9703A8D772}.AppStore|Any CPU.ActiveCfg = AppStore|iPhone
		{EC06F587-499C-4247-BA95-0D9703A8D772}.AppStore|ARM.ActiveCfg = AppStore|iPhone
		{EC06F587-499C-4247-BA95-0D9703A8D772}.AppStore|iPhone.ActiveCfg = AppStore|iPhone
		{EC06F587-499C-4247-BA95-0D9703A8D772}.AppStore|iPhone.Build.0 = AppStore|iPhone
		{EC06F587-499C-4247-BA95-0D9703A8D772}.AppStore|iPhoneSimulator.ActiveCfg = AppStore|iPhoneSimulator
		{EC06F587-499C-4247-BA95-0D9703A8D772}.AppStore|iPhoneSimulator.Build.0 = AppStore|iPhoneSimulator
		{EC06F587-499C-4247-BA95-0D9703A8D772}.AppStore|x64.ActiveCfg = AppStore|iPhone
		{EC06F587-499C-4247-BA95-0D9703A8D772}.AppStore|x86.ActiveCfg = AppStore|iPhone
		{EC06F587-499C-4247-BA95-0D9703A8D772}.Debug|Any CPU.ActiveCfg = Debug|iPhone
		{EC06F587-499C-4247-BA95-0D9703A8D772}.Debug|ARM.ActiveCfg = Debug|iPhone
		{EC06F587-499C-4247-BA95-0D9703A8D772}.Debug|iPhone.ActiveCfg = Debug|iPhone
		{EC06F587-499C-4247-BA95-0D9703A8D772}.Debug|iPhone.Build.0 = Debug|iPhone
		{EC06F587-499C-4247-BA95-0D9703A8D772}.Debug|iPhoneSimulator.ActiveCfg = Debug|iPhoneSimulator
		{EC06F587-499C-4247-BA95-0D9703A8D772}.Debug|iPhoneSimulator.Build.0 = Debug|iPhoneSimulator
		{EC06F587-499C-4247-BA95-0D9703A8D772}.Debug|x64.ActiveCfg = Debug|iPhone
		{EC06F587-499C-4247-BA95-0D9703A8D772}.Debug|x86.ActiveCfg = Debug|iPhone
		{EC06F587-499C-4247-BA95-0D9703A8D772}.Release|Any CPU.ActiveCfg = Release|iPhone
		{EC06F587-499C-4247-BA95-0D9703A8D772}.Release|ARM.ActiveCfg = Release|iPhone
		{EC06F587-499C-4247-BA95-0D9703A8D772}.Release|iPhone.ActiveCfg = Release|iPhone
		{EC06F587-499C-4247-BA95-0D9703A8D772}.Release|iPhone.Build.0 = Release|iPhone
		{EC06F587-499C-4247-BA95-0D9703A8D772}.Release|iPhoneSimulator.ActiveCfg = Release|iPhoneSimulator
		{EC06F587-499C-4247-BA95-0D9703A8D772}.Release|iPhoneSimulator.Build.0 = Release|iPhoneSimulator
		{EC06F587-499C-4247-BA95-0D9703A8D772}.Release|x64.ActiveCfg = Release|iPhone
		{EC06F587-499C-4247-BA95-0D9703A8D772}.Release|x86.ActiveCfg = Release|iPhone
		{6777C7CA-C39D-4552-AF26-472A2D0B9821}.Ad-Hoc|Any CPU.ActiveCfg = Release|x86
		{6777C7CA-C39D-4552-AF26-472A2D0B9821}.Ad-Hoc|Any CPU.Build.0 = Release|x86
		{6777C7CA-C39D-4552-AF26-472A2D0B9821}.Ad-Hoc|Any CPU.Deploy.0 = Release|x86
		{6777C7CA-C39D-4552-AF26-472A2D0B9821}.Ad-Hoc|ARM.ActiveCfg = Release|ARM
		{6777C7CA-C39D-4552-AF26-472A2D0B9821}.Ad-Hoc|ARM.Build.0 = Release|ARM
		{6777C7CA-C39D-4552-AF26-472A2D0B9821}.Ad-Hoc|ARM.Deploy.0 = Release|ARM
		{6777C7CA-C39D-4552-AF26-472A2D0B9821}.Ad-Hoc|iPhone.ActiveCfg = Release|x86
		{6777C7CA-C39D-4552-AF26-472A2D0B9821}.Ad-Hoc|iPhone.Build.0 = Release|x86
		{6777C7CA-C39D-4552-AF26-472A2D0B9821}.Ad-Hoc|iPhone.Deploy.0 = Release|x86
		{6777C7CA-C39D-4552-AF26-472A2D0B9821}.Ad-Hoc|iPhoneSimulator.ActiveCfg = Release|x86
		{6777C7CA-C39D-4552-AF26-472A2D0B9821}.Ad-Hoc|iPhoneSimulator.Build.0 = Release|x86
		{6777C7CA-C39D-4552-AF26-472A2D0B9821}.Ad-Hoc|iPhoneSimulator.Deploy.0 = Release|x86
		{6777C7CA-C39D-4552-AF26-472A2D0B9821}.Ad-Hoc|x64.ActiveCfg = Release|x64
		{6777C7CA-C39D-4552-AF26-472A2D0B9821}.Ad-Hoc|x64.Build.0 = Release|x64
		{6777C7CA-C39D-4552-AF26-472A2D0B9821}.Ad-Hoc|x64.Deploy.0 = Release|x64
		{6777C7CA-C39D-4552-AF26-472A2D0B9821}.Ad-Hoc|x86.ActiveCfg = Release|x86
		{6777C7CA-C39D-4552-AF26-472A2D0B9821}.Ad-Hoc|x86.Build.0 = Release|x86
		{6777C7CA-C39D-4552-AF26-472A2D0B9821}.Ad-Hoc|x86.Deploy.0 = Release|x86
		{6777C7CA-C39D-4552-AF26-472A2D0B9821}.AppStore|Any CPU.ActiveCfg = Release|x86
		{6777C7CA-C39D-4552-AF26-472A2D0B9821}.AppStore|Any CPU.Build.0 = Release|x86
		{6777C7CA-C39D-4552-AF26-472A2D0B9821}.AppStore|Any CPU.Deploy.0 = Release|x86
		{6777C7CA-C39D-4552-AF26-472A2D0B9821}.AppStore|ARM.ActiveCfg = Release|ARM
		{6777C7CA-C39D-4552-AF26-472A2D0B9821}.AppStore|ARM.Build.0 = Release|ARM
		{6777C7CA-C39D-4552-AF26-472A2D0B9821}.AppStore|ARM.Deploy.0 = Release|ARM
		{6777C7CA-C39D-4552-AF26-472A2D0B9821}.AppStore|iPhone.ActiveCfg = Release|x86
		{6777C7CA-C39D-4552-AF26-472A2D0B9821}.AppStore|iPhone.Build.0 = Release|x86
		{6777C7CA-C39D-4552-AF26-472A2D0B9821}.AppStore|iPhone.Deploy.0 = Release|x86
		{6777C7CA-C39D-4552-AF26-472A2D0B9821}.AppStore|iPhoneSimulator.ActiveCfg = Release|x86
		{6777C7CA-C39D-4552-AF26-472A2D0B9821}.AppStore|iPhoneSimulator.Build.0 = Release|x86
		{6777C7CA-C39D-4552-AF26-472A2D0B9821}.AppStore|iPhoneSimulator.Deploy.0 = Release|x86
		{6777C7CA-C39D-4552-AF26-472A2D0B9821}.AppStore|x64.ActiveCfg = Release|x64
		{6777C7CA-C39D-4552-AF26-472A2D0B9821}.AppStore|x64.Build.0 = Release|x64
		{6777C7CA-C39D-4552-AF26-472A2D0B9821}.AppStore|x64.Deploy.0 = Release|x64
		{6777C7CA-C39D-4552-AF26-472A2D0B9821}.AppStore|x86.ActiveCfg = Release|x86
		{6777C7CA-C39D-4552-AF26-472A2D0B9821}.AppStore|x86.Build.0 = Release|x86
		{6777C7CA-C39D-4552-AF26-472A2D0B9821}.AppStore|x86.Deploy.0 = Release|x86
		{6777C7CA-C39D-4552-AF26-472A2D0B9821}.Debug|Any CPU.ActiveCfg = Debug|x86
		{6777C7CA-C39D-4552-AF26-472A2D0B9821}.Debug|ARM.ActiveCfg = Debug|ARM
		{6777C7CA-C39D-4552-AF26-472A2D0B9821}.Debug|ARM.Build.0 = Debug|ARM
		{6777C7CA-C39D-4552-AF26-472A2D0B9821}.Debug|ARM.Deploy.0 = Debug|ARM
		{6777C7CA-C39D-4552-AF26-472A2D0B9821}.Debug|iPhone.ActiveCfg = Debug|x86
		{6777C7CA-C39D-4552-AF26-472A2D0B9821}.Debug|iPhoneSimulator.ActiveCfg = Debug|x86
		{6777C7CA-C39D-4552-AF26-472A2D0B9821}.Debug|x64.ActiveCfg = Debug|x64
		{6777C7CA-C39D-4552-AF26-472A2D0B9821}.Debug|x64.Build.0 = Debug|x64
		{6777C7CA-C39D-4552-AF26-472A2D0B9821}.Debug|x64.Deploy.0 = Debug|x64
		{6777C7CA-C39D-4552-AF26-472A2D0B9821}.Debug|x86.ActiveCfg = Debug|x86
		{6777C7CA-C39D-4552-AF26-472A2D0B9821}.Debug|x86.Build.0 = Debug|x86
		{6777C7CA-C39D-4552-AF26-472A2D0B9821}.Debug|x86.Deploy.0 = Debug|x86
		{6777C7CA-C39D-4552-AF26-472A2D0B9821}.Release|Any CPU.ActiveCfg = Release|x86
		{6777C7CA-C39D-4552-AF26-472A2D0B9821}.Release|ARM.ActiveCfg = Release|ARM
		{6777C7CA-C39D-4552-AF26-472A2D0B9821}.Release|ARM.Build.0 = Release|ARM
		{6777C7CA-C39D-4552-AF26-472A2D0B9821}.Release|ARM.Deploy.0 = Release|ARM
		{6777C7CA-C39D-4552-AF26-472A2D0B9821}.Release|iPhone.ActiveCfg = Release|x86
		{6777C7CA-C39D-4552-AF26-472A2D0B9821}.Release|iPhoneSimulator.ActiveCfg = Release|x86
		{6777C7CA-C39D-4552-AF26-472A2D0B9821}.Release|x64.ActiveCfg = Release|x64
		{6777C7CA-C39D-4552-AF26-472A2D0B9821}.Release|x64.Build.0 = Release|x64
		{6777C7CA-C39D-4552-AF26-472A2D0B9821}.Release|x64.Deploy.0 = Release|x64
		{6777C7CA-C39D-4552-AF26-472A2D0B9821}.Release|x86.ActiveCfg = Release|x86
		{6777C7CA-C39D-4552-AF26-472A2D0B9821}.Release|x86.Build.0 = Release|x86
		{6777C7CA-C39D-4552-AF26-472A2D0B9821}.Release|x86.Deploy.0 = Release|x86
	EndGlobalSection
	GlobalSection(SolutionProperties) = preSolution
		HideSolutionNode = FALSE
	EndGlobalSection
EndGlobal
