
Microsoft Visual Studio Solution File, Format Version 12.00
# Visual Studio 15
VisualStudioVersion = 15.0.26730.16
MinimumVisualStudioVersion = 10.0.40219.1
Project("{9A19103F-16F7-4668-BE54-9A1E7A4F7556}") = "LagoVista.Client.Core", "src\LagoVista.Client.Core\LagoVista.Client.Core.csproj", "{786A2D0B-C3E4-4D7A-89C5-86EBC94E1B45}"
EndProject
Project("{FAE04EC0-301F-11D3-BF4B-00C04F79EFBC}") = "LagoVista.Simulator", "src\LagoVista.Simulator\LagoVista.Simulator.csproj", "{B5EC62F1-6739-4055-B6FC-21776E60F98A}"
EndProject
Project("{FAE04EC0-301F-11D3-BF4B-00C04F79EFBC}") = "LagoVista.Simulator.Android", "src\LagoVista.Simulator.Android\LagoVista.Simulator.Android.csproj", "{832182CC-D9E4-4361-A75C-3FBF80BE6D88}"
EndProject
Project("{2150E333-8FDC-42A3-9474-1A3956D46DE8}") = "XPlat", "XPlat", "{DE9500B4-4EE9-4E14-9EC8-FF7AF17B0776}"
EndProject
Project("{2150E333-8FDC-42A3-9474-1A3956D46DE8}") = "LagoVista.Client", "LagoVista.Client", "{28B2F139-DEC4-4A0D-91D0-09BE58A02F90}"
EndProject
Project("{2150E333-8FDC-42A3-9474-1A3956D46DE8}") = "Simulator", "Simulator", "{799D8AF4-1B39-4A0A-8E8D-0C13F1422EC8}"
EndProject
Project("{9A19103F-16F7-4668-BE54-9A1E7A4F7556}") = "LagoVista.Simulator.Core", "src\LagoVista.Simulator.Core\LagoVista.Simulator.Core.csproj", "{9A2FB24B-41DB-4015-9C3F-DB8C6BB087E9}"
EndProject
Project("{2150E333-8FDC-42A3-9474-1A3956D46DE8}") = "Solution Items", "Solution Items", "{4B7D3535-ACD6-4DF2-BAD6-F6630EF056E9}"
	ProjectSection(SolutionItems) = preProject
		BuildAll.ps1 = BuildAll.ps1
		CreateLocalPackages.ps1 = CreateLocalPackages.ps1
		UpdateNuspecVersion.ps1 = UpdateNuspecVersion.ps1
	EndProjectSection
EndProject
Project("{FAE04EC0-301F-11D3-BF4B-00C04F79EFBC}") = "LagoVista.XPlat.Core", "src\LagoVista.XPlat.Core\LagoVista.XPlat.Core.csproj", "{D5DD4CA3-3B5C-4A0E-AA82-4CEBB9A7160D}"
EndProject
Project("{FAE04EC0-301F-11D3-BF4B-00C04F79EFBC}") = "LagoVista.XPlat.Droid", "src\LagoVista.XPlat.Droid\LagoVista.XPlat.Droid.csproj", "{8BA8D05D-8C47-429A-ABF0-A0467DE1600D}"
EndProject
Project("{9A19103F-16F7-4668-BE54-9A1E7A4F7556}") = "LagoVista.MQTT.Core", "src\LagoVista.MQTT.Core\LagoVista.MQTT.Core.csproj", "{076B08B6-234F-4AE3-8815-7E36A47F9475}"
EndProject
Project("{2150E333-8FDC-42A3-9474-1A3956D46DE8}") = "Common", "Common", "{7015A37C-EEEC-4160-B67D-93B6B2FEFF5E}"
EndProject
Project("{2150E333-8FDC-42A3-9474-1A3956D46DE8}") = "Apps", "Apps", "{0D4FEFF5-13CC-47C9-8AF0-576648BEBEC6}"
EndProject
Global
	GlobalSection(SolutionConfigurationPlatforms) = preSolution
		Ad-Hoc|Any CPU = Ad-Hoc|Any CPU
		Ad-Hoc|ARM = Ad-Hoc|ARM
		Ad-Hoc|iPhone = Ad-Hoc|iPhone
		Ad-Hoc|iPhoneSimulator = Ad-Hoc|iPhoneSimulator
		Ad-Hoc|x64 = Ad-Hoc|x64
		Ad-Hoc|x86 = Ad-Hoc|x86
		AppStore|Any CPU = AppStore|Any CPU
		AppStore|ARM = AppStore|ARM
		AppStore|iPhone = AppStore|iPhone
		AppStore|iPhoneSimulator = AppStore|iPhoneSimulator
		AppStore|x64 = AppStore|x64
		AppStore|x86 = AppStore|x86
		Debug|Any CPU = Debug|Any CPU
		Debug|ARM = Debug|ARM
		Debug|iPhone = Debug|iPhone
		Debug|iPhoneSimulator = Debug|iPhoneSimulator
		Debug|x64 = Debug|x64
		Debug|x86 = Debug|x86
		iOS Build|Any CPU = iOS Build|Any CPU
		iOS Build|ARM = iOS Build|ARM
		iOS Build|iPhone = iOS Build|iPhone
		iOS Build|iPhoneSimulator = iOS Build|iPhoneSimulator
		iOS Build|x64 = iOS Build|x64
		iOS Build|x86 = iOS Build|x86
		Release|Any CPU = Release|Any CPU
		Release|ARM = Release|ARM
		Release|iPhone = Release|iPhone
		Release|iPhoneSimulator = Release|iPhoneSimulator
		Release|x64 = Release|x64
		Release|x86 = Release|x86
	EndGlobalSection
	GlobalSection(ProjectConfigurationPlatforms) = postSolution
		{786A2D0B-C3E4-4D7A-89C5-86EBC94E1B45}.Ad-Hoc|Any CPU.ActiveCfg = Debug|Any CPU
		{786A2D0B-C3E4-4D7A-89C5-86EBC94E1B45}.Ad-Hoc|Any CPU.Build.0 = Debug|Any CPU
		{786A2D0B-C3E4-4D7A-89C5-86EBC94E1B45}.Ad-Hoc|ARM.ActiveCfg = Debug|Any CPU
		{786A2D0B-C3E4-4D7A-89C5-86EBC94E1B45}.Ad-Hoc|ARM.Build.0 = Debug|Any CPU
		{786A2D0B-C3E4-4D7A-89C5-86EBC94E1B45}.Ad-Hoc|iPhone.ActiveCfg = Debug|Any CPU
		{786A2D0B-C3E4-4D7A-89C5-86EBC94E1B45}.Ad-Hoc|iPhone.Build.0 = Debug|Any CPU
		{786A2D0B-C3E4-4D7A-89C5-86EBC94E1B45}.Ad-Hoc|iPhoneSimulator.ActiveCfg = Debug|Any CPU
		{786A2D0B-C3E4-4D7A-89C5-86EBC94E1B45}.Ad-Hoc|iPhoneSimulator.Build.0 = Debug|Any CPU
		{786A2D0B-C3E4-4D7A-89C5-86EBC94E1B45}.Ad-Hoc|x64.ActiveCfg = Debug|Any CPU
		{786A2D0B-C3E4-4D7A-89C5-86EBC94E1B45}.Ad-Hoc|x64.Build.0 = Debug|Any CPU
		{786A2D0B-C3E4-4D7A-89C5-86EBC94E1B45}.Ad-Hoc|x86.ActiveCfg = Debug|Any CPU
		{786A2D0B-C3E4-4D7A-89C5-86EBC94E1B45}.Ad-Hoc|x86.Build.0 = Debug|Any CPU
		{786A2D0B-C3E4-4D7A-89C5-86EBC94E1B45}.AppStore|Any CPU.ActiveCfg = Debug|Any CPU
		{786A2D0B-C3E4-4D7A-89C5-86EBC94E1B45}.AppStore|Any CPU.Build.0 = Debug|Any CPU
		{786A2D0B-C3E4-4D7A-89C5-86EBC94E1B45}.AppStore|ARM.ActiveCfg = Debug|Any CPU
		{786A2D0B-C3E4-4D7A-89C5-86EBC94E1B45}.AppStore|ARM.Build.0 = Debug|Any CPU
		{786A2D0B-C3E4-4D7A-89C5-86EBC94E1B45}.AppStore|iPhone.ActiveCfg = Debug|Any CPU
		{786A2D0B-C3E4-4D7A-89C5-86EBC94E1B45}.AppStore|iPhone.Build.0 = Debug|Any CPU
		{786A2D0B-C3E4-4D7A-89C5-86EBC94E1B45}.AppStore|iPhoneSimulator.ActiveCfg = Debug|Any CPU
		{786A2D0B-C3E4-4D7A-89C5-86EBC94E1B45}.AppStore|iPhoneSimulator.Build.0 = Debug|Any CPU
		{786A2D0B-C3E4-4D7A-89C5-86EBC94E1B45}.AppStore|x64.ActiveCfg = Debug|Any CPU
		{786A2D0B-C3E4-4D7A-89C5-86EBC94E1B45}.AppStore|x64.Build.0 = Debug|Any CPU
		{786A2D0B-C3E4-4D7A-89C5-86EBC94E1B45}.AppStore|x86.ActiveCfg = Debug|Any CPU
		{786A2D0B-C3E4-4D7A-89C5-86EBC94E1B45}.AppStore|x86.Build.0 = Debug|Any CPU
		{786A2D0B-C3E4-4D7A-89C5-86EBC94E1B45}.Debug|Any CPU.ActiveCfg = Debug|Any CPU
		{786A2D0B-C3E4-4D7A-89C5-86EBC94E1B45}.Debug|Any CPU.Build.0 = Debug|Any CPU
		{786A2D0B-C3E4-4D7A-89C5-86EBC94E1B45}.Debug|ARM.ActiveCfg = Debug|Any CPU
		{786A2D0B-C3E4-4D7A-89C5-86EBC94E1B45}.Debug|ARM.Build.0 = Debug|Any CPU
		{786A2D0B-C3E4-4D7A-89C5-86EBC94E1B45}.Debug|iPhone.ActiveCfg = Debug|Any CPU
		{786A2D0B-C3E4-4D7A-89C5-86EBC94E1B45}.Debug|iPhone.Build.0 = Debug|Any CPU
		{786A2D0B-C3E4-4D7A-89C5-86EBC94E1B45}.Debug|iPhoneSimulator.ActiveCfg = Debug|Any CPU
		{786A2D0B-C3E4-4D7A-89C5-86EBC94E1B45}.Debug|iPhoneSimulator.Build.0 = Debug|Any CPU
		{786A2D0B-C3E4-4D7A-89C5-86EBC94E1B45}.Debug|x64.ActiveCfg = Debug|Any CPU
		{786A2D0B-C3E4-4D7A-89C5-86EBC94E1B45}.Debug|x64.Build.0 = Debug|Any CPU
		{786A2D0B-C3E4-4D7A-89C5-86EBC94E1B45}.Debug|x86.ActiveCfg = Debug|Any CPU
		{786A2D0B-C3E4-4D7A-89C5-86EBC94E1B45}.Debug|x86.Build.0 = Debug|Any CPU
		{786A2D0B-C3E4-4D7A-89C5-86EBC94E1B45}.iOS Build|Any CPU.ActiveCfg = Release|Any CPU
		{786A2D0B-C3E4-4D7A-89C5-86EBC94E1B45}.iOS Build|Any CPU.Build.0 = Release|Any CPU
		{786A2D0B-C3E4-4D7A-89C5-86EBC94E1B45}.iOS Build|ARM.ActiveCfg = Release|Any CPU
		{786A2D0B-C3E4-4D7A-89C5-86EBC94E1B45}.iOS Build|ARM.Build.0 = Release|Any CPU
		{786A2D0B-C3E4-4D7A-89C5-86EBC94E1B45}.iOS Build|iPhone.ActiveCfg = Release|Any CPU
		{786A2D0B-C3E4-4D7A-89C5-86EBC94E1B45}.iOS Build|iPhone.Build.0 = Release|Any CPU
		{786A2D0B-C3E4-4D7A-89C5-86EBC94E1B45}.iOS Build|iPhoneSimulator.ActiveCfg = Release|Any CPU
		{786A2D0B-C3E4-4D7A-89C5-86EBC94E1B45}.iOS Build|iPhoneSimulator.Build.0 = Release|Any CPU
		{786A2D0B-C3E4-4D7A-89C5-86EBC94E1B45}.iOS Build|x64.ActiveCfg = Release|Any CPU
		{786A2D0B-C3E4-4D7A-89C5-86EBC94E1B45}.iOS Build|x64.Build.0 = Release|Any CPU
		{786A2D0B-C3E4-4D7A-89C5-86EBC94E1B45}.iOS Build|x86.ActiveCfg = Release|Any CPU
		{786A2D0B-C3E4-4D7A-89C5-86EBC94E1B45}.iOS Build|x86.Build.0 = Release|Any CPU
		{786A2D0B-C3E4-4D7A-89C5-86EBC94E1B45}.Release|Any CPU.ActiveCfg = Release|Any CPU
		{786A2D0B-C3E4-4D7A-89C5-86EBC94E1B45}.Release|Any CPU.Build.0 = Release|Any CPU
		{786A2D0B-C3E4-4D7A-89C5-86EBC94E1B45}.Release|ARM.ActiveCfg = Release|Any CPU
		{786A2D0B-C3E4-4D7A-89C5-86EBC94E1B45}.Release|ARM.Build.0 = Release|Any CPU
		{786A2D0B-C3E4-4D7A-89C5-86EBC94E1B45}.Release|iPhone.ActiveCfg = Release|Any CPU
		{786A2D0B-C3E4-4D7A-89C5-86EBC94E1B45}.Release|iPhone.Build.0 = Release|Any CPU
		{786A2D0B-C3E4-4D7A-89C5-86EBC94E1B45}.Release|iPhoneSimulator.ActiveCfg = Release|Any CPU
		{786A2D0B-C3E4-4D7A-89C5-86EBC94E1B45}.Release|iPhoneSimulator.Build.0 = Release|Any CPU
		{786A2D0B-C3E4-4D7A-89C5-86EBC94E1B45}.Release|x64.ActiveCfg = Release|Any CPU
		{786A2D0B-C3E4-4D7A-89C5-86EBC94E1B45}.Release|x64.Build.0 = Release|Any CPU
		{786A2D0B-C3E4-4D7A-89C5-86EBC94E1B45}.Release|x86.ActiveCfg = Release|Any CPU
		{786A2D0B-C3E4-4D7A-89C5-86EBC94E1B45}.Release|x86.Build.0 = Release|Any CPU
		{B5EC62F1-6739-4055-B6FC-21776E60F98A}.Ad-Hoc|Any CPU.ActiveCfg = Release|Any CPU
		{B5EC62F1-6739-4055-B6FC-21776E60F98A}.Ad-Hoc|Any CPU.Build.0 = Release|Any CPU
		{B5EC62F1-6739-4055-B6FC-21776E60F98A}.Ad-Hoc|ARM.ActiveCfg = Release|Any CPU
		{B5EC62F1-6739-4055-B6FC-21776E60F98A}.Ad-Hoc|ARM.Build.0 = Release|Any CPU
		{B5EC62F1-6739-4055-B6FC-21776E60F98A}.Ad-Hoc|iPhone.ActiveCfg = Release|Any CPU
		{B5EC62F1-6739-4055-B6FC-21776E60F98A}.Ad-Hoc|iPhone.Build.0 = Release|Any CPU
		{B5EC62F1-6739-4055-B6FC-21776E60F98A}.Ad-Hoc|iPhoneSimulator.ActiveCfg = Release|Any CPU
		{B5EC62F1-6739-4055-B6FC-21776E60F98A}.Ad-Hoc|iPhoneSimulator.Build.0 = Release|Any CPU
		{B5EC62F1-6739-4055-B6FC-21776E60F98A}.Ad-Hoc|x64.ActiveCfg = Release|Any CPU
		{B5EC62F1-6739-4055-B6FC-21776E60F98A}.Ad-Hoc|x64.Build.0 = Release|Any CPU
		{B5EC62F1-6739-4055-B6FC-21776E60F98A}.Ad-Hoc|x86.ActiveCfg = Release|Any CPU
		{B5EC62F1-6739-4055-B6FC-21776E60F98A}.Ad-Hoc|x86.Build.0 = Release|Any CPU
		{B5EC62F1-6739-4055-B6FC-21776E60F98A}.AppStore|Any CPU.ActiveCfg = Release|Any CPU
		{B5EC62F1-6739-4055-B6FC-21776E60F98A}.AppStore|Any CPU.Build.0 = Release|Any CPU
		{B5EC62F1-6739-4055-B6FC-21776E60F98A}.AppStore|ARM.ActiveCfg = Release|Any CPU
		{B5EC62F1-6739-4055-B6FC-21776E60F98A}.AppStore|ARM.Build.0 = Release|Any CPU
		{B5EC62F1-6739-4055-B6FC-21776E60F98A}.AppStore|iPhone.ActiveCfg = Release|Any CPU
		{B5EC62F1-6739-4055-B6FC-21776E60F98A}.AppStore|iPhone.Build.0 = Release|Any CPU
		{B5EC62F1-6739-4055-B6FC-21776E60F98A}.AppStore|iPhoneSimulator.ActiveCfg = Release|Any CPU
		{B5EC62F1-6739-4055-B6FC-21776E60F98A}.AppStore|iPhoneSimulator.Build.0 = Release|Any CPU
		{B5EC62F1-6739-4055-B6FC-21776E60F98A}.AppStore|x64.ActiveCfg = Release|Any CPU
		{B5EC62F1-6739-4055-B6FC-21776E60F98A}.AppStore|x64.Build.0 = Release|Any CPU
		{B5EC62F1-6739-4055-B6FC-21776E60F98A}.AppStore|x86.ActiveCfg = Release|Any CPU
		{B5EC62F1-6739-4055-B6FC-21776E60F98A}.AppStore|x86.Build.0 = Release|Any CPU
		{B5EC62F1-6739-4055-B6FC-21776E60F98A}.Debug|Any CPU.ActiveCfg = Debug|Any CPU
		{B5EC62F1-6739-4055-B6FC-21776E60F98A}.Debug|Any CPU.Build.0 = Debug|Any CPU
		{B5EC62F1-6739-4055-B6FC-21776E60F98A}.Debug|ARM.ActiveCfg = Debug|Any CPU
		{B5EC62F1-6739-4055-B6FC-21776E60F98A}.Debug|ARM.Build.0 = Debug|Any CPU
		{B5EC62F1-6739-4055-B6FC-21776E60F98A}.Debug|iPhone.ActiveCfg = Debug|Any CPU
		{B5EC62F1-6739-4055-B6FC-21776E60F98A}.Debug|iPhone.Build.0 = Debug|Any CPU
		{B5EC62F1-6739-4055-B6FC-21776E60F98A}.Debug|iPhoneSimulator.ActiveCfg = Debug|Any CPU
		{B5EC62F1-6739-4055-B6FC-21776E60F98A}.Debug|iPhoneSimulator.Build.0 = Debug|Any CPU
		{B5EC62F1-6739-4055-B6FC-21776E60F98A}.Debug|x64.ActiveCfg = Debug|Any CPU
		{B5EC62F1-6739-4055-B6FC-21776E60F98A}.Debug|x64.Build.0 = Debug|Any CPU
		{B5EC62F1-6739-4055-B6FC-21776E60F98A}.Debug|x86.ActiveCfg = Debug|Any CPU
		{B5EC62F1-6739-4055-B6FC-21776E60F98A}.Debug|x86.Build.0 = Debug|Any CPU
		{B5EC62F1-6739-4055-B6FC-21776E60F98A}.iOS Build|Any CPU.ActiveCfg = iOS Build|Any CPU
		{B5EC62F1-6739-4055-B6FC-21776E60F98A}.iOS Build|Any CPU.Build.0 = iOS Build|Any CPU
		{B5EC62F1-6739-4055-B6FC-21776E60F98A}.iOS Build|ARM.ActiveCfg = iOS Build|Any CPU
		{B5EC62F1-6739-4055-B6FC-21776E60F98A}.iOS Build|ARM.Build.0 = iOS Build|Any CPU
		{B5EC62F1-6739-4055-B6FC-21776E60F98A}.iOS Build|iPhone.ActiveCfg = iOS Build|Any CPU
		{B5EC62F1-6739-4055-B6FC-21776E60F98A}.iOS Build|iPhone.Build.0 = iOS Build|Any CPU
		{B5EC62F1-6739-4055-B6FC-21776E60F98A}.iOS Build|iPhoneSimulator.ActiveCfg = iOS Build|Any CPU
		{B5EC62F1-6739-4055-B6FC-21776E60F98A}.iOS Build|iPhoneSimulator.Build.0 = iOS Build|Any CPU
		{B5EC62F1-6739-4055-B6FC-21776E60F98A}.iOS Build|x64.ActiveCfg = iOS Build|Any CPU
		{B5EC62F1-6739-4055-B6FC-21776E60F98A}.iOS Build|x64.Build.0 = iOS Build|Any CPU
		{B5EC62F1-6739-4055-B6FC-21776E60F98A}.iOS Build|x86.ActiveCfg = iOS Build|Any CPU
		{B5EC62F1-6739-4055-B6FC-21776E60F98A}.iOS Build|x86.Build.0 = iOS Build|Any CPU
		{B5EC62F1-6739-4055-B6FC-21776E60F98A}.Release|Any CPU.ActiveCfg = Release|Any CPU
		{B5EC62F1-6739-4055-B6FC-21776E60F98A}.Release|Any CPU.Build.0 = Release|Any CPU
		{B5EC62F1-6739-4055-B6FC-21776E60F98A}.Release|ARM.ActiveCfg = Release|Any CPU
		{B5EC62F1-6739-4055-B6FC-21776E60F98A}.Release|ARM.Build.0 = Release|Any CPU
		{B5EC62F1-6739-4055-B6FC-21776E60F98A}.Release|iPhone.ActiveCfg = Release|Any CPU
		{B5EC62F1-6739-4055-B6FC-21776E60F98A}.Release|iPhone.Build.0 = Release|Any CPU
		{B5EC62F1-6739-4055-B6FC-21776E60F98A}.Release|iPhoneSimulator.ActiveCfg = Release|Any CPU
		{B5EC62F1-6739-4055-B6FC-21776E60F98A}.Release|iPhoneSimulator.Build.0 = Release|Any CPU
		{B5EC62F1-6739-4055-B6FC-21776E60F98A}.Release|x64.ActiveCfg = Release|Any CPU
		{B5EC62F1-6739-4055-B6FC-21776E60F98A}.Release|x64.Build.0 = Release|Any CPU
		{B5EC62F1-6739-4055-B6FC-21776E60F98A}.Release|x86.ActiveCfg = Release|Any CPU
		{B5EC62F1-6739-4055-B6FC-21776E60F98A}.Release|x86.Build.0 = Release|Any CPU
		{832182CC-D9E4-4361-A75C-3FBF80BE6D88}.Ad-Hoc|Any CPU.ActiveCfg = Release|Any CPU
		{832182CC-D9E4-4361-A75C-3FBF80BE6D88}.Ad-Hoc|Any CPU.Build.0 = Release|Any CPU
		{832182CC-D9E4-4361-A75C-3FBF80BE6D88}.Ad-Hoc|Any CPU.Deploy.0 = Release|Any CPU
		{832182CC-D9E4-4361-A75C-3FBF80BE6D88}.Ad-Hoc|ARM.ActiveCfg = Release|Any CPU
		{832182CC-D9E4-4361-A75C-3FBF80BE6D88}.Ad-Hoc|ARM.Build.0 = Release|Any CPU
		{832182CC-D9E4-4361-A75C-3FBF80BE6D88}.Ad-Hoc|ARM.Deploy.0 = Release|Any CPU
		{832182CC-D9E4-4361-A75C-3FBF80BE6D88}.Ad-Hoc|iPhone.ActiveCfg = Release|Any CPU
		{832182CC-D9E4-4361-A75C-3FBF80BE6D88}.Ad-Hoc|iPhone.Build.0 = Release|Any CPU
		{832182CC-D9E4-4361-A75C-3FBF80BE6D88}.Ad-Hoc|iPhone.Deploy.0 = Release|Any CPU
		{832182CC-D9E4-4361-A75C-3FBF80BE6D88}.Ad-Hoc|iPhoneSimulator.ActiveCfg = Release|Any CPU
		{832182CC-D9E4-4361-A75C-3FBF80BE6D88}.Ad-Hoc|iPhoneSimulator.Build.0 = Release|Any CPU
		{832182CC-D9E4-4361-A75C-3FBF80BE6D88}.Ad-Hoc|iPhoneSimulator.Deploy.0 = Release|Any CPU
		{832182CC-D9E4-4361-A75C-3FBF80BE6D88}.Ad-Hoc|x64.ActiveCfg = Release|Any CPU
		{832182CC-D9E4-4361-A75C-3FBF80BE6D88}.Ad-Hoc|x64.Build.0 = Release|Any CPU
		{832182CC-D9E4-4361-A75C-3FBF80BE6D88}.Ad-Hoc|x64.Deploy.0 = Release|Any CPU
		{832182CC-D9E4-4361-A75C-3FBF80BE6D88}.Ad-Hoc|x86.ActiveCfg = Release|Any CPU
		{832182CC-D9E4-4361-A75C-3FBF80BE6D88}.Ad-Hoc|x86.Build.0 = Release|Any CPU
		{832182CC-D9E4-4361-A75C-3FBF80BE6D88}.Ad-Hoc|x86.Deploy.0 = Release|Any CPU
		{832182CC-D9E4-4361-A75C-3FBF80BE6D88}.AppStore|Any CPU.ActiveCfg = Release|Any CPU
		{832182CC-D9E4-4361-A75C-3FBF80BE6D88}.AppStore|Any CPU.Build.0 = Release|Any CPU
		{832182CC-D9E4-4361-A75C-3FBF80BE6D88}.AppStore|Any CPU.Deploy.0 = Release|Any CPU
		{832182CC-D9E4-4361-A75C-3FBF80BE6D88}.AppStore|ARM.ActiveCfg = Release|Any CPU
		{832182CC-D9E4-4361-A75C-3FBF80BE6D88}.AppStore|ARM.Build.0 = Release|Any CPU
		{832182CC-D9E4-4361-A75C-3FBF80BE6D88}.AppStore|ARM.Deploy.0 = Release|Any CPU
		{832182CC-D9E4-4361-A75C-3FBF80BE6D88}.AppStore|iPhone.ActiveCfg = Release|Any CPU
		{832182CC-D9E4-4361-A75C-3FBF80BE6D88}.AppStore|iPhone.Build.0 = Release|Any CPU
		{832182CC-D9E4-4361-A75C-3FBF80BE6D88}.AppStore|iPhone.Deploy.0 = Release|Any CPU
		{832182CC-D9E4-4361-A75C-3FBF80BE6D88}.AppStore|iPhoneSimulator.ActiveCfg = Release|Any CPU
		{832182CC-D9E4-4361-A75C-3FBF80BE6D88}.AppStore|iPhoneSimulator.Build.0 = Release|Any CPU
		{832182CC-D9E4-4361-A75C-3FBF80BE6D88}.AppStore|iPhoneSimulator.Deploy.0 = Release|Any CPU
		{832182CC-D9E4-4361-A75C-3FBF80BE6D88}.AppStore|x64.ActiveCfg = Release|Any CPU
		{832182CC-D9E4-4361-A75C-3FBF80BE6D88}.AppStore|x64.Build.0 = Release|Any CPU
		{832182CC-D9E4-4361-A75C-3FBF80BE6D88}.AppStore|x64.Deploy.0 = Release|Any CPU
		{832182CC-D9E4-4361-A75C-3FBF80BE6D88}.AppStore|x86.ActiveCfg = Release|Any CPU
		{832182CC-D9E4-4361-A75C-3FBF80BE6D88}.AppStore|x86.Build.0 = Release|Any CPU
		{832182CC-D9E4-4361-A75C-3FBF80BE6D88}.AppStore|x86.Deploy.0 = Release|Any CPU
		{832182CC-D9E4-4361-A75C-3FBF80BE6D88}.Debug|Any CPU.ActiveCfg = Debug|Any CPU
		{832182CC-D9E4-4361-A75C-3FBF80BE6D88}.Debug|Any CPU.Build.0 = Debug|Any CPU
		{832182CC-D9E4-4361-A75C-3FBF80BE6D88}.Debug|Any CPU.Deploy.0 = Debug|Any CPU
		{832182CC-D9E4-4361-A75C-3FBF80BE6D88}.Debug|ARM.ActiveCfg = Debug|Any CPU
		{832182CC-D9E4-4361-A75C-3FBF80BE6D88}.Debug|ARM.Build.0 = Debug|Any CPU
		{832182CC-D9E4-4361-A75C-3FBF80BE6D88}.Debug|ARM.Deploy.0 = Debug|Any CPU
		{832182CC-D9E4-4361-A75C-3FBF80BE6D88}.Debug|iPhone.ActiveCfg = Debug|Any CPU
		{832182CC-D9E4-4361-A75C-3FBF80BE6D88}.Debug|iPhone.Build.0 = Debug|Any CPU
		{832182CC-D9E4-4361-A75C-3FBF80BE6D88}.Debug|iPhone.Deploy.0 = Debug|Any CPU
		{832182CC-D9E4-4361-A75C-3FBF80BE6D88}.Debug|iPhoneSimulator.ActiveCfg = Debug|Any CPU
		{832182CC-D9E4-4361-A75C-3FBF80BE6D88}.Debug|iPhoneSimulator.Build.0 = Debug|Any CPU
		{832182CC-D9E4-4361-A75C-3FBF80BE6D88}.Debug|iPhoneSimulator.Deploy.0 = Debug|Any CPU
		{832182CC-D9E4-4361-A75C-3FBF80BE6D88}.Debug|x64.ActiveCfg = Debug|Any CPU
		{832182CC-D9E4-4361-A75C-3FBF80BE6D88}.Debug|x86.ActiveCfg = Debug|Any CPU
		{832182CC-D9E4-4361-A75C-3FBF80BE6D88}.Debug|x86.Build.0 = Debug|Any CPU
		{832182CC-D9E4-4361-A75C-3FBF80BE6D88}.Debug|x86.Deploy.0 = Debug|Any CPU
		{832182CC-D9E4-4361-A75C-3FBF80BE6D88}.iOS Build|Any CPU.ActiveCfg = iOS Build|Any CPU
		{832182CC-D9E4-4361-A75C-3FBF80BE6D88}.iOS Build|Any CPU.Deploy.0 = iOS Build|Any CPU
		{832182CC-D9E4-4361-A75C-3FBF80BE6D88}.iOS Build|ARM.ActiveCfg = iOS Build|Any CPU
		{832182CC-D9E4-4361-A75C-3FBF80BE6D88}.iOS Build|ARM.Build.0 = iOS Build|Any CPU
		{832182CC-D9E4-4361-A75C-3FBF80BE6D88}.iOS Build|ARM.Deploy.0 = iOS Build|Any CPU
		{832182CC-D9E4-4361-A75C-3FBF80BE6D88}.iOS Build|iPhone.ActiveCfg = iOS Build|Any CPU
		{832182CC-D9E4-4361-A75C-3FBF80BE6D88}.iOS Build|iPhone.Build.0 = iOS Build|Any CPU
		{832182CC-D9E4-4361-A75C-3FBF80BE6D88}.iOS Build|iPhone.Deploy.0 = iOS Build|Any CPU
		{832182CC-D9E4-4361-A75C-3FBF80BE6D88}.iOS Build|iPhoneSimulator.ActiveCfg = iOS Build|Any CPU
		{832182CC-D9E4-4361-A75C-3FBF80BE6D88}.iOS Build|iPhoneSimulator.Build.0 = iOS Build|Any CPU
		{832182CC-D9E4-4361-A75C-3FBF80BE6D88}.iOS Build|iPhoneSimulator.Deploy.0 = iOS Build|Any CPU
		{832182CC-D9E4-4361-A75C-3FBF80BE6D88}.iOS Build|x64.ActiveCfg = iOS Build|Any CPU
		{832182CC-D9E4-4361-A75C-3FBF80BE6D88}.iOS Build|x64.Build.0 = iOS Build|Any CPU
		{832182CC-D9E4-4361-A75C-3FBF80BE6D88}.iOS Build|x64.Deploy.0 = iOS Build|Any CPU
		{832182CC-D9E4-4361-A75C-3FBF80BE6D88}.iOS Build|x86.ActiveCfg = iOS Build|Any CPU
		{832182CC-D9E4-4361-A75C-3FBF80BE6D88}.iOS Build|x86.Build.0 = iOS Build|Any CPU
		{832182CC-D9E4-4361-A75C-3FBF80BE6D88}.iOS Build|x86.Deploy.0 = iOS Build|Any CPU
		{832182CC-D9E4-4361-A75C-3FBF80BE6D88}.Release|Any CPU.ActiveCfg = Release|Any CPU
		{832182CC-D9E4-4361-A75C-3FBF80BE6D88}.Release|Any CPU.Build.0 = Release|Any CPU
		{832182CC-D9E4-4361-A75C-3FBF80BE6D88}.Release|Any CPU.Deploy.0 = Release|Any CPU
		{832182CC-D9E4-4361-A75C-3FBF80BE6D88}.Release|ARM.ActiveCfg = Release|Any CPU
		{832182CC-D9E4-4361-A75C-3FBF80BE6D88}.Release|ARM.Build.0 = Release|Any CPU
		{832182CC-D9E4-4361-A75C-3FBF80BE6D88}.Release|ARM.Deploy.0 = Release|Any CPU
		{832182CC-D9E4-4361-A75C-3FBF80BE6D88}.Release|iPhone.ActiveCfg = Release|Any CPU
		{832182CC-D9E4-4361-A75C-3FBF80BE6D88}.Release|iPhone.Build.0 = Release|Any CPU
		{832182CC-D9E4-4361-A75C-3FBF80BE6D88}.Release|iPhone.Deploy.0 = Release|Any CPU
		{832182CC-D9E4-4361-A75C-3FBF80BE6D88}.Release|iPhoneSimulator.ActiveCfg = Release|Any CPU
		{832182CC-D9E4-4361-A75C-3FBF80BE6D88}.Release|iPhoneSimulator.Build.0 = Release|Any CPU
		{832182CC-D9E4-4361-A75C-3FBF80BE6D88}.Release|iPhoneSimulator.Deploy.0 = Release|Any CPU
		{832182CC-D9E4-4361-A75C-3FBF80BE6D88}.Release|x64.ActiveCfg = Release|Any CPU
		{832182CC-D9E4-4361-A75C-3FBF80BE6D88}.Release|x64.Build.0 = Release|Any CPU
		{832182CC-D9E4-4361-A75C-3FBF80BE6D88}.Release|x64.Deploy.0 = Release|Any CPU
		{832182CC-D9E4-4361-A75C-3FBF80BE6D88}.Release|x86.ActiveCfg = Release|Any CPU
		{832182CC-D9E4-4361-A75C-3FBF80BE6D88}.Release|x86.Build.0 = Release|Any CPU
		{832182CC-D9E4-4361-A75C-3FBF80BE6D88}.Release|x86.Deploy.0 = Release|Any CPU
		{9A2FB24B-41DB-4015-9C3F-DB8C6BB087E9}.Ad-Hoc|Any CPU.ActiveCfg = Debug|Any CPU
		{9A2FB24B-41DB-4015-9C3F-DB8C6BB087E9}.Ad-Hoc|Any CPU.Build.0 = Debug|Any CPU
		{9A2FB24B-41DB-4015-9C3F-DB8C6BB087E9}.Ad-Hoc|ARM.ActiveCfg = Debug|Any CPU
		{9A2FB24B-41DB-4015-9C3F-DB8C6BB087E9}.Ad-Hoc|ARM.Build.0 = Debug|Any CPU
		{9A2FB24B-41DB-4015-9C3F-DB8C6BB087E9}.Ad-Hoc|iPhone.ActiveCfg = Debug|Any CPU
		{9A2FB24B-41DB-4015-9C3F-DB8C6BB087E9}.Ad-Hoc|iPhone.Build.0 = Debug|Any CPU
		{9A2FB24B-41DB-4015-9C3F-DB8C6BB087E9}.Ad-Hoc|iPhoneSimulator.ActiveCfg = Debug|Any CPU
		{9A2FB24B-41DB-4015-9C3F-DB8C6BB087E9}.Ad-Hoc|iPhoneSimulator.Build.0 = Debug|Any CPU
		{9A2FB24B-41DB-4015-9C3F-DB8C6BB087E9}.Ad-Hoc|x64.ActiveCfg = Debug|Any CPU
		{9A2FB24B-41DB-4015-9C3F-DB8C6BB087E9}.Ad-Hoc|x64.Build.0 = Debug|Any CPU
		{9A2FB24B-41DB-4015-9C3F-DB8C6BB087E9}.Ad-Hoc|x86.ActiveCfg = Debug|Any CPU
		{9A2FB24B-41DB-4015-9C3F-DB8C6BB087E9}.Ad-Hoc|x86.Build.0 = Debug|Any CPU
		{9A2FB24B-41DB-4015-9C3F-DB8C6BB087E9}.AppStore|Any CPU.ActiveCfg = Debug|Any CPU
		{9A2FB24B-41DB-4015-9C3F-DB8C6BB087E9}.AppStore|Any CPU.Build.0 = Debug|Any CPU
		{9A2FB24B-41DB-4015-9C3F-DB8C6BB087E9}.AppStore|ARM.ActiveCfg = Debug|Any CPU
		{9A2FB24B-41DB-4015-9C3F-DB8C6BB087E9}.AppStore|ARM.Build.0 = Debug|Any CPU
		{9A2FB24B-41DB-4015-9C3F-DB8C6BB087E9}.AppStore|iPhone.ActiveCfg = Debug|Any CPU
		{9A2FB24B-41DB-4015-9C3F-DB8C6BB087E9}.AppStore|iPhone.Build.0 = Debug|Any CPU
		{9A2FB24B-41DB-4015-9C3F-DB8C6BB087E9}.AppStore|iPhoneSimulator.ActiveCfg = Debug|Any CPU
		{9A2FB24B-41DB-4015-9C3F-DB8C6BB087E9}.AppStore|iPhoneSimulator.Build.0 = Debug|Any CPU
		{9A2FB24B-41DB-4015-9C3F-DB8C6BB087E9}.AppStore|x64.ActiveCfg = Debug|Any CPU
		{9A2FB24B-41DB-4015-9C3F-DB8C6BB087E9}.AppStore|x64.Build.0 = Debug|Any CPU
		{9A2FB24B-41DB-4015-9C3F-DB8C6BB087E9}.AppStore|x86.ActiveCfg = Debug|Any CPU
		{9A2FB24B-41DB-4015-9C3F-DB8C6BB087E9}.AppStore|x86.Build.0 = Debug|Any CPU
		{9A2FB24B-41DB-4015-9C3F-DB8C6BB087E9}.Debug|Any CPU.ActiveCfg = Debug|Any CPU
		{9A2FB24B-41DB-4015-9C3F-DB8C6BB087E9}.Debug|Any CPU.Build.0 = Debug|Any CPU
		{9A2FB24B-41DB-4015-9C3F-DB8C6BB087E9}.Debug|ARM.ActiveCfg = Debug|Any CPU
		{9A2FB24B-41DB-4015-9C3F-DB8C6BB087E9}.Debug|ARM.Build.0 = Debug|Any CPU
		{9A2FB24B-41DB-4015-9C3F-DB8C6BB087E9}.Debug|iPhone.ActiveCfg = Debug|Any CPU
		{9A2FB24B-41DB-4015-9C3F-DB8C6BB087E9}.Debug|iPhone.Build.0 = Debug|Any CPU
		{9A2FB24B-41DB-4015-9C3F-DB8C6BB087E9}.Debug|iPhoneSimulator.ActiveCfg = Debug|Any CPU
		{9A2FB24B-41DB-4015-9C3F-DB8C6BB087E9}.Debug|iPhoneSimulator.Build.0 = Debug|Any CPU
		{9A2FB24B-41DB-4015-9C3F-DB8C6BB087E9}.Debug|x64.ActiveCfg = Debug|Any CPU
		{9A2FB24B-41DB-4015-9C3F-DB8C6BB087E9}.Debug|x64.Build.0 = Debug|Any CPU
		{9A2FB24B-41DB-4015-9C3F-DB8C6BB087E9}.Debug|x86.ActiveCfg = Debug|Any CPU
		{9A2FB24B-41DB-4015-9C3F-DB8C6BB087E9}.Debug|x86.Build.0 = Debug|Any CPU
		{9A2FB24B-41DB-4015-9C3F-DB8C6BB087E9}.iOS Build|Any CPU.ActiveCfg = Release|Any CPU
		{9A2FB24B-41DB-4015-9C3F-DB8C6BB087E9}.iOS Build|Any CPU.Build.0 = Release|Any CPU
		{9A2FB24B-41DB-4015-9C3F-DB8C6BB087E9}.iOS Build|ARM.ActiveCfg = Release|Any CPU
		{9A2FB24B-41DB-4015-9C3F-DB8C6BB087E9}.iOS Build|ARM.Build.0 = Release|Any CPU
		{9A2FB24B-41DB-4015-9C3F-DB8C6BB087E9}.iOS Build|iPhone.ActiveCfg = Release|Any CPU
		{9A2FB24B-41DB-4015-9C3F-DB8C6BB087E9}.iOS Build|iPhone.Build.0 = Release|Any CPU
		{9A2FB24B-41DB-4015-9C3F-DB8C6BB087E9}.iOS Build|iPhoneSimulator.ActiveCfg = Release|Any CPU
		{9A2FB24B-41DB-4015-9C3F-DB8C6BB087E9}.iOS Build|iPhoneSimulator.Build.0 = Release|Any CPU
		{9A2FB24B-41DB-4015-9C3F-DB8C6BB087E9}.iOS Build|x64.ActiveCfg = Release|Any CPU
		{9A2FB24B-41DB-4015-9C3F-DB8C6BB087E9}.iOS Build|x64.Build.0 = Release|Any CPU
		{9A2FB24B-41DB-4015-9C3F-DB8C6BB087E9}.iOS Build|x86.ActiveCfg = Release|Any CPU
		{9A2FB24B-41DB-4015-9C3F-DB8C6BB087E9}.iOS Build|x86.Build.0 = Release|Any CPU
		{9A2FB24B-41DB-4015-9C3F-DB8C6BB087E9}.Release|Any CPU.ActiveCfg = Release|Any CPU
		{9A2FB24B-41DB-4015-9C3F-DB8C6BB087E9}.Release|Any CPU.Build.0 = Release|Any CPU
		{9A2FB24B-41DB-4015-9C3F-DB8C6BB087E9}.Release|ARM.ActiveCfg = Release|Any CPU
		{9A2FB24B-41DB-4015-9C3F-DB8C6BB087E9}.Release|ARM.Build.0 = Release|Any CPU
		{9A2FB24B-41DB-4015-9C3F-DB8C6BB087E9}.Release|iPhone.ActiveCfg = Release|Any CPU
		{9A2FB24B-41DB-4015-9C3F-DB8C6BB087E9}.Release|iPhone.Build.0 = Release|Any CPU
		{9A2FB24B-41DB-4015-9C3F-DB8C6BB087E9}.Release|iPhoneSimulator.ActiveCfg = Release|Any CPU
		{9A2FB24B-41DB-4015-9C3F-DB8C6BB087E9}.Release|iPhoneSimulator.Build.0 = Release|Any CPU
		{9A2FB24B-41DB-4015-9C3F-DB8C6BB087E9}.Release|x64.ActiveCfg = Release|Any CPU
		{9A2FB24B-41DB-4015-9C3F-DB8C6BB087E9}.Release|x64.Build.0 = Release|Any CPU
		{9A2FB24B-41DB-4015-9C3F-DB8C6BB087E9}.Release|x86.ActiveCfg = Release|Any CPU
		{9A2FB24B-41DB-4015-9C3F-DB8C6BB087E9}.Release|x86.Build.0 = Release|Any CPU
		{D5DD4CA3-3B5C-4A0E-AA82-4CEBB9A7160D}.Ad-Hoc|Any CPU.ActiveCfg = Release|Any CPU
		{D5DD4CA3-3B5C-4A0E-AA82-4CEBB9A7160D}.Ad-Hoc|Any CPU.Build.0 = Release|Any CPU
		{D5DD4CA3-3B5C-4A0E-AA82-4CEBB9A7160D}.Ad-Hoc|ARM.ActiveCfg = Release|Any CPU
		{D5DD4CA3-3B5C-4A0E-AA82-4CEBB9A7160D}.Ad-Hoc|ARM.Build.0 = Release|Any CPU
		{D5DD4CA3-3B5C-4A0E-AA82-4CEBB9A7160D}.Ad-Hoc|iPhone.ActiveCfg = Release|Any CPU
		{D5DD4CA3-3B5C-4A0E-AA82-4CEBB9A7160D}.Ad-Hoc|iPhone.Build.0 = Release|Any CPU
		{D5DD4CA3-3B5C-4A0E-AA82-4CEBB9A7160D}.Ad-Hoc|iPhoneSimulator.ActiveCfg = Release|Any CPU
		{D5DD4CA3-3B5C-4A0E-AA82-4CEBB9A7160D}.Ad-Hoc|iPhoneSimulator.Build.0 = Release|Any CPU
		{D5DD4CA3-3B5C-4A0E-AA82-4CEBB9A7160D}.Ad-Hoc|x64.ActiveCfg = Release|Any CPU
		{D5DD4CA3-3B5C-4A0E-AA82-4CEBB9A7160D}.Ad-Hoc|x64.Build.0 = Release|Any CPU
		{D5DD4CA3-3B5C-4A0E-AA82-4CEBB9A7160D}.Ad-Hoc|x86.ActiveCfg = Release|Any CPU
		{D5DD4CA3-3B5C-4A0E-AA82-4CEBB9A7160D}.Ad-Hoc|x86.Build.0 = Release|Any CPU
		{D5DD4CA3-3B5C-4A0E-AA82-4CEBB9A7160D}.AppStore|Any CPU.ActiveCfg = Release|Any CPU
		{D5DD4CA3-3B5C-4A0E-AA82-4CEBB9A7160D}.AppStore|Any CPU.Build.0 = Release|Any CPU
		{D5DD4CA3-3B5C-4A0E-AA82-4CEBB9A7160D}.AppStore|ARM.ActiveCfg = Release|Any CPU
		{D5DD4CA3-3B5C-4A0E-AA82-4CEBB9A7160D}.AppStore|ARM.Build.0 = Release|Any CPU
		{D5DD4CA3-3B5C-4A0E-AA82-4CEBB9A7160D}.AppStore|iPhone.ActiveCfg = Release|Any CPU
		{D5DD4CA3-3B5C-4A0E-AA82-4CEBB9A7160D}.AppStore|iPhone.Build.0 = Release|Any CPU
		{D5DD4CA3-3B5C-4A0E-AA82-4CEBB9A7160D}.AppStore|iPhoneSimulator.ActiveCfg = Release|Any CPU
		{D5DD4CA3-3B5C-4A0E-AA82-4CEBB9A7160D}.AppStore|iPhoneSimulator.Build.0 = Release|Any CPU
		{D5DD4CA3-3B5C-4A0E-AA82-4CEBB9A7160D}.AppStore|x64.ActiveCfg = Release|Any CPU
		{D5DD4CA3-3B5C-4A0E-AA82-4CEBB9A7160D}.AppStore|x64.Build.0 = Release|Any CPU
		{D5DD4CA3-3B5C-4A0E-AA82-4CEBB9A7160D}.AppStore|x86.ActiveCfg = Release|Any CPU
		{D5DD4CA3-3B5C-4A0E-AA82-4CEBB9A7160D}.AppStore|x86.Build.0 = Release|Any CPU
		{D5DD4CA3-3B5C-4A0E-AA82-4CEBB9A7160D}.Debug|Any CPU.ActiveCfg = Debug|Any CPU
		{D5DD4CA3-3B5C-4A0E-AA82-4CEBB9A7160D}.Debug|Any CPU.Build.0 = Debug|Any CPU
		{D5DD4CA3-3B5C-4A0E-AA82-4CEBB9A7160D}.Debug|ARM.ActiveCfg = Debug|Any CPU
		{D5DD4CA3-3B5C-4A0E-AA82-4CEBB9A7160D}.Debug|ARM.Build.0 = Debug|Any CPU
		{D5DD4CA3-3B5C-4A0E-AA82-4CEBB9A7160D}.Debug|iPhone.ActiveCfg = Debug|Any CPU
		{D5DD4CA3-3B5C-4A0E-AA82-4CEBB9A7160D}.Debug|iPhone.Build.0 = Debug|Any CPU
		{D5DD4CA3-3B5C-4A0E-AA82-4CEBB9A7160D}.Debug|iPhoneSimulator.ActiveCfg = Debug|Any CPU
		{D5DD4CA3-3B5C-4A0E-AA82-4CEBB9A7160D}.Debug|iPhoneSimulator.Build.0 = Debug|Any CPU
		{D5DD4CA3-3B5C-4A0E-AA82-4CEBB9A7160D}.Debug|x64.ActiveCfg = Debug|Any CPU
		{D5DD4CA3-3B5C-4A0E-AA82-4CEBB9A7160D}.Debug|x64.Build.0 = Debug|Any CPU
		{D5DD4CA3-3B5C-4A0E-AA82-4CEBB9A7160D}.Debug|x86.ActiveCfg = Debug|Any CPU
		{D5DD4CA3-3B5C-4A0E-AA82-4CEBB9A7160D}.Debug|x86.Build.0 = Debug|Any CPU
		{D5DD4CA3-3B5C-4A0E-AA82-4CEBB9A7160D}.iOS Build|Any CPU.ActiveCfg = iOS Build|Any CPU
		{D5DD4CA3-3B5C-4A0E-AA82-4CEBB9A7160D}.iOS Build|Any CPU.Build.0 = iOS Build|Any CPU
		{D5DD4CA3-3B5C-4A0E-AA82-4CEBB9A7160D}.iOS Build|ARM.ActiveCfg = iOS Build|Any CPU
		{D5DD4CA3-3B5C-4A0E-AA82-4CEBB9A7160D}.iOS Build|ARM.Build.0 = iOS Build|Any CPU
		{D5DD4CA3-3B5C-4A0E-AA82-4CEBB9A7160D}.iOS Build|iPhone.ActiveCfg = iOS Build|Any CPU
		{D5DD4CA3-3B5C-4A0E-AA82-4CEBB9A7160D}.iOS Build|iPhone.Build.0 = iOS Build|Any CPU
		{D5DD4CA3-3B5C-4A0E-AA82-4CEBB9A7160D}.iOS Build|iPhoneSimulator.ActiveCfg = iOS Build|Any CPU
		{D5DD4CA3-3B5C-4A0E-AA82-4CEBB9A7160D}.iOS Build|iPhoneSimulator.Build.0 = iOS Build|Any CPU
		{D5DD4CA3-3B5C-4A0E-AA82-4CEBB9A7160D}.iOS Build|x64.ActiveCfg = iOS Build|Any CPU
		{D5DD4CA3-3B5C-4A0E-AA82-4CEBB9A7160D}.iOS Build|x64.Build.0 = iOS Build|Any CPU
		{D5DD4CA3-3B5C-4A0E-AA82-4CEBB9A7160D}.iOS Build|x86.ActiveCfg = iOS Build|Any CPU
		{D5DD4CA3-3B5C-4A0E-AA82-4CEBB9A7160D}.iOS Build|x86.Build.0 = iOS Build|Any CPU
		{D5DD4CA3-3B5C-4A0E-AA82-4CEBB9A7160D}.Release|Any CPU.ActiveCfg = Release|Any CPU
		{D5DD4CA3-3B5C-4A0E-AA82-4CEBB9A7160D}.Release|Any CPU.Build.0 = Release|Any CPU
		{D5DD4CA3-3B5C-4A0E-AA82-4CEBB9A7160D}.Release|ARM.ActiveCfg = Release|Any CPU
		{D5DD4CA3-3B5C-4A0E-AA82-4CEBB9A7160D}.Release|ARM.Build.0 = Release|Any CPU
		{D5DD4CA3-3B5C-4A0E-AA82-4CEBB9A7160D}.Release|iPhone.ActiveCfg = Release|Any CPU
		{D5DD4CA3-3B5C-4A0E-AA82-4CEBB9A7160D}.Release|iPhone.Build.0 = Release|Any CPU
		{D5DD4CA3-3B5C-4A0E-AA82-4CEBB9A7160D}.Release|iPhoneSimulator.ActiveCfg = Release|Any CPU
		{D5DD4CA3-3B5C-4A0E-AA82-4CEBB9A7160D}.Release|iPhoneSimulator.Build.0 = Release|Any CPU
		{D5DD4CA3-3B5C-4A0E-AA82-4CEBB9A7160D}.Release|x64.ActiveCfg = Release|Any CPU
		{D5DD4CA3-3B5C-4A0E-AA82-4CEBB9A7160D}.Release|x64.Build.0 = Release|Any CPU
		{D5DD4CA3-3B5C-4A0E-AA82-4CEBB9A7160D}.Release|x86.ActiveCfg = Release|Any CPU
		{D5DD4CA3-3B5C-4A0E-AA82-4CEBB9A7160D}.Release|x86.Build.0 = Release|Any CPU
		{8BA8D05D-8C47-429A-ABF0-A0467DE1600D}.Ad-Hoc|Any CPU.ActiveCfg = Release|Any CPU
		{8BA8D05D-8C47-429A-ABF0-A0467DE1600D}.Ad-Hoc|Any CPU.Build.0 = Release|Any CPU
		{8BA8D05D-8C47-429A-ABF0-A0467DE1600D}.Ad-Hoc|ARM.ActiveCfg = Release|Any CPU
		{8BA8D05D-8C47-429A-ABF0-A0467DE1600D}.Ad-Hoc|ARM.Build.0 = Release|Any CPU
		{8BA8D05D-8C47-429A-ABF0-A0467DE1600D}.Ad-Hoc|iPhone.ActiveCfg = Release|Any CPU
		{8BA8D05D-8C47-429A-ABF0-A0467DE1600D}.Ad-Hoc|iPhone.Build.0 = Release|Any CPU
		{8BA8D05D-8C47-429A-ABF0-A0467DE1600D}.Ad-Hoc|iPhoneSimulator.ActiveCfg = Release|Any CPU
		{8BA8D05D-8C47-429A-ABF0-A0467DE1600D}.Ad-Hoc|iPhoneSimulator.Build.0 = Release|Any CPU
		{8BA8D05D-8C47-429A-ABF0-A0467DE1600D}.Ad-Hoc|x64.ActiveCfg = Release|Any CPU
		{8BA8D05D-8C47-429A-ABF0-A0467DE1600D}.Ad-Hoc|x64.Build.0 = Release|Any CPU
		{8BA8D05D-8C47-429A-ABF0-A0467DE1600D}.Ad-Hoc|x86.ActiveCfg = Release|Any CPU
		{8BA8D05D-8C47-429A-ABF0-A0467DE1600D}.Ad-Hoc|x86.Build.0 = Release|Any CPU
		{8BA8D05D-8C47-429A-ABF0-A0467DE1600D}.AppStore|Any CPU.ActiveCfg = Release|Any CPU
		{8BA8D05D-8C47-429A-ABF0-A0467DE1600D}.AppStore|Any CPU.Build.0 = Release|Any CPU
		{8BA8D05D-8C47-429A-ABF0-A0467DE1600D}.AppStore|ARM.ActiveCfg = Release|Any CPU
		{8BA8D05D-8C47-429A-ABF0-A0467DE1600D}.AppStore|ARM.Build.0 = Release|Any CPU
		{8BA8D05D-8C47-429A-ABF0-A0467DE1600D}.AppStore|iPhone.ActiveCfg = Release|Any CPU
		{8BA8D05D-8C47-429A-ABF0-A0467DE1600D}.AppStore|iPhone.Build.0 = Release|Any CPU
		{8BA8D05D-8C47-429A-ABF0-A0467DE1600D}.AppStore|iPhoneSimulator.ActiveCfg = Release|Any CPU
		{8BA8D05D-8C47-429A-ABF0-A0467DE1600D}.AppStore|iPhoneSimulator.Build.0 = Release|Any CPU
		{8BA8D05D-8C47-429A-ABF0-A0467DE1600D}.AppStore|x64.ActiveCfg = Release|Any CPU
		{8BA8D05D-8C47-429A-ABF0-A0467DE1600D}.AppStore|x64.Build.0 = Release|Any CPU
		{8BA8D05D-8C47-429A-ABF0-A0467DE1600D}.AppStore|x86.ActiveCfg = Release|Any CPU
		{8BA8D05D-8C47-429A-ABF0-A0467DE1600D}.AppStore|x86.Build.0 = Release|Any CPU
		{8BA8D05D-8C47-429A-ABF0-A0467DE1600D}.Debug|Any CPU.ActiveCfg = Debug|Any CPU
		{8BA8D05D-8C47-429A-ABF0-A0467DE1600D}.Debug|Any CPU.Build.0 = Debug|Any CPU
		{8BA8D05D-8C47-429A-ABF0-A0467DE1600D}.Debug|ARM.ActiveCfg = Debug|Any CPU
		{8BA8D05D-8C47-429A-ABF0-A0467DE1600D}.Debug|ARM.Build.0 = Debug|Any CPU
		{8BA8D05D-8C47-429A-ABF0-A0467DE1600D}.Debug|iPhone.ActiveCfg = Debug|Any CPU
		{8BA8D05D-8C47-429A-ABF0-A0467DE1600D}.Debug|iPhone.Build.0 = Debug|Any CPU
		{8BA8D05D-8C47-429A-ABF0-A0467DE1600D}.Debug|iPhoneSimulator.ActiveCfg = Debug|Any CPU
		{8BA8D05D-8C47-429A-ABF0-A0467DE1600D}.Debug|iPhoneSimulator.Build.0 = Debug|Any CPU
		{8BA8D05D-8C47-429A-ABF0-A0467DE1600D}.Debug|x64.ActiveCfg = Debug|Any CPU
		{8BA8D05D-8C47-429A-ABF0-A0467DE1600D}.Debug|x86.ActiveCfg = Debug|Any CPU
		{8BA8D05D-8C47-429A-ABF0-A0467DE1600D}.Debug|x86.Build.0 = Debug|Any CPU
		{8BA8D05D-8C47-429A-ABF0-A0467DE1600D}.iOS Build|Any CPU.ActiveCfg = iOS Build|Any CPU
		{8BA8D05D-8C47-429A-ABF0-A0467DE1600D}.iOS Build|ARM.ActiveCfg = iOS Build|Any CPU
		{8BA8D05D-8C47-429A-ABF0-A0467DE1600D}.iOS Build|ARM.Build.0 = iOS Build|Any CPU
		{8BA8D05D-8C47-429A-ABF0-A0467DE1600D}.iOS Build|iPhone.ActiveCfg = iOS Build|Any CPU
		{8BA8D05D-8C47-429A-ABF0-A0467DE1600D}.iOS Build|iPhone.Build.0 = iOS Build|Any CPU
		{8BA8D05D-8C47-429A-ABF0-A0467DE1600D}.iOS Build|iPhoneSimulator.ActiveCfg = iOS Build|Any CPU
		{8BA8D05D-8C47-429A-ABF0-A0467DE1600D}.iOS Build|iPhoneSimulator.Build.0 = iOS Build|Any CPU
		{8BA8D05D-8C47-429A-ABF0-A0467DE1600D}.iOS Build|x64.ActiveCfg = iOS Build|Any CPU
		{8BA8D05D-8C47-429A-ABF0-A0467DE1600D}.iOS Build|x64.Build.0 = iOS Build|Any CPU
		{8BA8D05D-8C47-429A-ABF0-A0467DE1600D}.iOS Build|x86.ActiveCfg = iOS Build|Any CPU
		{8BA8D05D-8C47-429A-ABF0-A0467DE1600D}.iOS Build|x86.Build.0 = iOS Build|Any CPU
		{8BA8D05D-8C47-429A-ABF0-A0467DE1600D}.Release|Any CPU.ActiveCfg = Release|Any CPU
		{8BA8D05D-8C47-429A-ABF0-A0467DE1600D}.Release|Any CPU.Build.0 = Release|Any CPU
		{8BA8D05D-8C47-429A-ABF0-A0467DE1600D}.Release|ARM.ActiveCfg = Release|Any CPU
		{8BA8D05D-8C47-429A-ABF0-A0467DE1600D}.Release|ARM.Build.0 = Release|Any CPU
		{8BA8D05D-8C47-429A-ABF0-A0467DE1600D}.Release|iPhone.ActiveCfg = Release|Any CPU
		{8BA8D05D-8C47-429A-ABF0-A0467DE1600D}.Release|iPhone.Build.0 = Release|Any CPU
		{8BA8D05D-8C47-429A-ABF0-A0467DE1600D}.Release|iPhoneSimulator.ActiveCfg = Release|Any CPU
		{8BA8D05D-8C47-429A-ABF0-A0467DE1600D}.Release|iPhoneSimulator.Build.0 = Release|Any CPU
		{8BA8D05D-8C47-429A-ABF0-A0467DE1600D}.Release|x64.ActiveCfg = Release|Any CPU
		{8BA8D05D-8C47-429A-ABF0-A0467DE1600D}.Release|x64.Build.0 = Release|Any CPU
		{8BA8D05D-8C47-429A-ABF0-A0467DE1600D}.Release|x86.ActiveCfg = Release|Any CPU
		{8BA8D05D-8C47-429A-ABF0-A0467DE1600D}.Release|x86.Build.0 = Release|Any CPU
		{076B08B6-234F-4AE3-8815-7E36A47F9475}.Ad-Hoc|Any CPU.ActiveCfg = Debug|Any CPU
		{076B08B6-234F-4AE3-8815-7E36A47F9475}.Ad-Hoc|Any CPU.Build.0 = Debug|Any CPU
		{076B08B6-234F-4AE3-8815-7E36A47F9475}.Ad-Hoc|ARM.ActiveCfg = Debug|Any CPU
		{076B08B6-234F-4AE3-8815-7E36A47F9475}.Ad-Hoc|ARM.Build.0 = Debug|Any CPU
		{076B08B6-234F-4AE3-8815-7E36A47F9475}.Ad-Hoc|iPhone.ActiveCfg = Debug|Any CPU
		{076B08B6-234F-4AE3-8815-7E36A47F9475}.Ad-Hoc|iPhone.Build.0 = Debug|Any CPU
		{076B08B6-234F-4AE3-8815-7E36A47F9475}.Ad-Hoc|iPhoneSimulator.ActiveCfg = Debug|Any CPU
		{076B08B6-234F-4AE3-8815-7E36A47F9475}.Ad-Hoc|iPhoneSimulator.Build.0 = Debug|Any CPU
		{076B08B6-234F-4AE3-8815-7E36A47F9475}.Ad-Hoc|x64.ActiveCfg = Debug|Any CPU
		{076B08B6-234F-4AE3-8815-7E36A47F9475}.Ad-Hoc|x64.Build.0 = Debug|Any CPU
		{076B08B6-234F-4AE3-8815-7E36A47F9475}.Ad-Hoc|x86.ActiveCfg = Debug|Any CPU
		{076B08B6-234F-4AE3-8815-7E36A47F9475}.Ad-Hoc|x86.Build.0 = Debug|Any CPU
		{076B08B6-234F-4AE3-8815-7E36A47F9475}.AppStore|Any CPU.ActiveCfg = Debug|Any CPU
		{076B08B6-234F-4AE3-8815-7E36A47F9475}.AppStore|Any CPU.Build.0 = Debug|Any CPU
		{076B08B6-234F-4AE3-8815-7E36A47F9475}.AppStore|ARM.ActiveCfg = Debug|Any CPU
		{076B08B6-234F-4AE3-8815-7E36A47F9475}.AppStore|ARM.Build.0 = Debug|Any CPU
		{076B08B6-234F-4AE3-8815-7E36A47F9475}.AppStore|iPhone.ActiveCfg = Debug|Any CPU
		{076B08B6-234F-4AE3-8815-7E36A47F9475}.AppStore|iPhone.Build.0 = Debug|Any CPU
		{076B08B6-234F-4AE3-8815-7E36A47F9475}.AppStore|iPhoneSimulator.ActiveCfg = Debug|Any CPU
		{076B08B6-234F-4AE3-8815-7E36A47F9475}.AppStore|iPhoneSimulator.Build.0 = Debug|Any CPU
		{076B08B6-234F-4AE3-8815-7E36A47F9475}.AppStore|x64.ActiveCfg = Debug|Any CPU
		{076B08B6-234F-4AE3-8815-7E36A47F9475}.AppStore|x64.Build.0 = Debug|Any CPU
		{076B08B6-234F-4AE3-8815-7E36A47F9475}.AppStore|x86.ActiveCfg = Debug|Any CPU
		{076B08B6-234F-4AE3-8815-7E36A47F9475}.AppStore|x86.Build.0 = Debug|Any CPU
		{076B08B6-234F-4AE3-8815-7E36A47F9475}.Debug|Any CPU.ActiveCfg = Debug|Any CPU
		{076B08B6-234F-4AE3-8815-7E36A47F9475}.Debug|Any CPU.Build.0 = Debug|Any CPU
		{076B08B6-234F-4AE3-8815-7E36A47F9475}.Debug|ARM.ActiveCfg = Debug|Any CPU
		{076B08B6-234F-4AE3-8815-7E36A47F9475}.Debug|ARM.Build.0 = Debug|Any CPU
		{076B08B6-234F-4AE3-8815-7E36A47F9475}.Debug|iPhone.ActiveCfg = Debug|Any CPU
		{076B08B6-234F-4AE3-8815-7E36A47F9475}.Debug|iPhone.Build.0 = Debug|Any CPU
		{076B08B6-234F-4AE3-8815-7E36A47F9475}.Debug|iPhoneSimulator.ActiveCfg = Debug|Any CPU
		{076B08B6-234F-4AE3-8815-7E36A47F9475}.Debug|iPhoneSimulator.Build.0 = Debug|Any CPU
		{076B08B6-234F-4AE3-8815-7E36A47F9475}.Debug|x64.ActiveCfg = Debug|Any CPU
		{076B08B6-234F-4AE3-8815-7E36A47F9475}.Debug|x64.Build.0 = Debug|Any CPU
		{076B08B6-234F-4AE3-8815-7E36A47F9475}.Debug|x86.ActiveCfg = Debug|Any CPU
		{076B08B6-234F-4AE3-8815-7E36A47F9475}.Debug|x86.Build.0 = Debug|Any CPU
		{076B08B6-234F-4AE3-8815-7E36A47F9475}.iOS Build|Any CPU.ActiveCfg = Release|Any CPU
		{076B08B6-234F-4AE3-8815-7E36A47F9475}.iOS Build|Any CPU.Build.0 = Release|Any CPU
		{076B08B6-234F-4AE3-8815-7E36A47F9475}.iOS Build|ARM.ActiveCfg = Release|Any CPU
		{076B08B6-234F-4AE3-8815-7E36A47F9475}.iOS Build|ARM.Build.0 = Release|Any CPU
		{076B08B6-234F-4AE3-8815-7E36A47F9475}.iOS Build|iPhone.ActiveCfg = Release|Any CPU
		{076B08B6-234F-4AE3-8815-7E36A47F9475}.iOS Build|iPhone.Build.0 = Release|Any CPU
		{076B08B6-234F-4AE3-8815-7E36A47F9475}.iOS Build|iPhoneSimulator.ActiveCfg = Release|Any CPU
		{076B08B6-234F-4AE3-8815-7E36A47F9475}.iOS Build|iPhoneSimulator.Build.0 = Release|Any CPU
		{076B08B6-234F-4AE3-8815-7E36A47F9475}.iOS Build|x64.ActiveCfg = Release|Any CPU
		{076B08B6-234F-4AE3-8815-7E36A47F9475}.iOS Build|x64.Build.0 = Release|Any CPU
		{076B08B6-234F-4AE3-8815-7E36A47F9475}.iOS Build|x86.ActiveCfg = Release|Any CPU
		{076B08B6-234F-4AE3-8815-7E36A47F9475}.iOS Build|x86.Build.0 = Release|Any CPU
		{076B08B6-234F-4AE3-8815-7E36A47F9475}.Release|Any CPU.ActiveCfg = Release|Any CPU
		{076B08B6-234F-4AE3-8815-7E36A47F9475}.Release|Any CPU.Build.0 = Release|Any CPU
		{076B08B6-234F-4AE3-8815-7E36A47F9475}.Release|ARM.ActiveCfg = Release|Any CPU
		{076B08B6-234F-4AE3-8815-7E36A47F9475}.Release|ARM.Build.0 = Release|Any CPU
		{076B08B6-234F-4AE3-8815-7E36A47F9475}.Release|iPhone.ActiveCfg = Release|Any CPU
		{076B08B6-234F-4AE3-8815-7E36A47F9475}.Release|iPhone.Build.0 = Release|Any CPU
		{076B08B6-234F-4AE3-8815-7E36A47F9475}.Release|iPhoneSimulator.ActiveCfg = Release|Any CPU
		{076B08B6-234F-4AE3-8815-7E36A47F9475}.Release|iPhoneSimulator.Build.0 = Release|Any CPU
		{076B08B6-234F-4AE3-8815-7E36A47F9475}.Release|x64.ActiveCfg = Release|Any CPU
		{076B08B6-234F-4AE3-8815-7E36A47F9475}.Release|x64.Build.0 = Release|Any CPU
		{076B08B6-234F-4AE3-8815-7E36A47F9475}.Release|x86.ActiveCfg = Release|Any CPU
		{076B08B6-234F-4AE3-8815-7E36A47F9475}.Release|x86.Build.0 = Release|Any CPU
	EndGlobalSection
	GlobalSection(SolutionProperties) = preSolution
		HideSolutionNode = FALSE
	EndGlobalSection
	GlobalSection(NestedProjects) = preSolution
		{786A2D0B-C3E4-4D7A-89C5-86EBC94E1B45} = {28B2F139-DEC4-4A0D-91D0-09BE58A02F90}
		{B5EC62F1-6739-4055-B6FC-21776E60F98A} = {7015A37C-EEEC-4160-B67D-93B6B2FEFF5E}
		{832182CC-D9E4-4361-A75C-3FBF80BE6D88} = {0D4FEFF5-13CC-47C9-8AF0-576648BEBEC6}
		{9A2FB24B-41DB-4015-9C3F-DB8C6BB087E9} = {7015A37C-EEEC-4160-B67D-93B6B2FEFF5E}
		{D5DD4CA3-3B5C-4A0E-AA82-4CEBB9A7160D} = {DE9500B4-4EE9-4E14-9EC8-FF7AF17B0776}
		{8BA8D05D-8C47-429A-ABF0-A0467DE1600D} = {DE9500B4-4EE9-4E14-9EC8-FF7AF17B0776}
		{076B08B6-234F-4AE3-8815-7E36A47F9475} = {28B2F139-DEC4-4A0D-91D0-09BE58A02F90}
		{7015A37C-EEEC-4160-B67D-93B6B2FEFF5E} = {799D8AF4-1B39-4A0A-8E8D-0C13F1422EC8}
		{0D4FEFF5-13CC-47C9-8AF0-576648BEBEC6} = {799D8AF4-1B39-4A0A-8E8D-0C13F1422EC8}
	EndGlobalSection
	GlobalSection(ExtensibilityGlobals) = postSolution
		SolutionGuid = {AAE4139B-AB77-4DEA-AB14-FBDB3EBC3430}
	EndGlobalSection
EndGlobal
