
Microsoft Visual Studio Solution File, Format Version 12.00
# Visual Studio 15
VisualStudioVersion = 15.0.26730.16
MinimumVisualStudioVersion = 10.0.40219.1
Project("{9A19103F-16F7-4668-BE54-9A1E7A4F7556}") = "LagoVista.Client.Core", "src\LagoVista.Client.Core\LagoVista.Client.Core.csproj", "{786A2D0B-C3E4-4D7A-89C5-86EBC94E1B45}"
EndProject
Project("{FAE04EC0-301F-11D3-BF4B-00C04F79EFBC}") = "LagoVista.Simulator.iOS", "src\LagoVista.Simulator.iOS\LagoVista.Simulator.iOS.csproj", "{EC06F587-499C-4247-BA95-0D9703A8D772}"
EndProject
Project("{2150E333-8FDC-42A3-9474-1A3956D46DE8}") = "XPlat", "XPlat", "{DE9500B4-4EE9-4E14-9EC8-FF7AF17B0776}"
EndProject
Project("{2150E333-8FDC-42A3-9474-1A3956D46DE8}") = "LagoVista.Client", "LagoVista.Client", "{28B2F139-DEC4-4A0D-91D0-09BE58A02F90}"
EndProject
Project("{2150E333-8FDC-42A3-9474-1A3956D46DE8}") = "Simulator", "Simulator", "{799D8AF4-1B39-4A0A-8E8D-0C13F1422EC8}"
EndProject
Project("{9A19103F-16F7-4668-BE54-9A1E7A4F7556}") = "LagoVista.Simulator.Core", "src\LagoVista.Simulator.Core\LagoVista.Simulator.Core.csproj", "{9A2FB24B-41DB-4015-9C3F-DB8C6BB087E9}"
EndProject
Project("{2150E333-8FDC-42A3-9474-1A3956D46DE8}") = "Solution Items", "Solution Items", "{4B7D3535-ACD6-4DF2-BAD6-F6630EF056E9}"
	ProjectSection(SolutionItems) = preProject
		BuildAll.ps1 = BuildAll.ps1
		CreateLocalPackages.ps1 = CreateLocalPackages.ps1
		UpdateNuspecVersion.ps1 = UpdateNuspecVersion.ps1
	EndProjectSection
EndProject
Project("{FAE04EC0-301F-11D3-BF4B-00C04F79EFBC}") = "LagoVista.XPlat.iOS", "src\LagoVista.XPlat.iOS\LagoVista.XPlat.iOS.csproj", "{E5400B5B-9F73-4C70-B958-B44A37D8F6F6}"
EndProject
Project("{9A19103F-16F7-4668-BE54-9A1E7A4F7556}") = "LagoVista.MQTT.Core", "src\LagoVista.MQTT.Core\LagoVista.MQTT.Core.csproj", "{076B08B6-234F-4AE3-8815-7E36A47F9475}"
EndProject
Project("{2150E333-8FDC-42A3-9474-1A3956D46DE8}") = "Common", "Common", "{7015A37C-EEEC-4160-B67D-93B6B2FEFF5E}"
EndProject
Project("{2150E333-8FDC-42A3-9474-1A3956D46DE8}") = "Apps", "Apps", "{0D4FEFF5-13CC-47C9-8AF0-576648BEBEC6}"
EndProject
Project("{FAE04EC0-301F-11D3-BF4B-00C04F79EFBC}") = "LagoVista.XPlat.Core", "src\LagoVista.XPlat.Core\LagoVista.XPlat.Core.csproj", "{A2F0C263-A70E-4773-BCA6-2FF179B0D04C}"
EndProject
Project("{FAE04EC0-301F-11D3-BF4B-00C04F79EFBC}") = "LagoVista.Simulator", "src\LagoVista.Simulator\LagoVista.Simulator.csproj", "{780C954A-BEA8-4BBA-8343-48E5B8251812}"
EndProject
Global
	GlobalSection(SolutionConfigurationPlatforms) = preSolution
		Ad-Hoc|Any CPU = Ad-Hoc|Any CPU
		Ad-Hoc|ARM = Ad-Hoc|ARM
		Ad-Hoc|iPhone = Ad-Hoc|iPhone
		Ad-Hoc|iPhoneSimulator = Ad-Hoc|iPhoneSimulator
		Ad-Hoc|x64 = Ad-Hoc|x64
		Ad-Hoc|x86 = Ad-Hoc|x86
		AppStore|Any CPU = AppStore|Any CPU
		AppStore|ARM = AppStore|ARM
		AppStore|iPhone = AppStore|iPhone
		AppStore|iPhoneSimulator = AppStore|iPhoneSimulator
		AppStore|x64 = AppStore|x64
		AppStore|x86 = AppStore|x86
		Debug|Any CPU = Debug|Any CPU
		Debug|ARM = Debug|ARM
		Debug|iPhone = Debug|iPhone
		Debug|iPhoneSimulator = Debug|iPhoneSimulator
		Debug|x64 = Debug|x64
		Debug|x86 = Debug|x86
		iOS Build|Any CPU = iOS Build|Any CPU
		iOS Build|ARM = iOS Build|ARM
		iOS Build|iPhone = iOS Build|iPhone
		iOS Build|iPhoneSimulator = iOS Build|iPhoneSimulator
		iOS Build|x64 = iOS Build|x64
		iOS Build|x86 = iOS Build|x86
		Release|Any CPU = Release|Any CPU
		Release|ARM = Release|ARM
		Release|iPhone = Release|iPhone
		Release|iPhoneSimulator = Release|iPhoneSimulator
		Release|x64 = Release|x64
		Release|x86 = Release|x86
	EndGlobalSection
	GlobalSection(ProjectConfigurationPlatforms) = postSolution
		{786A2D0B-C3E4-4D7A-89C5-86EBC94E1B45}.Ad-Hoc|Any CPU.ActiveCfg = Debug|Any CPU
		{786A2D0B-C3E4-4D7A-89C5-86EBC94E1B45}.Ad-Hoc|Any CPU.Build.0 = Debug|Any CPU
		{786A2D0B-C3E4-4D7A-89C5-86EBC94E1B45}.Ad-Hoc|ARM.ActiveCfg = Debug|Any CPU
		{786A2D0B-C3E4-4D7A-89C5-86EBC94E1B45}.Ad-Hoc|ARM.Build.0 = Debug|Any CPU
		{786A2D0B-C3E4-4D7A-89C5-86EBC94E1B45}.Ad-Hoc|iPhone.ActiveCfg = Debug|Any CPU
		{786A2D0B-C3E4-4D7A-89C5-86EBC94E1B45}.Ad-Hoc|iPhone.Build.0 = Debug|Any CPU
		{786A2D0B-C3E4-4D7A-89C5-86EBC94E1B45}.Ad-Hoc|iPhoneSimulator.ActiveCfg = Debug|Any CPU
		{786A2D0B-C3E4-4D7A-89C5-86EBC94E1B45}.Ad-Hoc|iPhoneSimulator.Build.0 = Debug|Any CPU
		{786A2D0B-C3E4-4D7A-89C5-86EBC94E1B45}.Ad-Hoc|x64.ActiveCfg = Debug|Any CPU
		{786A2D0B-C3E4-4D7A-89C5-86EBC94E1B45}.Ad-Hoc|x64.Build.0 = Debug|Any CPU
		{786A2D0B-C3E4-4D7A-89C5-86EBC94E1B45}.Ad-Hoc|x86.ActiveCfg = Debug|Any CPU
		{786A2D0B-C3E4-4D7A-89C5-86EBC94E1B45}.Ad-Hoc|x86.Build.0 = Debug|Any CPU
		{786A2D0B-C3E4-4D7A-89C5-86EBC94E1B45}.AppStore|Any CPU.ActiveCfg = Debug|Any CPU
		{786A2D0B-C3E4-4D7A-89C5-86EBC94E1B45}.AppStore|Any CPU.Build.0 = Debug|Any CPU
		{786A2D0B-C3E4-4D7A-89C5-86EBC94E1B45}.AppStore|ARM.ActiveCfg = Debug|Any CPU
		{786A2D0B-C3E4-4D7A-89C5-86EBC94E1B45}.AppStore|ARM.Build.0 = Debug|Any CPU
		{786A2D0B-C3E4-4D7A-89C5-86EBC94E1B45}.AppStore|iPhone.ActiveCfg = Debug|Any CPU
		{786A2D0B-C3E4-4D7A-89C5-86EBC94E1B45}.AppStore|iPhone.Build.0 = Debug|Any CPU
		{786A2D0B-C3E4-4D7A-89C5-86EBC94E1B45}.AppStore|iPhoneSimulator.ActiveCfg = Debug|Any CPU
		{786A2D0B-C3E4-4D7A-89C5-86EBC94E1B45}.AppStore|iPhoneSimulator.Build.0 = Debug|Any CPU
		{786A2D0B-C3E4-4D7A-89C5-86EBC94E1B45}.AppStore|x64.ActiveCfg = Debug|Any CPU
		{786A2D0B-C3E4-4D7A-89C5-86EBC94E1B45}.AppStore|x64.Build.0 = Debug|Any CPU
		{786A2D0B-C3E4-4D7A-89C5-86EBC94E1B45}.AppStore|x86.ActiveCfg = Debug|Any CPU
		{786A2D0B-C3E4-4D7A-89C5-86EBC94E1B45}.AppStore|x86.Build.0 = Debug|Any CPU
		{786A2D0B-C3E4-4D7A-89C5-86EBC94E1B45}.Debug|Any CPU.ActiveCfg = Debug|Any CPU
		{786A2D0B-C3E4-4D7A-89C5-86EBC94E1B45}.Debug|Any CPU.Build.0 = Debug|Any CPU
		{786A2D0B-C3E4-4D7A-89C5-86EBC94E1B45}.Debug|ARM.ActiveCfg = Debug|Any CPU
		{786A2D0B-C3E4-4D7A-89C5-86EBC94E1B45}.Debug|ARM.Build.0 = Debug|Any CPU
		{786A2D0B-C3E4-4D7A-89C5-86EBC94E1B45}.Debug|iPhone.ActiveCfg = Debug|Any CPU
		{786A2D0B-C3E4-4D7A-89C5-86EBC94E1B45}.Debug|iPhone.Build.0 = Debug|Any CPU
		{786A2D0B-C3E4-4D7A-89C5-86EBC94E1B45}.Debug|iPhoneSimulator.ActiveCfg = Debug|Any CPU
		{786A2D0B-C3E4-4D7A-89C5-86EBC94E1B45}.Debug|iPhoneSimulator.Build.0 = Debug|Any CPU
		{786A2D0B-C3E4-4D7A-89C5-86EBC94E1B45}.Debug|x64.ActiveCfg = Debug|Any CPU
		{786A2D0B-C3E4-4D7A-89C5-86EBC94E1B45}.Debug|x64.Build.0 = Debug|Any CPU
		{786A2D0B-C3E4-4D7A-89C5-86EBC94E1B45}.Debug|x86.ActiveCfg = Debug|Any CPU
		{786A2D0B-C3E4-4D7A-89C5-86EBC94E1B45}.Debug|x86.Build.0 = Debug|Any CPU
		{786A2D0B-C3E4-4D7A-89C5-86EBC94E1B45}.iOS Build|Any CPU.ActiveCfg = Release|Any CPU
		{786A2D0B-C3E4-4D7A-89C5-86EBC94E1B45}.iOS Build|Any CPU.Build.0 = Release|Any CPU
		{786A2D0B-C3E4-4D7A-89C5-86EBC94E1B45}.iOS Build|ARM.ActiveCfg = Release|Any CPU
		{786A2D0B-C3E4-4D7A-89C5-86EBC94E1B45}.iOS Build|ARM.Build.0 = Release|Any CPU
		{786A2D0B-C3E4-4D7A-89C5-86EBC94E1B45}.iOS Build|iPhone.ActiveCfg = Release|Any CPU
		{786A2D0B-C3E4-4D7A-89C5-86EBC94E1B45}.iOS Build|iPhone.Build.0 = Release|Any CPU
		{786A2D0B-C3E4-4D7A-89C5-86EBC94E1B45}.iOS Build|iPhoneSimulator.ActiveCfg = Release|Any CPU
		{786A2D0B-C3E4-4D7A-89C5-86EBC94E1B45}.iOS Build|iPhoneSimulator.Build.0 = Release|Any CPU
		{786A2D0B-C3E4-4D7A-89C5-86EBC94E1B45}.iOS Build|x64.ActiveCfg = Release|Any CPU
		{786A2D0B-C3E4-4D7A-89C5-86EBC94E1B45}.iOS Build|x64.Build.0 = Release|Any CPU
		{786A2D0B-C3E4-4D7A-89C5-86EBC94E1B45}.iOS Build|x86.ActiveCfg = Release|Any CPU
		{786A2D0B-C3E4-4D7A-89C5-86EBC94E1B45}.iOS Build|x86.Build.0 = Release|Any CPU
		{786A2D0B-C3E4-4D7A-89C5-86EBC94E1B45}.Release|Any CPU.ActiveCfg = Release|Any CPU
		{786A2D0B-C3E4-4D7A-89C5-86EBC94E1B45}.Release|Any CPU.Build.0 = Release|Any CPU
		{786A2D0B-C3E4-4D7A-89C5-86EBC94E1B45}.Release|ARM.ActiveCfg = Release|Any CPU
		{786A2D0B-C3E4-4D7A-89C5-86EBC94E1B45}.Release|ARM.Build.0 = Release|Any CPU
		{786A2D0B-C3E4-4D7A-89C5-86EBC94E1B45}.Release|iPhone.ActiveCfg = Release|Any CPU
		{786A2D0B-C3E4-4D7A-89C5-86EBC94E1B45}.Release|iPhone.Build.0 = Release|Any CPU
		{786A2D0B-C3E4-4D7A-89C5-86EBC94E1B45}.Release|iPhoneSimulator.ActiveCfg = Release|Any CPU
		{786A2D0B-C3E4-4D7A-89C5-86EBC94E1B45}.Release|iPhoneSimulator.Build.0 = Release|Any CPU
		{786A2D0B-C3E4-4D7A-89C5-86EBC94E1B45}.Release|x64.ActiveCfg = Release|Any CPU
		{786A2D0B-C3E4-4D7A-89C5-86EBC94E1B45}.Release|x64.Build.0 = Release|Any CPU
		{786A2D0B-C3E4-4D7A-89C5-86EBC94E1B45}.Release|x86.ActiveCfg = Release|Any CPU
		{786A2D0B-C3E4-4D7A-89C5-86EBC94E1B45}.Release|x86.Build.0 = Release|Any CPU
		{EC06F587-499C-4247-BA95-0D9703A8D772}.Ad-Hoc|Any CPU.ActiveCfg = Ad-Hoc|iPhone
		{EC06F587-499C-4247-BA95-0D9703A8D772}.Ad-Hoc|ARM.ActiveCfg = Ad-Hoc|iPhone
		{EC06F587-499C-4247-BA95-0D9703A8D772}.Ad-Hoc|iPhone.ActiveCfg = Ad-Hoc|iPhone
		{EC06F587-499C-4247-BA95-0D9703A8D772}.Ad-Hoc|iPhone.Build.0 = Ad-Hoc|iPhone
		{EC06F587-499C-4247-BA95-0D9703A8D772}.Ad-Hoc|iPhoneSimulator.ActiveCfg = Ad-Hoc|iPhoneSimulator
		{EC06F587-499C-4247-BA95-0D9703A8D772}.Ad-Hoc|iPhoneSimulator.Build.0 = Ad-Hoc|iPhoneSimulator
		{EC06F587-499C-4247-BA95-0D9703A8D772}.Ad-Hoc|x64.ActiveCfg = Ad-Hoc|iPhone
		{EC06F587-499C-4247-BA95-0D9703A8D772}.Ad-Hoc|x86.ActiveCfg = Ad-Hoc|iPhone
		{EC06F587-499C-4247-BA95-0D9703A8D772}.AppStore|Any CPU.ActiveCfg = AppStore|iPhone
		{EC06F587-499C-4247-BA95-0D9703A8D772}.AppStore|ARM.ActiveCfg = AppStore|iPhone
		{EC06F587-499C-4247-BA95-0D9703A8D772}.AppStore|iPhone.ActiveCfg = AppStore|iPhone
		{EC06F587-499C-4247-BA95-0D9703A8D772}.AppStore|iPhone.Build.0 = AppStore|iPhone
		{EC06F587-499C-4247-BA95-0D9703A8D772}.AppStore|iPhoneSimulator.ActiveCfg = AppStore|iPhoneSimulator
		{EC06F587-499C-4247-BA95-0D9703A8D772}.AppStore|iPhoneSimulator.Build.0 = AppStore|iPhoneSimulator
		{EC06F587-499C-4247-BA95-0D9703A8D772}.AppStore|x64.ActiveCfg = AppStore|iPhone
		{EC06F587-499C-4247-BA95-0D9703A8D772}.AppStore|x86.ActiveCfg = AppStore|iPhone
		{EC06F587-499C-4247-BA95-0D9703A8D772}.Debug|Any CPU.ActiveCfg = Debug|iPhone
		{EC06F587-499C-4247-BA95-0D9703A8D772}.Debug|ARM.ActiveCfg = Debug|iPhone
		{EC06F587-499C-4247-BA95-0D9703A8D772}.Debug|iPhone.ActiveCfg = Debug|iPhone
		{EC06F587-499C-4247-BA95-0D9703A8D772}.Debug|iPhone.Build.0 = Debug|iPhone
		{EC06F587-499C-4247-BA95-0D9703A8D772}.Debug|iPhoneSimulator.ActiveCfg = Debug|iPhoneSimulator
		{EC06F587-499C-4247-BA95-0D9703A8D772}.Debug|iPhoneSimulator.Build.0 = Debug|iPhoneSimulator
		{EC06F587-499C-4247-BA95-0D9703A8D772}.Debug|x64.ActiveCfg = Debug|iPhone
		{EC06F587-499C-4247-BA95-0D9703A8D772}.Debug|x86.ActiveCfg = Debug|iPhone
		{EC06F587-499C-4247-BA95-0D9703A8D772}.iOS Build|Any CPU.ActiveCfg = iOS Build|iPhone
		{EC06F587-499C-4247-BA95-0D9703A8D772}.iOS Build|ARM.ActiveCfg = iOS Build|iPhone
		{EC06F587-499C-4247-BA95-0D9703A8D772}.iOS Build|iPhone.ActiveCfg = iOS Build|iPhone
		{EC06F587-499C-4247-BA95-0D9703A8D772}.iOS Build|iPhone.Build.0 = iOS Build|iPhone
		{EC06F587-499C-4247-BA95-0D9703A8D772}.iOS Build|iPhoneSimulator.ActiveCfg = iOS Build|iPhoneSimulator
		{EC06F587-499C-4247-BA95-0D9703A8D772}.iOS Build|x64.ActiveCfg = iOS Build|iPhone
		{EC06F587-499C-4247-BA95-0D9703A8D772}.iOS Build|x86.ActiveCfg = iOS Build|iPhone
		{EC06F587-499C-4247-BA95-0D9703A8D772}.Release|Any CPU.ActiveCfg = Release|iPhone
		{EC06F587-499C-4247-BA95-0D9703A8D772}.Release|ARM.ActiveCfg = Release|iPhone
		{EC06F587-499C-4247-BA95-0D9703A8D772}.Release|iPhone.ActiveCfg = Release|iPhone
		{EC06F587-499C-4247-BA95-0D9703A8D772}.Release|iPhone.Build.0 = Release|iPhone
		{EC06F587-499C-4247-BA95-0D9703A8D772}.Release|iPhoneSimulator.ActiveCfg = Release|iPhoneSimulator
		{EC06F587-499C-4247-BA95-0D9703A8D772}.Release|iPhoneSimulator.Build.0 = Release|iPhoneSimulator
		{EC06F587-499C-4247-BA95-0D9703A8D772}.Release|x64.ActiveCfg = Release|iPhone
		{EC06F587-499C-4247-BA95-0D9703A8D772}.Release|x86.ActiveCfg = Release|iPhone
		{9A2FB24B-41DB-4015-9C3F-DB8C6BB087E9}.Ad-Hoc|Any CPU.ActiveCfg = Debug|Any CPU
		{9A2FB24B-41DB-4015-9C3F-DB8C6BB087E9}.Ad-Hoc|Any CPU.Build.0 = Debug|Any CPU
		{9A2FB24B-41DB-4015-9C3F-DB8C6BB087E9}.Ad-Hoc|ARM.ActiveCfg = Debug|Any CPU
		{9A2FB24B-41DB-4015-9C3F-DB8C6BB087E9}.Ad-Hoc|ARM.Build.0 = Debug|Any CPU
		{9A2FB24B-41DB-4015-9C3F-DB8C6BB087E9}.Ad-Hoc|iPhone.ActiveCfg = Debug|Any CPU
		{9A2FB24B-41DB-4015-9C3F-DB8C6BB087E9}.Ad-Hoc|iPhone.Build.0 = Debug|Any CPU
		{9A2FB24B-41DB-4015-9C3F-DB8C6BB087E9}.Ad-Hoc|iPhoneSimulator.ActiveCfg = Debug|Any CPU
		{9A2FB24B-41DB-4015-9C3F-DB8C6BB087E9}.Ad-Hoc|iPhoneSimulator.Build.0 = Debug|Any CPU
		{9A2FB24B-41DB-4015-9C3F-DB8C6BB087E9}.Ad-Hoc|x64.ActiveCfg = Debug|Any CPU
		{9A2FB24B-41DB-4015-9C3F-DB8C6BB087E9}.Ad-Hoc|x64.Build.0 = Debug|Any CPU
		{9A2FB24B-41DB-4015-9C3F-DB8C6BB087E9}.Ad-Hoc|x86.ActiveCfg = Debug|Any CPU
		{9A2FB24B-41DB-4015-9C3F-DB8C6BB087E9}.Ad-Hoc|x86.Build.0 = Debug|Any CPU
		{9A2FB24B-41DB-4015-9C3F-DB8C6BB087E9}.AppStore|Any CPU.ActiveCfg = Debug|Any CPU
		{9A2FB24B-41DB-4015-9C3F-DB8C6BB087E9}.AppStore|Any CPU.Build.0 = Debug|Any CPU
		{9A2FB24B-41DB-4015-9C3F-DB8C6BB087E9}.AppStore|ARM.ActiveCfg = Debug|Any CPU
		{9A2FB24B-41DB-4015-9C3F-DB8C6BB087E9}.AppStore|ARM.Build.0 = Debug|Any CPU
		{9A2FB24B-41DB-4015-9C3F-DB8C6BB087E9}.AppStore|iPhone.ActiveCfg = Debug|Any CPU
		{9A2FB24B-41DB-4015-9C3F-DB8C6BB087E9}.AppStore|iPhone.Build.0 = Debug|Any CPU
		{9A2FB24B-41DB-4015-9C3F-DB8C6BB087E9}.AppStore|iPhoneSimulator.ActiveCfg = Debug|Any CPU
		{9A2FB24B-41DB-4015-9C3F-DB8C6BB087E9}.AppStore|iPhoneSimulator.Build.0 = Debug|Any CPU
		{9A2FB24B-41DB-4015-9C3F-DB8C6BB087E9}.AppStore|x64.ActiveCfg = Debug|Any CPU
		{9A2FB24B-41DB-4015-9C3F-DB8C6BB087E9}.AppStore|x64.Build.0 = Debug|Any CPU
		{9A2FB24B-41DB-4015-9C3F-DB8C6BB087E9}.AppStore|x86.ActiveCfg = Debug|Any CPU
		{9A2FB24B-41DB-4015-9C3F-DB8C6BB087E9}.AppStore|x86.Build.0 = Debug|Any CPU
		{9A2FB24B-41DB-4015-9C3F-DB8C6BB087E9}.Debug|Any CPU.ActiveCfg = Debug|Any CPU
		{9A2FB24B-41DB-4015-9C3F-DB8C6BB087E9}.Debug|Any CPU.Build.0 = Debug|Any CPU
		{9A2FB24B-41DB-4015-9C3F-DB8C6BB087E9}.Debug|ARM.ActiveCfg = Debug|Any CPU
		{9A2FB24B-41DB-4015-9C3F-DB8C6BB087E9}.Debug|ARM.Build.0 = Debug|Any CPU
		{9A2FB24B-41DB-4015-9C3F-DB8C6BB087E9}.Debug|iPhone.ActiveCfg = Debug|Any CPU
		{9A2FB24B-41DB-4015-9C3F-DB8C6BB087E9}.Debug|iPhone.Build.0 = Debug|Any CPU
		{9A2FB24B-41DB-4015-9C3F-DB8C6BB087E9}.Debug|iPhoneSimulator.ActiveCfg = Debug|Any CPU
		{9A2FB24B-41DB-4015-9C3F-DB8C6BB087E9}.Debug|iPhoneSimulator.Build.0 = Debug|Any CPU
		{9A2FB24B-41DB-4015-9C3F-DB8C6BB087E9}.Debug|x64.ActiveCfg = Debug|Any CPU
		{9A2FB24B-41DB-4015-9C3F-DB8C6BB087E9}.Debug|x64.Build.0 = Debug|Any CPU
		{9A2FB24B-41DB-4015-9C3F-DB8C6BB087E9}.Debug|x86.ActiveCfg = Debug|Any CPU
		{9A2FB24B-41DB-4015-9C3F-DB8C6BB087E9}.Debug|x86.Build.0 = Debug|Any CPU
		{9A2FB24B-41DB-4015-9C3F-DB8C6BB087E9}.iOS Build|Any CPU.ActiveCfg = Release|Any CPU
		{9A2FB24B-41DB-4015-9C3F-DB8C6BB087E9}.iOS Build|Any CPU.Build.0 = Release|Any CPU
		{9A2FB24B-41DB-4015-9C3F-DB8C6BB087E9}.iOS Build|ARM.ActiveCfg = Release|Any CPU
		{9A2FB24B-41DB-4015-9C3F-DB8C6BB087E9}.iOS Build|ARM.Build.0 = Release|Any CPU
		{9A2FB24B-41DB-4015-9C3F-DB8C6BB087E9}.iOS Build|iPhone.ActiveCfg = Release|Any CPU
		{9A2FB24B-41DB-4015-9C3F-DB8C6BB087E9}.iOS Build|iPhone.Build.0 = Release|Any CPU
		{9A2FB24B-41DB-4015-9C3F-DB8C6BB087E9}.iOS Build|iPhoneSimulator.ActiveCfg = Release|Any CPU
		{9A2FB24B-41DB-4015-9C3F-DB8C6BB087E9}.iOS Build|iPhoneSimulator.Build.0 = Release|Any CPU
		{9A2FB24B-41DB-4015-9C3F-DB8C6BB087E9}.iOS Build|x64.ActiveCfg = Release|Any CPU
		{9A2FB24B-41DB-4015-9C3F-DB8C6BB087E9}.iOS Build|x64.Build.0 = Release|Any CPU
		{9A2FB24B-41DB-4015-9C3F-DB8C6BB087E9}.iOS Build|x86.ActiveCfg = Release|Any CPU
		{9A2FB24B-41DB-4015-9C3F-DB8C6BB087E9}.iOS Build|x86.Build.0 = Release|Any CPU
		{9A2FB24B-41DB-4015-9C3F-DB8C6BB087E9}.Release|Any CPU.ActiveCfg = Release|Any CPU
		{9A2FB24B-41DB-4015-9C3F-DB8C6BB087E9}.Release|Any CPU.Build.0 = Release|Any CPU
		{9A2FB24B-41DB-4015-9C3F-DB8C6BB087E9}.Release|ARM.ActiveCfg = Release|Any CPU
		{9A2FB24B-41DB-4015-9C3F-DB8C6BB087E9}.Release|ARM.Build.0 = Release|Any CPU
		{9A2FB24B-41DB-4015-9C3F-DB8C6BB087E9}.Release|iPhone.ActiveCfg = Release|Any CPU
		{9A2FB24B-41DB-4015-9C3F-DB8C6BB087E9}.Release|iPhone.Build.0 = Release|Any CPU
		{9A2FB24B-41DB-4015-9C3F-DB8C6BB087E9}.Release|iPhoneSimulator.ActiveCfg = Release|Any CPU
		{9A2FB24B-41DB-4015-9C3F-DB8C6BB087E9}.Release|iPhoneSimulator.Build.0 = Release|Any CPU
		{9A2FB24B-41DB-4015-9C3F-DB8C6BB087E9}.Release|x64.ActiveCfg = Release|Any CPU
		{9A2FB24B-41DB-4015-9C3F-DB8C6BB087E9}.Release|x64.Build.0 = Release|Any CPU
		{9A2FB24B-41DB-4015-9C3F-DB8C6BB087E9}.Release|x86.ActiveCfg = Release|Any CPU
		{9A2FB24B-41DB-4015-9C3F-DB8C6BB087E9}.Release|x86.Build.0 = Release|Any CPU
		{E5400B5B-9F73-4C70-B958-B44A37D8F6F6}.Ad-Hoc|Any CPU.ActiveCfg = Release|Any CPU
		{E5400B5B-9F73-4C70-B958-B44A37D8F6F6}.Ad-Hoc|Any CPU.Build.0 = Release|Any CPU
		{E5400B5B-9F73-4C70-B958-B44A37D8F6F6}.Ad-Hoc|ARM.ActiveCfg = Release|Any CPU
		{E5400B5B-9F73-4C70-B958-B44A37D8F6F6}.Ad-Hoc|ARM.Build.0 = Release|Any CPU
		{E5400B5B-9F73-4C70-B958-B44A37D8F6F6}.Ad-Hoc|iPhone.ActiveCfg = Release|Any CPU
		{E5400B5B-9F73-4C70-B958-B44A37D8F6F6}.Ad-Hoc|iPhone.Build.0 = Release|Any CPU
		{E5400B5B-9F73-4C70-B958-B44A37D8F6F6}.Ad-Hoc|iPhoneSimulator.ActiveCfg = Release|Any CPU
		{E5400B5B-9F73-4C70-B958-B44A37D8F6F6}.Ad-Hoc|iPhoneSimulator.Build.0 = Release|Any CPU
		{E5400B5B-9F73-4C70-B958-B44A37D8F6F6}.Ad-Hoc|x64.ActiveCfg = Release|Any CPU
		{E5400B5B-9F73-4C70-B958-B44A37D8F6F6}.Ad-Hoc|x64.Build.0 = Release|Any CPU
		{E5400B5B-9F73-4C70-B958-B44A37D8F6F6}.Ad-Hoc|x86.ActiveCfg = Release|Any CPU
		{E5400B5B-9F73-4C70-B958-B44A37D8F6F6}.Ad-Hoc|x86.Build.0 = Release|Any CPU
		{E5400B5B-9F73-4C70-B958-B44A37D8F6F6}.AppStore|Any CPU.ActiveCfg = Release|Any CPU
		{E5400B5B-9F73-4C70-B958-B44A37D8F6F6}.AppStore|Any CPU.Build.0 = Release|Any CPU
		{E5400B5B-9F73-4C70-B958-B44A37D8F6F6}.AppStore|ARM.ActiveCfg = Release|Any CPU
		{E5400B5B-9F73-4C70-B958-B44A37D8F6F6}.AppStore|ARM.Build.0 = Release|Any CPU
		{E5400B5B-9F73-4C70-B958-B44A37D8F6F6}.AppStore|iPhone.ActiveCfg = Release|Any CPU
		{E5400B5B-9F73-4C70-B958-B44A37D8F6F6}.AppStore|iPhone.Build.0 = Release|Any CPU
		{E5400B5B-9F73-4C70-B958-B44A37D8F6F6}.AppStore|iPhoneSimulator.ActiveCfg = Release|Any CPU
		{E5400B5B-9F73-4C70-B958-B44A37D8F6F6}.AppStore|iPhoneSimulator.Build.0 = Release|Any CPU
		{E5400B5B-9F73-4C70-B958-B44A37D8F6F6}.AppStore|x64.ActiveCfg = Release|Any CPU
		{E5400B5B-9F73-4C70-B958-B44A37D8F6F6}.AppStore|x64.Build.0 = Release|Any CPU
		{E5400B5B-9F73-4C70-B958-B44A37D8F6F6}.AppStore|x86.ActiveCfg = Release|Any CPU
		{E5400B5B-9F73-4C70-B958-B44A37D8F6F6}.AppStore|x86.Build.0 = Release|Any CPU
		{E5400B5B-9F73-4C70-B958-B44A37D8F6F6}.Debug|Any CPU.ActiveCfg = Debug|Any CPU
		{E5400B5B-9F73-4C70-B958-B44A37D8F6F6}.Debug|Any CPU.Build.0 = Debug|Any CPU
		{E5400B5B-9F73-4C70-B958-B44A37D8F6F6}.Debug|ARM.ActiveCfg = Debug|Any CPU
		{E5400B5B-9F73-4C70-B958-B44A37D8F6F6}.Debug|ARM.Build.0 = Debug|Any CPU
		{E5400B5B-9F73-4C70-B958-B44A37D8F6F6}.Debug|iPhone.ActiveCfg = Debug|Any CPU
		{E5400B5B-9F73-4C70-B958-B44A37D8F6F6}.Debug|iPhone.Build.0 = Debug|Any CPU
		{E5400B5B-9F73-4C70-B958-B44A37D8F6F6}.Debug|iPhoneSimulator.ActiveCfg = Debug|Any CPU
		{E5400B5B-9F73-4C70-B958-B44A37D8F6F6}.Debug|iPhoneSimulator.Build.0 = Debug|Any CPU
		{E5400B5B-9F73-4C70-B958-B44A37D8F6F6}.Debug|x64.ActiveCfg = Debug|Any CPU
		{E5400B5B-9F73-4C70-B958-B44A37D8F6F6}.Debug|x86.ActiveCfg = Debug|Any CPU
		{E5400B5B-9F73-4C70-B958-B44A37D8F6F6}.Debug|x86.Build.0 = Debug|Any CPU
		{E5400B5B-9F73-4C70-B958-B44A37D8F6F6}.iOS Build|Any CPU.ActiveCfg = iOS Build|Any CPU
		{E5400B5B-9F73-4C70-B958-B44A37D8F6F6}.iOS Build|ARM.ActiveCfg = iOS Build|Any CPU
		{E5400B5B-9F73-4C70-B958-B44A37D8F6F6}.iOS Build|ARM.Build.0 = iOS Build|Any CPU
		{E5400B5B-9F73-4C70-B958-B44A37D8F6F6}.iOS Build|iPhone.ActiveCfg = iOS Build|Any CPU
		{E5400B5B-9F73-4C70-B958-B44A37D8F6F6}.iOS Build|iPhone.Build.0 = iOS Build|Any CPU
		{E5400B5B-9F73-4C70-B958-B44A37D8F6F6}.iOS Build|iPhoneSimulator.ActiveCfg = iOS Build|Any CPU
		{E5400B5B-9F73-4C70-B958-B44A37D8F6F6}.iOS Build|iPhoneSimulator.Build.0 = iOS Build|Any CPU
		{E5400B5B-9F73-4C70-B958-B44A37D8F6F6}.iOS Build|x64.ActiveCfg = iOS Build|Any CPU
		{E5400B5B-9F73-4C70-B958-B44A37D8F6F6}.iOS Build|x64.Build.0 = iOS Build|Any CPU
		{E5400B5B-9F73-4C70-B958-B44A37D8F6F6}.iOS Build|x86.ActiveCfg = iOS Build|Any CPU
		{E5400B5B-9F73-4C70-B958-B44A37D8F6F6}.iOS Build|x86.Build.0 = iOS Build|Any CPU
		{E5400B5B-9F73-4C70-B958-B44A37D8F6F6}.Release|Any CPU.ActiveCfg = Release|Any CPU
		{E5400B5B-9F73-4C70-B958-B44A37D8F6F6}.Release|Any CPU.Build.0 = Release|Any CPU
		{E5400B5B-9F73-4C70-B958-B44A37D8F6F6}.Release|ARM.ActiveCfg = Release|Any CPU
		{E5400B5B-9F73-4C70-B958-B44A37D8F6F6}.Release|ARM.Build.0 = Release|Any CPU
		{E5400B5B-9F73-4C70-B958-B44A37D8F6F6}.Release|iPhone.ActiveCfg = Release|Any CPU
		{E5400B5B-9F73-4C70-B958-B44A37D8F6F6}.Release|iPhone.Build.0 = Release|Any CPU
		{E5400B5B-9F73-4C70-B958-B44A37D8F6F6}.Release|iPhoneSimulator.ActiveCfg = Release|Any CPU
		{E5400B5B-9F73-4C70-B958-B44A37D8F6F6}.Release|iPhoneSimulator.Build.0 = Release|Any CPU
		{E5400B5B-9F73-4C70-B958-B44A37D8F6F6}.Release|x64.ActiveCfg = Release|Any CPU
		{E5400B5B-9F73-4C70-B958-B44A37D8F6F6}.Release|x64.Build.0 = Release|Any CPU
		{E5400B5B-9F73-4C70-B958-B44A37D8F6F6}.Release|x86.ActiveCfg = Release|Any CPU
		{E5400B5B-9F73-4C70-B958-B44A37D8F6F6}.Release|x86.Build.0 = Release|Any CPU
		{076B08B6-234F-4AE3-8815-7E36A47F9475}.Ad-Hoc|Any CPU.ActiveCfg = Debug|Any CPU
		{076B08B6-234F-4AE3-8815-7E36A47F9475}.Ad-Hoc|Any CPU.Build.0 = Debug|Any CPU
		{076B08B6-234F-4AE3-8815-7E36A47F9475}.Ad-Hoc|ARM.ActiveCfg = Debug|Any CPU
		{076B08B6-234F-4AE3-8815-7E36A47F9475}.Ad-Hoc|ARM.Build.0 = Debug|Any CPU
		{076B08B6-234F-4AE3-8815-7E36A47F9475}.Ad-Hoc|iPhone.ActiveCfg = Debug|Any CPU
		{076B08B6-234F-4AE3-8815-7E36A47F9475}.Ad-Hoc|iPhone.Build.0 = Debug|Any CPU
		{076B08B6-234F-4AE3-8815-7E36A47F9475}.Ad-Hoc|iPhoneSimulator.ActiveCfg = Debug|Any CPU
		{076B08B6-234F-4AE3-8815-7E36A47F9475}.Ad-Hoc|iPhoneSimulator.Build.0 = Debug|Any CPU
		{076B08B6-234F-4AE3-8815-7E36A47F9475}.Ad-Hoc|x64.ActiveCfg = Debug|Any CPU
		{076B08B6-234F-4AE3-8815-7E36A47F9475}.Ad-Hoc|x64.Build.0 = Debug|Any CPU
		{076B08B6-234F-4AE3-8815-7E36A47F9475}.Ad-Hoc|x86.ActiveCfg = Debug|Any CPU
		{076B08B6-234F-4AE3-8815-7E36A47F9475}.Ad-Hoc|x86.Build.0 = Debug|Any CPU
		{076B08B6-234F-4AE3-8815-7E36A47F9475}.AppStore|Any CPU.ActiveCfg = Debug|Any CPU
		{076B08B6-234F-4AE3-8815-7E36A47F9475}.AppStore|Any CPU.Build.0 = Debug|Any CPU
		{076B08B6-234F-4AE3-8815-7E36A47F9475}.AppStore|ARM.ActiveCfg = Debug|Any CPU
		{076B08B6-234F-4AE3-8815-7E36A47F9475}.AppStore|ARM.Build.0 = Debug|Any CPU
		{076B08B6-234F-4AE3-8815-7E36A47F9475}.AppStore|iPhone.ActiveCfg = Debug|Any CPU
		{076B08B6-234F-4AE3-8815-7E36A47F9475}.AppStore|iPhone.Build.0 = Debug|Any CPU
		{076B08B6-234F-4AE3-8815-7E36A47F9475}.AppStore|iPhoneSimulator.ActiveCfg = Debug|Any CPU
		{076B08B6-234F-4AE3-8815-7E36A47F9475}.AppStore|iPhoneSimulator.Build.0 = Debug|Any CPU
		{076B08B6-234F-4AE3-8815-7E36A47F9475}.AppStore|x64.ActiveCfg = Debug|Any CPU
		{076B08B6-234F-4AE3-8815-7E36A47F9475}.AppStore|x64.Build.0 = Debug|Any CPU
		{076B08B6-234F-4AE3-8815-7E36A47F9475}.AppStore|x86.ActiveCfg = Debug|Any CPU
		{076B08B6-234F-4AE3-8815-7E36A47F9475}.AppStore|x86.Build.0 = Debug|Any CPU
		{076B08B6-234F-4AE3-8815-7E36A47F9475}.Debug|Any CPU.ActiveCfg = Debug|Any CPU
		{076B08B6-234F-4AE3-8815-7E36A47F9475}.Debug|Any CPU.Build.0 = Debug|Any CPU
		{076B08B6-234F-4AE3-8815-7E36A47F9475}.Debug|ARM.ActiveCfg = Debug|Any CPU
		{076B08B6-234F-4AE3-8815-7E36A47F9475}.Debug|ARM.Build.0 = Debug|Any CPU
		{076B08B6-234F-4AE3-8815-7E36A47F9475}.Debug|iPhone.ActiveCfg = Debug|Any CPU
		{076B08B6-234F-4AE3-8815-7E36A47F9475}.Debug|iPhone.Build.0 = Debug|Any CPU
		{076B08B6-234F-4AE3-8815-7E36A47F9475}.Debug|iPhoneSimulator.ActiveCfg = Debug|Any CPU
		{076B08B6-234F-4AE3-8815-7E36A47F9475}.Debug|iPhoneSimulator.Build.0 = Debug|Any CPU
		{076B08B6-234F-4AE3-8815-7E36A47F9475}.Debug|x64.ActiveCfg = Debug|Any CPU
		{076B08B6-234F-4AE3-8815-7E36A47F9475}.Debug|x64.Build.0 = Debug|Any CPU
		{076B08B6-234F-4AE3-8815-7E36A47F9475}.Debug|x86.ActiveCfg = Debug|Any CPU
		{076B08B6-234F-4AE3-8815-7E36A47F9475}.Debug|x86.Build.0 = Debug|Any CPU
		{076B08B6-234F-4AE3-8815-7E36A47F9475}.iOS Build|Any CPU.ActiveCfg = Release|Any CPU
		{076B08B6-234F-4AE3-8815-7E36A47F9475}.iOS Build|Any CPU.Build.0 = Release|Any CPU
		{076B08B6-234F-4AE3-8815-7E36A47F9475}.iOS Build|ARM.ActiveCfg = Release|Any CPU
		{076B08B6-234F-4AE3-8815-7E36A47F9475}.iOS Build|ARM.Build.0 = Release|Any CPU
		{076B08B6-234F-4AE3-8815-7E36A47F9475}.iOS Build|iPhone.ActiveCfg = Release|Any CPU
		{076B08B6-234F-4AE3-8815-7E36A47F9475}.iOS Build|iPhone.Build.0 = Release|Any CPU
		{076B08B6-234F-4AE3-8815-7E36A47F9475}.iOS Build|iPhoneSimulator.ActiveCfg = Release|Any CPU
		{076B08B6-234F-4AE3-8815-7E36A47F9475}.iOS Build|iPhoneSimulator.Build.0 = Release|Any CPU
		{076B08B6-234F-4AE3-8815-7E36A47F9475}.iOS Build|x64.ActiveCfg = Release|Any CPU
		{076B08B6-234F-4AE3-8815-7E36A47F9475}.iOS Build|x64.Build.0 = Release|Any CPU
		{076B08B6-234F-4AE3-8815-7E36A47F9475}.iOS Build|x86.ActiveCfg = Release|Any CPU
		{076B08B6-234F-4AE3-8815-7E36A47F9475}.iOS Build|x86.Build.0 = Release|Any CPU
		{076B08B6-234F-4AE3-8815-7E36A47F9475}.Release|Any CPU.ActiveCfg = Release|Any CPU
		{076B08B6-234F-4AE3-8815-7E36A47F9475}.Release|Any CPU.Build.0 = Release|Any CPU
		{076B08B6-234F-4AE3-8815-7E36A47F9475}.Release|ARM.ActiveCfg = Release|Any CPU
		{076B08B6-234F-4AE3-8815-7E36A47F9475}.Release|ARM.Build.0 = Release|Any CPU
		{076B08B6-234F-4AE3-8815-7E36A47F9475}.Release|iPhone.ActiveCfg = Release|Any CPU
		{076B08B6-234F-4AE3-8815-7E36A47F9475}.Release|iPhone.Build.0 = Release|Any CPU
		{076B08B6-234F-4AE3-8815-7E36A47F9475}.Release|iPhoneSimulator.ActiveCfg = Release|Any CPU
		{076B08B6-234F-4AE3-8815-7E36A47F9475}.Release|iPhoneSimulator.Build.0 = Release|Any CPU
		{076B08B6-234F-4AE3-8815-7E36A47F9475}.Release|x64.ActiveCfg = Release|Any CPU
		{076B08B6-234F-4AE3-8815-7E36A47F9475}.Release|x64.Build.0 = Release|Any CPU
		{076B08B6-234F-4AE3-8815-7E36A47F9475}.Release|x86.ActiveCfg = Release|Any CPU
		{076B08B6-234F-4AE3-8815-7E36A47F9475}.Release|x86.Build.0 = Release|Any CPU
		{A2F0C263-A70E-4773-BCA6-2FF179B0D04C}.Ad-Hoc|Any CPU.ActiveCfg = Debug|Any CPU
		{A2F0C263-A70E-4773-BCA6-2FF179B0D04C}.Ad-Hoc|Any CPU.Build.0 = Debug|Any CPU
		{A2F0C263-A70E-4773-BCA6-2FF179B0D04C}.Ad-Hoc|ARM.ActiveCfg = Debug|Any CPU
		{A2F0C263-A70E-4773-BCA6-2FF179B0D04C}.Ad-Hoc|ARM.Build.0 = Debug|Any CPU
		{A2F0C263-A70E-4773-BCA6-2FF179B0D04C}.Ad-Hoc|iPhone.ActiveCfg = Debug|Any CPU
		{A2F0C263-A70E-4773-BCA6-2FF179B0D04C}.Ad-Hoc|iPhone.Build.0 = Debug|Any CPU
		{A2F0C263-A70E-4773-BCA6-2FF179B0D04C}.Ad-Hoc|iPhoneSimulator.ActiveCfg = Debug|Any CPU
		{A2F0C263-A70E-4773-BCA6-2FF179B0D04C}.Ad-Hoc|iPhoneSimulator.Build.0 = Debug|Any CPU
		{A2F0C263-A70E-4773-BCA6-2FF179B0D04C}.Ad-Hoc|x64.ActiveCfg = Debug|Any CPU
		{A2F0C263-A70E-4773-BCA6-2FF179B0D04C}.Ad-Hoc|x64.Build.0 = Debug|Any CPU
		{A2F0C263-A70E-4773-BCA6-2FF179B0D04C}.Ad-Hoc|x86.ActiveCfg = Debug|Any CPU
		{A2F0C263-A70E-4773-BCA6-2FF179B0D04C}.Ad-Hoc|x86.Build.0 = Debug|Any CPU
		{A2F0C263-A70E-4773-BCA6-2FF179B0D04C}.AppStore|Any CPU.ActiveCfg = Debug|Any CPU
		{A2F0C263-A70E-4773-BCA6-2FF179B0D04C}.AppStore|Any CPU.Build.0 = Debug|Any CPU
		{A2F0C263-A70E-4773-BCA6-2FF179B0D04C}.AppStore|ARM.ActiveCfg = Debug|Any CPU
		{A2F0C263-A70E-4773-BCA6-2FF179B0D04C}.AppStore|ARM.Build.0 = Debug|Any CPU
		{A2F0C263-A70E-4773-BCA6-2FF179B0D04C}.AppStore|iPhone.ActiveCfg = Debug|Any CPU
		{A2F0C263-A70E-4773-BCA6-2FF179B0D04C}.AppStore|iPhone.Build.0 = Debug|Any CPU
		{A2F0C263-A70E-4773-BCA6-2FF179B0D04C}.AppStore|iPhoneSimulator.ActiveCfg = Debug|Any CPU
		{A2F0C263-A70E-4773-BCA6-2FF179B0D04C}.AppStore|iPhoneSimulator.Build.0 = Debug|Any CPU
		{A2F0C263-A70E-4773-BCA6-2FF179B0D04C}.AppStore|x64.ActiveCfg = Debug|Any CPU
		{A2F0C263-A70E-4773-BCA6-2FF179B0D04C}.AppStore|x64.Build.0 = Debug|Any CPU
		{A2F0C263-A70E-4773-BCA6-2FF179B0D04C}.AppStore|x86.ActiveCfg = Debug|Any CPU
		{A2F0C263-A70E-4773-BCA6-2FF179B0D04C}.AppStore|x86.Build.0 = Debug|Any CPU
		{A2F0C263-A70E-4773-BCA6-2FF179B0D04C}.Debug|Any CPU.ActiveCfg = Debug|Any CPU
		{A2F0C263-A70E-4773-BCA6-2FF179B0D04C}.Debug|Any CPU.Build.0 = Debug|Any CPU
		{A2F0C263-A70E-4773-BCA6-2FF179B0D04C}.Debug|ARM.ActiveCfg = Debug|Any CPU
		{A2F0C263-A70E-4773-BCA6-2FF179B0D04C}.Debug|ARM.Build.0 = Debug|Any CPU
		{A2F0C263-A70E-4773-BCA6-2FF179B0D04C}.Debug|iPhone.ActiveCfg = Debug|Any CPU
		{A2F0C263-A70E-4773-BCA6-2FF179B0D04C}.Debug|iPhone.Build.0 = Debug|Any CPU
		{A2F0C263-A70E-4773-BCA6-2FF179B0D04C}.Debug|iPhoneSimulator.ActiveCfg = Debug|Any CPU
		{A2F0C263-A70E-4773-BCA6-2FF179B0D04C}.Debug|iPhoneSimulator.Build.0 = Debug|Any CPU
		{A2F0C263-A70E-4773-BCA6-2FF179B0D04C}.Debug|x64.ActiveCfg = Debug|Any CPU
		{A2F0C263-A70E-4773-BCA6-2FF179B0D04C}.Debug|x64.Build.0 = Debug|Any CPU
		{A2F0C263-A70E-4773-BCA6-2FF179B0D04C}.Debug|x86.ActiveCfg = Debug|Any CPU
		{A2F0C263-A70E-4773-BCA6-2FF179B0D04C}.Debug|x86.Build.0 = Debug|Any CPU
		{A2F0C263-A70E-4773-BCA6-2FF179B0D04C}.iOS Build|Any CPU.ActiveCfg = Debug|Any CPU
		{A2F0C263-A70E-4773-BCA6-2FF179B0D04C}.iOS Build|Any CPU.Build.0 = Debug|Any CPU
		{A2F0C263-A70E-4773-BCA6-2FF179B0D04C}.iOS Build|ARM.ActiveCfg = Debug|Any CPU
		{A2F0C263-A70E-4773-BCA6-2FF179B0D04C}.iOS Build|ARM.Build.0 = Debug|Any CPU
		{A2F0C263-A70E-4773-BCA6-2FF179B0D04C}.iOS Build|iPhone.ActiveCfg = Debug|Any CPU
		{A2F0C263-A70E-4773-BCA6-2FF179B0D04C}.iOS Build|iPhone.Build.0 = Debug|Any CPU
		{A2F0C263-A70E-4773-BCA6-2FF179B0D04C}.iOS Build|iPhoneSimulator.ActiveCfg = Debug|Any CPU
		{A2F0C263-A70E-4773-BCA6-2FF179B0D04C}.iOS Build|iPhoneSimulator.Build.0 = Debug|Any CPU
		{A2F0C263-A70E-4773-BCA6-2FF179B0D04C}.iOS Build|x64.ActiveCfg = Debug|Any CPU
		{A2F0C263-A70E-4773-BCA6-2FF179B0D04C}.iOS Build|x64.Build.0 = Debug|Any CPU
		{A2F0C263-A70E-4773-BCA6-2FF179B0D04C}.iOS Build|x86.ActiveCfg = Debug|Any CPU
		{A2F0C263-A70E-4773-BCA6-2FF179B0D04C}.iOS Build|x86.Build.0 = Debug|Any CPU
		{A2F0C263-A70E-4773-BCA6-2FF179B0D04C}.Release|Any CPU.ActiveCfg = Release|Any CPU
		{A2F0C263-A70E-4773-BCA6-2FF179B0D04C}.Release|Any CPU.Build.0 = Release|Any CPU
		{A2F0C263-A70E-4773-BCA6-2FF179B0D04C}.Release|ARM.ActiveCfg = Release|Any CPU
		{A2F0C263-A70E-4773-BCA6-2FF179B0D04C}.Release|ARM.Build.0 = Release|Any CPU
		{A2F0C263-A70E-4773-BCA6-2FF179B0D04C}.Release|iPhone.ActiveCfg = Release|Any CPU
		{A2F0C263-A70E-4773-BCA6-2FF179B0D04C}.Release|iPhone.Build.0 = Release|Any CPU
		{A2F0C263-A70E-4773-BCA6-2FF179B0D04C}.Release|iPhoneSimulator.ActiveCfg = Release|Any CPU
		{A2F0C263-A70E-4773-BCA6-2FF179B0D04C}.Release|iPhoneSimulator.Build.0 = Release|Any CPU
		{A2F0C263-A70E-4773-BCA6-2FF179B0D04C}.Release|x64.ActiveCfg = Release|Any CPU
		{A2F0C263-A70E-4773-BCA6-2FF179B0D04C}.Release|x64.Build.0 = Release|Any CPU
		{A2F0C263-A70E-4773-BCA6-2FF179B0D04C}.Release|x86.ActiveCfg = Release|Any CPU
		{A2F0C263-A70E-4773-BCA6-2FF179B0D04C}.Release|x86.Build.0 = Release|Any CPU
		{780C954A-BEA8-4BBA-8343-48E5B8251812}.Ad-Hoc|Any CPU.ActiveCfg = Debug|Any CPU
		{780C954A-BEA8-4BBA-8343-48E5B8251812}.Ad-Hoc|Any CPU.Build.0 = Debug|Any CPU
		{780C954A-BEA8-4BBA-8343-48E5B8251812}.Ad-Hoc|ARM.ActiveCfg = Debug|Any CPU
		{780C954A-BEA8-4BBA-8343-48E5B8251812}.Ad-Hoc|ARM.Build.0 = Debug|Any CPU
		{780C954A-BEA8-4BBA-8343-48E5B8251812}.Ad-Hoc|iPhone.ActiveCfg = Debug|Any CPU
		{780C954A-BEA8-4BBA-8343-48E5B8251812}.Ad-Hoc|iPhone.Build.0 = Debug|Any CPU
		{780C954A-BEA8-4BBA-8343-48E5B8251812}.Ad-Hoc|iPhoneSimulator.ActiveCfg = Debug|Any CPU
		{780C954A-BEA8-4BBA-8343-48E5B8251812}.Ad-Hoc|iPhoneSimulator.Build.0 = Debug|Any CPU
		{780C954A-BEA8-4BBA-8343-48E5B8251812}.Ad-Hoc|x64.ActiveCfg = Debug|Any CPU
		{780C954A-BEA8-4BBA-8343-48E5B8251812}.Ad-Hoc|x64.Build.0 = Debug|Any CPU
		{780C954A-BEA8-4BBA-8343-48E5B8251812}.Ad-Hoc|x86.ActiveCfg = Debug|Any CPU
		{780C954A-BEA8-4BBA-8343-48E5B8251812}.Ad-Hoc|x86.Build.0 = Debug|Any CPU
		{780C954A-BEA8-4BBA-8343-48E5B8251812}.AppStore|Any CPU.ActiveCfg = Debug|Any CPU
		{780C954A-BEA8-4BBA-8343-48E5B8251812}.AppStore|Any CPU.Build.0 = Debug|Any CPU
		{780C954A-BEA8-4BBA-8343-48E5B8251812}.AppStore|ARM.ActiveCfg = Debug|Any CPU
		{780C954A-BEA8-4BBA-8343-48E5B8251812}.AppStore|ARM.Build.0 = Debug|Any CPU
		{780C954A-BEA8-4BBA-8343-48E5B8251812}.AppStore|iPhone.ActiveCfg = Debug|Any CPU
		{780C954A-BEA8-4BBA-8343-48E5B8251812}.AppStore|iPhone.Build.0 = Debug|Any CPU
		{780C954A-BEA8-4BBA-8343-48E5B8251812}.AppStore|iPhoneSimulator.ActiveCfg = Debug|Any CPU
		{780C954A-BEA8-4BBA-8343-48E5B8251812}.AppStore|iPhoneSimulator.Build.0 = Debug|Any CPU
		{780C954A-BEA8-4BBA-8343-48E5B8251812}.AppStore|x64.ActiveCfg = Debug|Any CPU
		{780C954A-BEA8-4BBA-8343-48E5B8251812}.AppStore|x64.Build.0 = Debug|Any CPU
		{780C954A-BEA8-4BBA-8343-48E5B8251812}.AppStore|x86.ActiveCfg = Debug|Any CPU
		{780C954A-BEA8-4BBA-8343-48E5B8251812}.AppStore|x86.Build.0 = Debug|Any CPU
		{780C954A-BEA8-4BBA-8343-48E5B8251812}.Debug|Any CPU.ActiveCfg = Debug|Any CPU
		{780C954A-BEA8-4BBA-8343-48E5B8251812}.Debug|Any CPU.Build.0 = Debug|Any CPU
		{780C954A-BEA8-4BBA-8343-48E5B8251812}.Debug|ARM.ActiveCfg = Debug|Any CPU
		{780C954A-BEA8-4BBA-8343-48E5B8251812}.Debug|ARM.Build.0 = Debug|Any CPU
		{780C954A-BEA8-4BBA-8343-48E5B8251812}.Debug|iPhone.ActiveCfg = Debug|Any CPU
		{780C954A-BEA8-4BBA-8343-48E5B8251812}.Debug|iPhone.Build.0 = Debug|Any CPU
		{780C954A-BEA8-4BBA-8343-48E5B8251812}.Debug|iPhoneSimulator.ActiveCfg = Debug|Any CPU
		{780C954A-BEA8-4BBA-8343-48E5B8251812}.Debug|iPhoneSimulator.Build.0 = Debug|Any CPU
		{780C954A-BEA8-4BBA-8343-48E5B8251812}.Debug|x64.ActiveCfg = Debug|Any CPU
		{780C954A-BEA8-4BBA-8343-48E5B8251812}.Debug|x64.Build.0 = Debug|Any CPU
		{780C954A-BEA8-4BBA-8343-48E5B8251812}.Debug|x86.ActiveCfg = Debug|Any CPU
		{780C954A-BEA8-4BBA-8343-48E5B8251812}.Debug|x86.Build.0 = Debug|Any CPU
		{780C954A-BEA8-4BBA-8343-48E5B8251812}.iOS Build|Any CPU.ActiveCfg = Debug|Any CPU
		{780C954A-BEA8-4BBA-8343-48E5B8251812}.iOS Build|Any CPU.Build.0 = Debug|Any CPU
		{780C954A-BEA8-4BBA-8343-48E5B8251812}.iOS Build|ARM.ActiveCfg = Debug|Any CPU
		{780C954A-BEA8-4BBA-8343-48E5B8251812}.iOS Build|ARM.Build.0 = Debug|Any CPU
		{780C954A-BEA8-4BBA-8343-48E5B8251812}.iOS Build|iPhone.ActiveCfg = Debug|Any CPU
		{780C954A-BEA8-4BBA-8343-48E5B8251812}.iOS Build|iPhone.Build.0 = Debug|Any CPU
		{780C954A-BEA8-4BBA-8343-48E5B8251812}.iOS Build|iPhoneSimulator.ActiveCfg = Debug|Any CPU
		{780C954A-BEA8-4BBA-8343-48E5B8251812}.iOS Build|iPhoneSimulator.Build.0 = Debug|Any CPU
		{780C954A-BEA8-4BBA-8343-48E5B8251812}.iOS Build|x64.ActiveCfg = Debug|Any CPU
		{780C954A-BEA8-4BBA-8343-48E5B8251812}.iOS Build|x64.Build.0 = Debug|Any CPU
		{780C954A-BEA8-4BBA-8343-48E5B8251812}.iOS Build|x86.ActiveCfg = Debug|Any CPU
		{780C954A-BEA8-4BBA-8343-48E5B8251812}.iOS Build|x86.Build.0 = Debug|Any CPU
		{780C954A-BEA8-4BBA-8343-48E5B8251812}.Release|Any CPU.ActiveCfg = Release|Any CPU
		{780C954A-BEA8-4BBA-8343-48E5B8251812}.Release|Any CPU.Build.0 = Release|Any CPU
		{780C954A-BEA8-4BBA-8343-48E5B8251812}.Release|ARM.ActiveCfg = Release|Any CPU
		{780C954A-BEA8-4BBA-8343-48E5B8251812}.Release|ARM.Build.0 = Release|Any CPU
		{780C954A-BEA8-4BBA-8343-48E5B8251812}.Release|iPhone.ActiveCfg = Release|Any CPU
		{780C954A-BEA8-4BBA-8343-48E5B8251812}.Release|iPhone.Build.0 = Release|Any CPU
		{780C954A-BEA8-4BBA-8343-48E5B8251812}.Release|iPhoneSimulator.ActiveCfg = Release|Any CPU
		{780C954A-BEA8-4BBA-8343-48E5B8251812}.Release|iPhoneSimulator.Build.0 = Release|Any CPU
		{780C954A-BEA8-4BBA-8343-48E5B8251812}.Release|x64.ActiveCfg = Release|Any CPU
		{780C954A-BEA8-4BBA-8343-48E5B8251812}.Release|x64.Build.0 = Release|Any CPU
		{780C954A-BEA8-4BBA-8343-48E5B8251812}.Release|x86.ActiveCfg = Release|Any CPU
		{780C954A-BEA8-4BBA-8343-48E5B8251812}.Release|x86.Build.0 = Release|Any CPU
	EndGlobalSection
	GlobalSection(SolutionProperties) = preSolution
		HideSolutionNode = FALSE
	EndGlobalSection
	GlobalSection(NestedProjects) = preSolution
		{786A2D0B-C3E4-4D7A-89C5-86EBC94E1B45} = {28B2F139-DEC4-4A0D-91D0-09BE58A02F90}
		{EC06F587-499C-4247-BA95-0D9703A8D772} = {0D4FEFF5-13CC-47C9-8AF0-576648BEBEC6}
		{9A2FB24B-41DB-4015-9C3F-DB8C6BB087E9} = {7015A37C-EEEC-4160-B67D-93B6B2FEFF5E}
		{E5400B5B-9F73-4C70-B958-B44A37D8F6F6} = {DE9500B4-4EE9-4E14-9EC8-FF7AF17B0776}
		{076B08B6-234F-4AE3-8815-7E36A47F9475} = {28B2F139-DEC4-4A0D-91D0-09BE58A02F90}
		{7015A37C-EEEC-4160-B67D-93B6B2FEFF5E} = {799D8AF4-1B39-4A0A-8E8D-0C13F1422EC8}
		{0D4FEFF5-13CC-47C9-8AF0-576648BEBEC6} = {799D8AF4-1B39-4A0A-8E8D-0C13F1422EC8}
		{A2F0C263-A70E-4773-BCA6-2FF179B0D04C} = {DE9500B4-4EE9-4E14-9EC8-FF7AF17B0776}
		{780C954A-BEA8-4BBA-8343-48E5B8251812} = {7015A37C-EEEC-4160-B67D-93B6B2FEFF5E}
	EndGlobalSection
	GlobalSection(ExtensibilityGlobals) = postSolution
		SolutionGuid = {5FA5D59F-A12E-4C45-9D89-C3AE659A1F4A}
	EndGlobalSection
EndGlobal
